// !$*UTF8*$!
{
	archiveVersion = 1;
	classes = {
	};
	objectVersion = 46;
	objects = {

/* Begin PBXBuildFile section */
		00CA5C501BA147FCB7563892 /* CoreLocation.framework in Frameworks */ = {isa = PBXBuildFile; fileRef = 9D2C6D48ACFD433C9501947D /* CoreLocation.framework */; };
		01352B161F9744BA8B49CF0D /* CDVStatusBar.m in Sources */ = {isa = PBXBuildFile; fileRef = 556FEC53BA6145D5811AB1B0 /* CDVStatusBar.m */; };
		01F8A1A90E8043FAB544A33B /* UNNotificationRequest+APPLocalNotification.m in Sources */ = {isa = PBXBuildFile; fileRef = B317713B8CD848F6B3F5106F /* UNNotificationRequest+APPLocalNotification.m */; };
		0207DA581B56EA530066E2B4 /* Images.xcassets in Resources */ = {isa = PBXBuildFile; fileRef = 0207DA571B56EA530066E2B4 /* Images.xcassets */; };
		07E99364178740A2A217E95D /* CDVSplashScreen.m in Sources */ = {isa = PBXBuildFile; fileRef = 0145A3A0CA2E41AA8527F428 /* CDVSplashScreen.m */; };
		0913277EB5DE4F13B53AF147 /* AFURLRequestSerialization.m in Sources */ = {isa = PBXBuildFile; fileRef = 75A275A20C9C41DFA1ADE0EC /* AFURLRequestSerialization.m */; };
		0BFA52060B1B4D88A7D289D2 /* Diagnostic_Calendar.m in Sources */ = {isa = PBXBuildFile; fileRef = 36A765732F354D3DA22C4D4A /* Diagnostic_Calendar.m */; };
		0C8CDE859BFF4C73AB9153A8 /* CDVAssetLibraryFilesystem.m in Sources */ = {isa = PBXBuildFile; fileRef = EAAB5E6B69334F35A96E86E3 /* CDVAssetLibraryFilesystem.m */; };
		0D27B741313A44B3A856CE9D /* AFURLSessionManager.m in Sources */ = {isa = PBXBuildFile; fileRef = 2B26B2352600462DB502AA8C /* AFURLSessionManager.m */; };
		10BA3310F9B448B895869BE4 /* CDVFileTransfer.m in Sources */ = {isa = PBXBuildFile; fileRef = 16481D10D3524847B8D8716C /* CDVFileTransfer.m */; };
		14A0EBABBA0F48E6904FE006 /* Diagnostic_Location.m in Sources */ = {isa = PBXBuildFile; fileRef = 797BC2E6573E4FA6AECDB5E9 /* Diagnostic_Location.m */; };
		153C754B31864EABA3024BB5 /* CDVWKProcessPoolFactory.m in Sources */ = {isa = PBXBuildFile; fileRef = F49C55F6A47F4D14BC941B2F /* CDVWKProcessPoolFactory.m */; };
		1D3623260D0F684500981E51 /* AppDelegate.m in Sources */ = {isa = PBXBuildFile; fileRef = 1D3623250D0F684500981E51 /* AppDelegate.m */; };
		1D60589B0D05DD56006BFB54 /* main.m in Sources */ = {isa = PBXBuildFile; fileRef = 29B97316FDCFA39411CA2CEA /* main.m */; };
		1FEE41E924934A88B69F01F5 /* CDVWKWebViewUIDelegate.m in Sources */ = {isa = PBXBuildFile; fileRef = 5F2A81431CE345439FFEC6AE /* CDVWKWebViewUIDelegate.m */; };
		20F5B2DA3C17F325FE342FAD /* libPods-MathCityMap.a in Frameworks */ = {isa = PBXBuildFile; fileRef = 533FD236728DC77210CBB33B /* libPods-MathCityMap.a */; };
		213E1DAA333E45A2AAFE4AD6 /* CDVGlobalization.m in Sources */ = {isa = PBXBuildFile; fileRef = 0A631ADFDE8D4875BF3526D8 /* CDVGlobalization.m */; };
		301BF552109A68D80062928A /* libCordova.a in Frameworks */ = {isa = PBXBuildFile; fileRef = 301BF535109A57CC0062928A /* libCordova.a */; settings = {ATTRIBUTES = (Required, ); }; };
		302D95F114D2391D003F00A1 /* MainViewController.m in Sources */ = {isa = PBXBuildFile; fileRef = 302D95EF14D2391D003F00A1 /* MainViewController.m */; };
		302D95F214D2391D003F00A1 /* MainViewController.xib in Resources */ = {isa = PBXBuildFile; fileRef = 302D95F014D2391D003F00A1 /* MainViewController.xib */; };
		30B1DFD68A4A4ABEB20CBD1E /* JJzip.h in Sources */ = {isa = PBXBuildFile; fileRef = 9EFC57B39F504D05AFE4B204 /* JJzip.h */; };
		31F236EC5C374FF58E779E32 /* CoreMotion.framework in Frameworks */ = {isa = PBXBuildFile; fileRef = 72B7E0C5F4444B8199500353 /* CoreMotion.framework */; };
		34D5412D52764927AE9ADB9A /* CDVSpinnerDialog.m in Sources */ = {isa = PBXBuildFile; fileRef = A35392ED61E147D9A628728B /* CDVSpinnerDialog.m */; };
		3829B74B44314F62ACA7EA30 /* APPNotificationOptions.m in Sources */ = {isa = PBXBuildFile; fileRef = BC7EA3CD51CC4EBC947C4E5D /* APPNotificationOptions.m */; };
		3EB3EA9864884253BF46A296 /* AFSecurityPolicy.m in Sources */ = {isa = PBXBuildFile; fileRef = 08C872C4FBFC4FDBB9669A6E /* AFSecurityPolicy.m */; };
		41E9C31127FF49BDABAC645F /* CoreBluetooth.framework in Frameworks */ = {isa = PBXBuildFile; fileRef = 99C0A2FC22054BA4B0970BC1 /* CoreBluetooth.framework */; };
		46313810ED424F3DB4D31E1B /* libz.tbd in Frameworks */ = {isa = PBXBuildFile; fileRef = 10278625C14F46769A3E3DDA /* libz.tbd */; };
		4994A2CF3E88487780951D02 /* AFURLResponseSerialization.m in Sources */ = {isa = PBXBuildFile; fileRef = E48D91ED9D6A4C4791D00B9C /* AFURLResponseSerialization.m */; };
		4CFFF24914FA4CFDAE0ABB0E /* TextResponseSerializer.m in Sources */ = {isa = PBXBuildFile; fileRef = A1314109C583415E81C4AED1 /* TextResponseSerializer.m */; };
		56B2E10B3E16463995944CC3 /* AVFoundation.framework in Frameworks */ = {isa = PBXBuildFile; fileRef = AD750119CD6B4B4793A35320 /* AVFoundation.framework */; };
		56DF799E62594BBE83835D79 /* JJzip.m in Sources */ = {isa = PBXBuildFile; fileRef = 7F91EB7752F04D0D862EA122 /* JJzip.m */; };
		5C7CA62B217D4D50BAA3E17D /* Diagnostic_Microphone.m in Sources */ = {isa = PBXBuildFile; fileRef = 57314D345A3D4114994FC257 /* Diagnostic_Microphone.m */; };
		5E3728483E8F488ABD77502E /* Contacts.framework in Frameworks */ = {isa = PBXBuildFile; fileRef = ADCEAB0C8B7A4BD4860AFEFC /* Contacts.framework */; };
		6106CC2D3A20487182B22F77 /* Diagnostic_Reminders.m in Sources */ = {isa = PBXBuildFile; fileRef = E13B3541549A484DA83D0909 /* Diagnostic_Reminders.m */; };
		687B254EB5FB4A39A77055CF /* AppVersion.m in Sources */ = {isa = PBXBuildFile; fileRef = AA15349DBD624EADB0D07012 /* AppVersion.m */; };
		694C74E1EF264A948AE662CA /* CustomPSPDFThreadSafeMutableDictionary.m in Sources */ = {isa = PBXBuildFile; fileRef = 4FBB85C4BD4B4886B5718618 /* CustomPSPDFThreadSafeMutableDictionary.m */; settings = {COMPILER_FLAGS = "-w"; }; };
		6AFF5BF91D6E424B00AB3073 /* CDVLaunchScreen.storyboard in Resources */ = {isa = PBXBuildFile; fileRef = 6AFF5BF81D6E424B00AB3073 /* CDVLaunchScreen.storyboard */; };
		700986A0772740DCBEE36859 /* RequestLocationAccuracy.m in Sources */ = {isa = PBXBuildFile; fileRef = 5CF741A3190C401CA5478785 /* RequestLocationAccuracy.m */; };
		7030A105DE7C47B388EA9328 /* ImageIO.framework in Frameworks */ = {isa = PBXBuildFile; fileRef = 539BACF05F7D49E0A1A8EE6B /* ImageIO.framework */; settings = {ATTRIBUTES = (Weak, ); }; };
		7098A253E9EC4330AEC7AAF3 /* SQLitePlugin.m in Sources */ = {isa = PBXBuildFile; fileRef = E12F03E9DC12452492F1D7C1 /* SQLitePlugin.m */; };
		7426A17E0C4A45F29B5B117E /* CDVOrientation.m in Sources */ = {isa = PBXBuildFile; fileRef = F5825CA2D4014CB3B954CD56 /* CDVOrientation.m */; };
		769FE36398834FDC8D555EDC /* CDVInAppBrowserOptions.m in Sources */ = {isa = PBXBuildFile; fileRef = 52B06B0A29BC43ABBC39EBAD /* CDVInAppBrowserOptions.m */; };
		77BEBE7A707F4011AA11552D /* CDVReachability.m in Sources */ = {isa = PBXBuildFile; fileRef = D85AE1AB37F246BCA281273D /* CDVReachability.m */; };
		7E0E71CEF5A84BA9A7FF80C0 /* sqlite3.c in Sources */ = {isa = PBXBuildFile; fileRef = DC431126463A4F73B530A661 /* sqlite3.c */; settings = {COMPILER_FLAGS = "-w -DSQLITE_THREADSAFE=1 -DSQLITE_DEFAULT_SYNCHRONOUS=3 -DSQLITE_DEFAULT_MEMSTATUS=0 -DSQLITE_OMIT_DECLTYPE -DSQLITE_OMIT_DEPRECATED -DSQLITE_OMIT_PROGRESS_CALLBACK -DSQLITE_OMIT_SHARED_CACHE -DSQLITE_TEMP_STORE=2 -DSQLITE_OMIT_LOAD_EXTENSION -DSQLITE_ENABLE_FTS3 -DSQLITE_ENABLE_FTS3_PARENTHESIS -DSQLITE_ENABLE_FTS4 -DSQLITE_ENABLE_RTREE -DSQLITE_DEFAULT_PAGE_SIZE=4096"; }; };
		7E7FE5EE325A45A79D9FDE59 /* CDVViewController+SplashScreen.m in Sources */ = {isa = PBXBuildFile; fileRef = 3F52019BEF8C45ABB65074DC /* CDVViewController+SplashScreen.m */; };
		7ED47108C8FA47EC9AB6C395 /* Diagnostic_Camera.m in Sources */ = {isa = PBXBuildFile; fileRef = F3F01A5C545E4043A40C521D /* Diagnostic_Camera.m */; };
		84CC56825D354177A75AE259 /* AddressBook.framework in Frameworks */ = {isa = PBXBuildFile; fileRef = 4660645CAC2D4DD0B0048209 /* AddressBook.framework */; };
		87C1CC79DD0447E7AC26804E /* Diagnostic_Notifications.m in Sources */ = {isa = PBXBuildFile; fileRef = 0854D422A5E443109E1820E7 /* Diagnostic_Notifications.m */; };
		94DDBD875BDE4267A574DF9C /* CDVFile.m in Sources */ = {isa = PBXBuildFile; fileRef = 87F3B8AAA05F4DB499A50483 /* CDVFile.m */; };
		9681C22C58CC4614802333EC /* CordovaHttpPlugin.m in Sources */ = {isa = PBXBuildFile; fileRef = C335C3A626B84F8D956BFB00 /* CordovaHttpPlugin.m */; };
		96E53E61004C4B68A1B56BBF /* CDVWKInAppBrowser.m in Sources */ = {isa = PBXBuildFile; fileRef = 3F2C7C565B704272831CC0A6 /* CDVWKInAppBrowser.m */; };
		9851014B7FDD4518AB25D272 /* Security.framework in Frameworks */ = {isa = PBXBuildFile; fileRef = CAFF88B4869945EE91C0824C /* Security.framework */; };
		985A8784A148460AA50B9317 /* IONAssetHandler.m in Sources */ = {isa = PBXBuildFile; fileRef = 4B2F4CF28EAF4B01AB219D15 /* IONAssetHandler.m */; };
		9B17F3732F444D738F879571 /* Diagnostic_Bluetooth.m in Sources */ = {isa = PBXBuildFile; fileRef = 19F3B40EDE07431D93C26D4D /* Diagnostic_Bluetooth.m */; };
		A0108BA7A40C4324B2FA6E40 /* APPBadge.m in Sources */ = {isa = PBXBuildFile; fileRef = 0B9EDE3EEC8E430EB45C3982 /* APPBadge.m */; };
		A457F1260A484BD6A356E2DA /* CDVSound.m in Sources */ = {isa = PBXBuildFile; fileRef = 222E07AAE8F74797939014DD /* CDVSound.m */; };
		A69C3652BA134A1E909F9997 /* APPLocalNotification.m in Sources */ = {isa = PBXBuildFile; fileRef = CECE692B140147C9876BB795 /* APPLocalNotification.m */; };
		A9FA657DBABD40CD9C773475 /* SystemConfiguration.framework in Frameworks */ = {isa = PBXBuildFile; fileRef = 0B3A95C732B84FFCBDDECAA9 /* SystemConfiguration.framework */; };
		AA539F65859E447F8D4A7915 /* CDVLocation.m in Sources */ = {isa = PBXBuildFile; fileRef = FA9DF1BD862545C88F5E5AA7 /* CDVLocation.m */; };
		AE1FEB2BE28A4F53BB6EC956 /* CDVLocalFilesystem.m in Sources */ = {isa = PBXBuildFile; fileRef = 2A1EEFE524CD4EFE8B86FD16 /* CDVLocalFilesystem.m */; };
		B1B6E313CF9D4E44AD3F27AC /* CoreTelephony.framework in Frameworks */ = {isa = PBXBuildFile; fileRef = 278ECAA0F66E4FF09458E4A1 /* CoreTelephony.framework */; };
		B371EBCA090B4619AD278894 /* CDVIonicKeyboard.m in Sources */ = {isa = PBXBuildFile; fileRef = F2D7029FAF9D42F2AEB214E2 /* CDVIonicKeyboard.m */; };
		B3E91AE519594418BF302DCA /* UNUserNotificationCenter+APPLocalNotification.m in Sources */ = {isa = PBXBuildFile; fileRef = 98C92D17A201406A87276E43 /* UNUserNotificationCenter+APPLocalNotification.m */; };
		B575048505B14215BC424470 /* Diagnostic.m in Sources */ = {isa = PBXBuildFile; fileRef = 7A4F1B9D2C22469FABBEE37E /* Diagnostic.m */; };
		B8A6499709414914ACF41C33 /* UIImage+CropScaleOrientation.m in Sources */ = {isa = PBXBuildFile; fileRef = 8231B8BF6BA9408DA6A16467 /* UIImage+CropScaleOrientation.m */; };
		B99C432FCBB341EB981BA547 /* CDVJpegHeaderWriter.m in Sources */ = {isa = PBXBuildFile; fileRef = 547291E610AC4F788F9F464D /* CDVJpegHeaderWriter.m */; };
		BEB8447D433A446EAC4C4C67 /* CDVCamera.m in Sources */ = {isa = PBXBuildFile; fileRef = B163980708D74F9B9A674848 /* CDVCamera.m */; };
		C4D3FBD346034C958EF3837C /* AFHTTPSessionManager.m in Sources */ = {isa = PBXBuildFile; fileRef = A547D09F1C984A0B800DF2E2 /* AFHTTPSessionManager.m */; };
		CA5161E66DED493CB6C89DCE /* APPNotificationContent.m in Sources */ = {isa = PBXBuildFile; fileRef = A46A601941534D2FA381D02F /* APPNotificationContent.m */; };
		D29AE02EC77B4524B8681CB5 /* Diagnostic_Motion.m in Sources */ = {isa = PBXBuildFile; fileRef = E434393B5B2841BBA6A3141A /* Diagnostic_Motion.m */; };
		E25514474B7B4270A3C7F9E9 /* CDVInAppBrowserNavigationController.m in Sources */ = {isa = PBXBuildFile; fileRef = D5984160003F4F4FB34D67C6 /* CDVInAppBrowserNavigationController.m */; };
		E2A4A838AD6B4EC188741A27 /* CDVWKWebViewEngine.m in Sources */ = {isa = PBXBuildFile; fileRef = 68D3C56540A545BA9BD8079C /* CDVWKWebViewEngine.m */; };
		E374AB3D6C6F48AA989822AA /* EventKit.framework in Frameworks */ = {isa = PBXBuildFile; fileRef = BE2140B1C88542B8A58200E7 /* EventKit.framework */; };
		E44935ADC482408EAE2DDEEE /* CDVDevice.m in Sources */ = {isa = PBXBuildFile; fileRef = 3B44E832EB7648DA9B84E516 /* CDVDevice.m */; };
		E9CF77884FFB4CEA87485ECD /* CDVConnection.m in Sources */ = {isa = PBXBuildFile; fileRef = E577200B060A4C5884352ACB /* CDVConnection.m */; };
		EB8670C6ECAF4613A9571A35 /* Diagnostic_Wifi.m in Sources */ = {isa = PBXBuildFile; fileRef = EF69084A8E6F467AAF3CB6E8 /* Diagnostic_Wifi.m */; };
		EBFF1AA0F5E54AFCB3095097 /* UserNotifications.framework in Frameworks */ = {isa = PBXBuildFile; fileRef = F7734E35AF5A48D09E8612C1 /* UserNotifications.framework */; };
		EDA419DD7AEE44EBA610FBC5 /* CDVWKInAppBrowserUIDelegate.m in Sources */ = {isa = PBXBuildFile; fileRef = 699E8BAFBEB24DC59D5A5356 /* CDVWKInAppBrowserUIDelegate.m */; };
		F36C4037A39B4C8F94B3560D /* Photos.framework in Frameworks */ = {isa = PBXBuildFile; fileRef = 19F30993C1BC4211854D9904 /* Photos.framework */; };
		F424F335C21E4146AE0CE3FA /* AFNetworkReachabilityManager.m in Sources */ = {isa = PBXBuildFile; fileRef = 2AE83BD7D4ED44599C57A693 /* AFNetworkReachabilityManager.m */; };
		F6BB84469C3A46C0B5FE1BBA /* WebKit.framework in Frameworks */ = {isa = PBXBuildFile; fileRef = 59591D78715542B6AA626F6D /* WebKit.framework */; settings = {ATTRIBUTES = (Weak, ); }; };
		F7854586D8CD4C1A85D5B96C /* PhotoViewer.m in Sources */ = {isa = PBXBuildFile; fileRef = 95C23CA120224E1AB3C26510 /* PhotoViewer.m */; };
		FE573F50C97247F790EB6EB8 /* Diagnostic_Contacts.m in Sources */ = {isa = PBXBuildFile; fileRef = 2103CBE1A209475FBCFBCA7C /* Diagnostic_Contacts.m */; };
/* End PBXBuildFile section */

/* Begin PBXContainerItemProxy section */
		301BF534109A57CC0062928A /* PBXContainerItemProxy */ = {
			isa = PBXContainerItemProxy;
			containerPortal = 301BF52D109A57CC0062928A /* CordovaLib.xcodeproj */;
			proxyType = 2;
			remoteGlobalIDString = D2AAC07E0554694100DB518D;
			remoteInfo = CordovaLib;
		};
		301BF550109A68C00062928A /* PBXContainerItemProxy */ = {
			isa = PBXContainerItemProxy;
			containerPortal = 301BF52D109A57CC0062928A /* CordovaLib.xcodeproj */;
			proxyType = 1;
			remoteGlobalIDString = D2AAC07D0554694100DB518D;
			remoteInfo = CordovaLib;
		};
		907D8123214C687600058A10 /* PBXContainerItemProxy */ = {
			isa = PBXContainerItemProxy;
			containerPortal = 301BF52D109A57CC0062928A /* CordovaLib.xcodeproj */;
			proxyType = 2;
			remoteGlobalIDString = C0C01EB21E3911D50056E6CB;
			remoteInfo = Cordova;
		};
/* End PBXContainerItemProxy section */

/* Begin PBXFileReference section */
		0145A3A0CA2E41AA8527F428 /* CDVSplashScreen.m */ = {isa = PBXFileReference; explicitFileType = undefined; fileEncoding = 4; includeInIndex = 0; lastKnownFileType = sourcecode.c.objc; name = CDVSplashScreen.m; path = "cordova-plugin-splashscreen/CDVSplashScreen.m"; sourceTree = "<group>"; };
		0207DA571B56EA530066E2B4 /* Images.xcassets */ = {isa = PBXFileReference; lastKnownFileType = folder.assetcatalog; name = Images.xcassets; path = MathCityMap/Images.xcassets; sourceTree = SOURCE_ROOT; };
		04E1293B92E240118AD2A539 /* APPNotificationContent.h */ = {isa = PBXFileReference; explicitFileType = undefined; fileEncoding = 4; includeInIndex = 0; lastKnownFileType = sourcecode.c.h; name = APPNotificationContent.h; path = "cordova-plugin-local-notification/APPNotificationContent.h"; sourceTree = "<group>"; };
		0510B986DD5340689D90C3CB /* CDVGlobalization.h */ = {isa = PBXFileReference; explicitFileType = undefined; fileEncoding = 4; includeInIndex = 0; lastKnownFileType = sourcecode.c.h; name = CDVGlobalization.h; path = "cordova-plugin-globalization/CDVGlobalization.h"; sourceTree = "<group>"; };
		0854D422A5E443109E1820E7 /* Diagnostic_Notifications.m */ = {isa = PBXFileReference; explicitFileType = undefined; fileEncoding = 4; includeInIndex = 0; lastKnownFileType = sourcecode.c.objc; name = Diagnostic_Notifications.m; path = cordova.plugins.diagnostic/Diagnostic_Notifications.m; sourceTree = "<group>"; };
		08B74EAE13834956AB5F9C00 /* CDVWKInAppBrowser.h */ = {isa = PBXFileReference; explicitFileType = undefined; fileEncoding = 4; includeInIndex = 0; lastKnownFileType = sourcecode.c.h; name = CDVWKInAppBrowser.h; path = "cordova-plugin-inappbrowser/CDVWKInAppBrowser.h"; sourceTree = "<group>"; };
		08C872C4FBFC4FDBB9669A6E /* AFSecurityPolicy.m */ = {isa = PBXFileReference; explicitFileType = undefined; fileEncoding = 4; includeInIndex = 0; lastKnownFileType = sourcecode.c.objc; name = AFSecurityPolicy.m; path = "cordova-plugin-advanced-http/AFSecurityPolicy.m"; sourceTree = "<group>"; };
		095B24479A7F4B9A93877411 /* CDVFile.h */ = {isa = PBXFileReference; explicitFileType = undefined; fileEncoding = 4; includeInIndex = 0; lastKnownFileType = sourcecode.c.h; name = CDVFile.h; path = "cordova-plugin-file/CDVFile.h"; sourceTree = "<group>"; };
		0A631ADFDE8D4875BF3526D8 /* CDVGlobalization.m */ = {isa = PBXFileReference; explicitFileType = undefined; fileEncoding = 4; includeInIndex = 0; lastKnownFileType = sourcecode.c.objc; name = CDVGlobalization.m; path = "cordova-plugin-globalization/CDVGlobalization.m"; sourceTree = "<group>"; };
		0B3A95C732B84FFCBDDECAA9 /* SystemConfiguration.framework */ = {isa = PBXFileReference; explicitFileType = undefined; fileEncoding = 9; includeInIndex = 0; lastKnownFileType = wrapper.framework; name = SystemConfiguration.framework; path = System/Library/Frameworks/SystemConfiguration.framework; sourceTree = SDKROOT; };
		0B9EDE3EEC8E430EB45C3982 /* APPBadge.m */ = {isa = PBXFileReference; explicitFileType = undefined; fileEncoding = 4; includeInIndex = 0; lastKnownFileType = sourcecode.c.objc; name = APPBadge.m; path = "cordova-plugin-badge/APPBadge.m"; sourceTree = "<group>"; };
		10278625C14F46769A3E3DDA /* libz.tbd */ = {isa = PBXFileReference; explicitFileType = undefined; fileEncoding = 9; includeInIndex = 0; lastKnownFileType = "sourcecode.text-based-dylib-definition"; name = libz.tbd; path = usr/lib/libz.tbd; sourceTree = SDKROOT; };
		13A99F38B7DC458CBB9DFFE3 /* CDVOrientation.h */ = {isa = PBXFileReference; explicitFileType = undefined; fileEncoding = 4; includeInIndex = 0; lastKnownFileType = sourcecode.c.h; name = CDVOrientation.h; path = "cordova-plugin-screen-orientation/CDVOrientation.h"; sourceTree = "<group>"; };
		1472CE7B76F447ACA2F86DE8 /* UNUserNotificationCenter+APPLocalNotification.h */ = {isa = PBXFileReference; explicitFileType = undefined; fileEncoding = 4; includeInIndex = 0; lastKnownFileType = sourcecode.c.h; name = "UNUserNotificationCenter+APPLocalNotification.h"; path = "cordova-plugin-local-notification/UNUserNotificationCenter+APPLocalNotification.h"; sourceTree = "<group>"; };
		16481D10D3524847B8D8716C /* CDVFileTransfer.m */ = {isa = PBXFileReference; explicitFileType = undefined; fileEncoding = 4; includeInIndex = 0; lastKnownFileType = sourcecode.c.objc; name = CDVFileTransfer.m; path = "cordova-plugin-file-transfer/CDVFileTransfer.m"; sourceTree = "<group>"; };
		19F30993C1BC4211854D9904 /* Photos.framework */ = {isa = PBXFileReference; explicitFileType = undefined; fileEncoding = 9; includeInIndex = 0; lastKnownFileType = wrapper.framework; name = Photos.framework; path = System/Library/Frameworks/Photos.framework; sourceTree = SDKROOT; };
		19F3B40EDE07431D93C26D4D /* Diagnostic_Bluetooth.m */ = {isa = PBXFileReference; explicitFileType = undefined; fileEncoding = 4; includeInIndex = 0; lastKnownFileType = sourcecode.c.objc; name = Diagnostic_Bluetooth.m; path = cordova.plugins.diagnostic/Diagnostic_Bluetooth.m; sourceTree = "<group>"; };
		1A879BC801EC429097820C1B /* APPBadge.h */ = {isa = PBXFileReference; explicitFileType = undefined; fileEncoding = 4; includeInIndex = 0; lastKnownFileType = sourcecode.c.h; name = APPBadge.h; path = "cordova-plugin-badge/APPBadge.h"; sourceTree = "<group>"; };
		1D3623240D0F684500981E51 /* AppDelegate.h */ = {isa = PBXFileReference; fileEncoding = 4; lastKnownFileType = sourcecode.c.h; path = AppDelegate.h; sourceTree = "<group>"; };
		1D3623250D0F684500981E51 /* AppDelegate.m */ = {isa = PBXFileReference; fileEncoding = 4; lastKnownFileType = sourcecode.c.objc; path = AppDelegate.m; sourceTree = "<group>"; };
		1D6058910D05DD3D006BFB54 /* MathCityMap.app */ = {isa = PBXFileReference; explicitFileType = wrapper.application; includeInIndex = 0; path = MathCityMap.app; sourceTree = BUILT_PRODUCTS_DIR; };
		1EE4D5C98DB44DE6AC73AC0F /* CDVSpinnerDialog.h */ = {isa = PBXFileReference; explicitFileType = undefined; fileEncoding = 4; includeInIndex = 0; lastKnownFileType = sourcecode.c.h; name = CDVSpinnerDialog.h; path = "cordova-plugin-native-spinner/CDVSpinnerDialog.h"; sourceTree = "<group>"; };
		2103CBE1A209475FBCFBCA7C /* Diagnostic_Contacts.m */ = {isa = PBXFileReference; explicitFileType = undefined; fileEncoding = 4; includeInIndex = 0; lastKnownFileType = sourcecode.c.objc; name = Diagnostic_Contacts.m; path = cordova.plugins.diagnostic/Diagnostic_Contacts.m; sourceTree = "<group>"; };
		222E07AAE8F74797939014DD /* CDVSound.m */ = {isa = PBXFileReference; explicitFileType = undefined; fileEncoding = 4; includeInIndex = 0; lastKnownFileType = sourcecode.c.objc; name = CDVSound.m; path = "cordova-plugin-media/CDVSound.m"; sourceTree = "<group>"; };
		242C8FFCF7764AD68A5D60CF /* CDVCamera.h */ = {isa = PBXFileReference; explicitFileType = undefined; fileEncoding = 4; includeInIndex = 0; lastKnownFileType = sourcecode.c.h; name = CDVCamera.h; path = "cordova-plugin-camera/CDVCamera.h"; sourceTree = "<group>"; };
		25DBD80C28D847A9AD26B386 /* CDVReachability.h */ = {isa = PBXFileReference; explicitFileType = undefined; fileEncoding = 4; includeInIndex = 0; lastKnownFileType = sourcecode.c.h; name = CDVReachability.h; path = "cordova-plugin-network-information/CDVReachability.h"; sourceTree = "<group>"; };
		278ECAA0F66E4FF09458E4A1 /* CoreTelephony.framework */ = {isa = PBXFileReference; explicitFileType = undefined; fileEncoding = 9; includeInIndex = 0; lastKnownFileType = wrapper.framework; name = CoreTelephony.framework; path = System/Library/Frameworks/CoreTelephony.framework; sourceTree = SDKROOT; };
		28498038009E4D3D9C0085E0 /* CDVLocation.h */ = {isa = PBXFileReference; explicitFileType = undefined; fileEncoding = 4; includeInIndex = 0; lastKnownFileType = sourcecode.c.h; name = CDVLocation.h; path = "cordova-plugin-geolocation/CDVLocation.h"; sourceTree = "<group>"; };
		29B97316FDCFA39411CA2CEA /* main.m */ = {isa = PBXFileReference; fileEncoding = 4; lastKnownFileType = sourcecode.c.objc; path = main.m; sourceTree = "<group>"; };
		2A1EEFE524CD4EFE8B86FD16 /* CDVLocalFilesystem.m */ = {isa = PBXFileReference; explicitFileType = undefined; fileEncoding = 4; includeInIndex = 0; lastKnownFileType = sourcecode.c.objc; name = CDVLocalFilesystem.m; path = "cordova-plugin-file/CDVLocalFilesystem.m"; sourceTree = "<group>"; };
		2AE83BD7D4ED44599C57A693 /* AFNetworkReachabilityManager.m */ = {isa = PBXFileReference; explicitFileType = undefined; fileEncoding = 4; includeInIndex = 0; lastKnownFileType = sourcecode.c.objc; name = AFNetworkReachabilityManager.m; path = "cordova-plugin-advanced-http/AFNetworkReachabilityManager.m"; sourceTree = "<group>"; };
		2B26B2352600462DB502AA8C /* AFURLSessionManager.m */ = {isa = PBXFileReference; explicitFileType = undefined; fileEncoding = 4; includeInIndex = 0; lastKnownFileType = sourcecode.c.objc; name = AFURLSessionManager.m; path = "cordova-plugin-advanced-http/AFURLSessionManager.m"; sourceTree = "<group>"; };
		2CD7DC023B80493CAE3B1325 /* sqlite3.h */ = {isa = PBXFileReference; explicitFileType = undefined; fileEncoding = 4; includeInIndex = 0; lastKnownFileType = sourcecode.c.h; name = sqlite3.h; path = "cordova-sqlite-storage/sqlite3.h"; sourceTree = "<group>"; };
		301BF52D109A57CC0062928A /* CordovaLib.xcodeproj */ = {isa = PBXFileReference; lastKnownFileType = "wrapper.pb-project"; name = CordovaLib.xcodeproj; path = CordovaLib/CordovaLib.xcodeproj; sourceTree = "<group>"; };
		301BF56E109A69640062928A /* www */ = {isa = PBXFileReference; lastKnownFileType = folder; path = www; sourceTree = SOURCE_ROOT; };
		302D95EE14D2391D003F00A1 /* MainViewController.h */ = {isa = PBXFileReference; fileEncoding = 4; lastKnownFileType = sourcecode.c.h; path = MainViewController.h; sourceTree = "<group>"; };
		302D95EF14D2391D003F00A1 /* MainViewController.m */ = {isa = PBXFileReference; fileEncoding = 4; lastKnownFileType = sourcecode.c.objc; path = MainViewController.m; sourceTree = "<group>"; };
		302D95F014D2391D003F00A1 /* MainViewController.xib */ = {isa = PBXFileReference; fileEncoding = 4; lastKnownFileType = file.xib; path = MainViewController.xib; sourceTree = "<group>"; };
		3047A50F1AB8059700498E2A /* build-debug.xcconfig */ = {isa = PBXFileReference; fileEncoding = 4; lastKnownFileType = text.xcconfig; name = "build-debug.xcconfig"; path = "cordova/build-debug.xcconfig"; sourceTree = SOURCE_ROOT; };
		3047A5101AB8059700498E2A /* build-release.xcconfig */ = {isa = PBXFileReference; fileEncoding = 4; lastKnownFileType = text.xcconfig; name = "build-release.xcconfig"; path = "cordova/build-release.xcconfig"; sourceTree = SOURCE_ROOT; };
		3047A5111AB8059700498E2A /* build.xcconfig */ = {isa = PBXFileReference; fileEncoding = 4; lastKnownFileType = text.xcconfig; name = build.xcconfig; path = cordova/build.xcconfig; sourceTree = SOURCE_ROOT; };
		30FEFBD986A84BFCAADE8488 /* Diagnostic_Motion.h */ = {isa = PBXFileReference; explicitFileType = undefined; fileEncoding = 4; includeInIndex = 0; lastKnownFileType = sourcecode.c.h; name = Diagnostic_Motion.h; path = cordova.plugins.diagnostic/Diagnostic_Motion.h; sourceTree = "<group>"; };
		32CA4F630368D1EE00C91783 /* MathCityMap-Prefix.pch */ = {isa = PBXFileReference; fileEncoding = 4; lastKnownFileType = sourcecode.c.h; path = "MathCityMap-Prefix.pch"; sourceTree = "<group>"; };
		34F6262011F54272A059307F /* CDVWKInAppBrowserUIDelegate.h */ = {isa = PBXFileReference; explicitFileType = undefined; fileEncoding = 4; includeInIndex = 0; lastKnownFileType = sourcecode.c.h; name = CDVWKInAppBrowserUIDelegate.h; path = "cordova-plugin-inappbrowser/CDVWKInAppBrowserUIDelegate.h"; sourceTree = "<group>"; };
		35B2D75BCCA34DC88A9379B8 /* AFNetworking.h */ = {isa = PBXFileReference; explicitFileType = undefined; fileEncoding = 4; includeInIndex = 0; lastKnownFileType = sourcecode.c.h; name = AFNetworking.h; path = "cordova-plugin-advanced-http/AFNetworking.h"; sourceTree = "<group>"; };
		36A765732F354D3DA22C4D4A /* Diagnostic_Calendar.m */ = {isa = PBXFileReference; explicitFileType = undefined; fileEncoding = 4; includeInIndex = 0; lastKnownFileType = sourcecode.c.objc; name = Diagnostic_Calendar.m; path = cordova.plugins.diagnostic/Diagnostic_Calendar.m; sourceTree = "<group>"; };
		3838E8831BA04340BB0FAB85 /* CDVConnection.h */ = {isa = PBXFileReference; explicitFileType = undefined; fileEncoding = 4; includeInIndex = 0; lastKnownFileType = sourcecode.c.h; name = CDVConnection.h; path = "cordova-plugin-network-information/CDVConnection.h"; sourceTree = "<group>"; };
		389CC575056D4371BBA95208 /* AFHTTPSessionManager.h */ = {isa = PBXFileReference; explicitFileType = undefined; fileEncoding = 4; includeInIndex = 0; lastKnownFileType = sourcecode.c.h; name = AFHTTPSessionManager.h; path = "cordova-plugin-advanced-http/AFHTTPSessionManager.h"; sourceTree = "<group>"; };
		3B44E832EB7648DA9B84E516 /* CDVDevice.m */ = {isa = PBXFileReference; explicitFileType = undefined; fileEncoding = 4; includeInIndex = 0; lastKnownFileType = sourcecode.c.objc; name = CDVDevice.m; path = "cordova-plugin-device/CDVDevice.m"; sourceTree = "<group>"; };
		3F2C7C565B704272831CC0A6 /* CDVWKInAppBrowser.m */ = {isa = PBXFileReference; explicitFileType = undefined; fileEncoding = 4; includeInIndex = 0; lastKnownFileType = sourcecode.c.objc; name = CDVWKInAppBrowser.m; path = "cordova-plugin-inappbrowser/CDVWKInAppBrowser.m"; sourceTree = "<group>"; };
		3F52019BEF8C45ABB65074DC /* CDVViewController+SplashScreen.m */ = {isa = PBXFileReference; explicitFileType = undefined; fileEncoding = 4; includeInIndex = 0; lastKnownFileType = sourcecode.c.objc; name = "CDVViewController+SplashScreen.m"; path = "cordova-plugin-splashscreen/CDVViewController+SplashScreen.m"; sourceTree = "<group>"; };
		433DBA2C76D2456D9A457B2F /* AFNetworkReachabilityManager.h */ = {isa = PBXFileReference; explicitFileType = undefined; fileEncoding = 4; includeInIndex = 0; lastKnownFileType = sourcecode.c.h; name = AFNetworkReachabilityManager.h; path = "cordova-plugin-advanced-http/AFNetworkReachabilityManager.h"; sourceTree = "<group>"; };
		438403CC3B1E4912934B7005 /* AFURLRequestSerialization.h */ = {isa = PBXFileReference; explicitFileType = undefined; fileEncoding = 4; includeInIndex = 0; lastKnownFileType = sourcecode.c.h; name = AFURLRequestSerialization.h; path = "cordova-plugin-advanced-http/AFURLRequestSerialization.h"; sourceTree = "<group>"; };
		4660645CAC2D4DD0B0048209 /* AddressBook.framework */ = {isa = PBXFileReference; explicitFileType = undefined; fileEncoding = 9; includeInIndex = 0; lastKnownFileType = wrapper.framework; name = AddressBook.framework; path = System/Library/Frameworks/AddressBook.framework; sourceTree = SDKROOT; };
		491DE46029DC48BD8F9A0F54 /* Diagnostic_Notifications.h */ = {isa = PBXFileReference; explicitFileType = undefined; fileEncoding = 4; includeInIndex = 0; lastKnownFileType = sourcecode.c.h; name = Diagnostic_Notifications.h; path = cordova.plugins.diagnostic/Diagnostic_Notifications.h; sourceTree = "<group>"; };
		4B2F4CF28EAF4B01AB219D15 /* IONAssetHandler.m */ = {isa = PBXFileReference; explicitFileType = undefined; fileEncoding = 4; includeInIndex = 0; lastKnownFileType = sourcecode.c.objc; name = IONAssetHandler.m; path = "cordova-plugin-ionic-webview/IONAssetHandler.m"; sourceTree = "<group>"; };
		4F853964DE7F44549AF6EFB3 /* AFSecurityPolicy.h */ = {isa = PBXFileReference; explicitFileType = undefined; fileEncoding = 4; includeInIndex = 0; lastKnownFileType = sourcecode.c.h; name = AFSecurityPolicy.h; path = "cordova-plugin-advanced-http/AFSecurityPolicy.h"; sourceTree = "<group>"; };
		4FBB85C4BD4B4886B5718618 /* CustomPSPDFThreadSafeMutableDictionary.m */ = {isa = PBXFileReference; explicitFileType = undefined; fileEncoding = 4; includeInIndex = 0; lastKnownFileType = sourcecode.c.objc; name = CustomPSPDFThreadSafeMutableDictionary.m; path = "cordova-sqlite-storage/CustomPSPDFThreadSafeMutableDictionary.m"; sourceTree = "<group>"; };
		501AE4D6B8CC4D618B47C124 /* CDVLocalFilesystem.h */ = {isa = PBXFileReference; explicitFileType = undefined; fileEncoding = 4; includeInIndex = 0; lastKnownFileType = sourcecode.c.h; name = CDVLocalFilesystem.h; path = "cordova-plugin-file/CDVLocalFilesystem.h"; sourceTree = "<group>"; };
		51FBE1968ACF417F977EB952 /* AFURLSessionManager.h */ = {isa = PBXFileReference; explicitFileType = undefined; fileEncoding = 4; includeInIndex = 0; lastKnownFileType = sourcecode.c.h; name = AFURLSessionManager.h; path = "cordova-plugin-advanced-http/AFURLSessionManager.h"; sourceTree = "<group>"; };
		52B06B0A29BC43ABBC39EBAD /* CDVInAppBrowserOptions.m */ = {isa = PBXFileReference; explicitFileType = undefined; fileEncoding = 4; includeInIndex = 0; lastKnownFileType = sourcecode.c.objc; name = CDVInAppBrowserOptions.m; path = "cordova-plugin-inappbrowser/CDVInAppBrowserOptions.m"; sourceTree = "<group>"; };
		5321B512A0EF4C3AAD8502FA /* UIImage+CropScaleOrientation.h */ = {isa = PBXFileReference; explicitFileType = undefined; fileEncoding = 4; includeInIndex = 0; lastKnownFileType = sourcecode.c.h; name = "UIImage+CropScaleOrientation.h"; path = "cordova-plugin-camera/UIImage+CropScaleOrientation.h"; sourceTree = "<group>"; };
		533FD236728DC77210CBB33B /* libPods-MathCityMap.a */ = {isa = PBXFileReference; explicitFileType = archive.ar; includeInIndex = 0; path = "libPods-MathCityMap.a"; sourceTree = BUILT_PRODUCTS_DIR; };
		539BACF05F7D49E0A1A8EE6B /* ImageIO.framework */ = {isa = PBXFileReference; explicitFileType = undefined; fileEncoding = 9; includeInIndex = 0; lastKnownFileType = wrapper.framework; name = ImageIO.framework; path = System/Library/Frameworks/ImageIO.framework; sourceTree = SDKROOT; };
		547291E610AC4F788F9F464D /* CDVJpegHeaderWriter.m */ = {isa = PBXFileReference; explicitFileType = undefined; fileEncoding = 4; includeInIndex = 0; lastKnownFileType = sourcecode.c.objc; name = CDVJpegHeaderWriter.m; path = "cordova-plugin-camera/CDVJpegHeaderWriter.m"; sourceTree = "<group>"; };
		556FEC53BA6145D5811AB1B0 /* CDVStatusBar.m */ = {isa = PBXFileReference; explicitFileType = undefined; fileEncoding = 4; includeInIndex = 0; lastKnownFileType = sourcecode.c.objc; name = CDVStatusBar.m; path = "cordova-plugin-statusbar/CDVStatusBar.m"; sourceTree = "<group>"; };
		57314D345A3D4114994FC257 /* Diagnostic_Microphone.m */ = {isa = PBXFileReference; explicitFileType = undefined; fileEncoding = 4; includeInIndex = 0; lastKnownFileType = sourcecode.c.objc; name = Diagnostic_Microphone.m; path = cordova.plugins.diagnostic/Diagnostic_Microphone.m; sourceTree = "<group>"; };
		59591D78715542B6AA626F6D /* WebKit.framework */ = {isa = PBXFileReference; explicitFileType = undefined; fileEncoding = 9; includeInIndex = 0; lastKnownFileType = wrapper.framework; name = WebKit.framework; path = System/Library/Frameworks/WebKit.framework; sourceTree = SDKROOT; };
		5ABFA688D9234C26ADEDFFCC /* IONAssetHandler.h */ = {isa = PBXFileReference; explicitFileType = undefined; fileEncoding = 4; includeInIndex = 0; lastKnownFileType = sourcecode.c.h; name = IONAssetHandler.h; path = "cordova-plugin-ionic-webview/IONAssetHandler.h"; sourceTree = "<group>"; };
		5CF741A3190C401CA5478785 /* RequestLocationAccuracy.m */ = {isa = PBXFileReference; explicitFileType = undefined; fileEncoding = 4; includeInIndex = 0; lastKnownFileType = sourcecode.c.objc; name = RequestLocationAccuracy.m; path = "cordova-plugin-request-location-accuracy/RequestLocationAccuracy.m"; sourceTree = "<group>"; };
		5F2A81431CE345439FFEC6AE /* CDVWKWebViewUIDelegate.m */ = {isa = PBXFileReference; explicitFileType = undefined; fileEncoding = 4; includeInIndex = 0; lastKnownFileType = sourcecode.c.objc; name = CDVWKWebViewUIDelegate.m; path = "cordova-plugin-ionic-webview/CDVWKWebViewUIDelegate.m"; sourceTree = "<group>"; };
		5FC545C2105344C8AA346F4F /* CDVViewController+SplashScreen.h */ = {isa = PBXFileReference; explicitFileType = undefined; fileEncoding = 4; includeInIndex = 0; lastKnownFileType = sourcecode.c.h; name = "CDVViewController+SplashScreen.h"; path = "cordova-plugin-splashscreen/CDVViewController+SplashScreen.h"; sourceTree = "<group>"; };
		5FF4586F23894DF6B0981AAC /* CDVInAppBrowserOptions.h */ = {isa = PBXFileReference; explicitFileType = undefined; fileEncoding = 4; includeInIndex = 0; lastKnownFileType = sourcecode.c.h; name = CDVInAppBrowserOptions.h; path = "cordova-plugin-inappbrowser/CDVInAppBrowserOptions.h"; sourceTree = "<group>"; };
		67CD8F27EB2244D48C8B56B6 /* CDVAssetLibraryFilesystem.h */ = {isa = PBXFileReference; explicitFileType = undefined; fileEncoding = 4; includeInIndex = 0; lastKnownFileType = sourcecode.c.h; name = CDVAssetLibraryFilesystem.h; path = "cordova-plugin-file/CDVAssetLibraryFilesystem.h"; sourceTree = "<group>"; };
		68D3C56540A545BA9BD8079C /* CDVWKWebViewEngine.m */ = {isa = PBXFileReference; explicitFileType = undefined; fileEncoding = 4; includeInIndex = 0; lastKnownFileType = sourcecode.c.objc; name = CDVWKWebViewEngine.m; path = "cordova-plugin-ionic-webview/CDVWKWebViewEngine.m"; sourceTree = "<group>"; };
		699E8BAFBEB24DC59D5A5356 /* CDVWKInAppBrowserUIDelegate.m */ = {isa = PBXFileReference; explicitFileType = undefined; fileEncoding = 4; includeInIndex = 0; lastKnownFileType = sourcecode.c.objc; name = CDVWKInAppBrowserUIDelegate.m; path = "cordova-plugin-inappbrowser/CDVWKInAppBrowserUIDelegate.m"; sourceTree = "<group>"; };
		6AFF5BF81D6E424B00AB3073 /* CDVLaunchScreen.storyboard */ = {isa = PBXFileReference; fileEncoding = 4; lastKnownFileType = file.storyboard; name = CDVLaunchScreen.storyboard; path = MathCityMap/CDVLaunchScreen.storyboard; sourceTree = SOURCE_ROOT; };
		6FCA90A6B97C4B54895F2A26 /* UNNotificationRequest+APPLocalNotification.h */ = {isa = PBXFileReference; explicitFileType = undefined; fileEncoding = 4; includeInIndex = 0; lastKnownFileType = sourcecode.c.h; name = "UNNotificationRequest+APPLocalNotification.h"; path = "cordova-plugin-local-notification/UNNotificationRequest+APPLocalNotification.h"; sourceTree = "<group>"; };
		72B7E0C5F4444B8199500353 /* CoreMotion.framework */ = {isa = PBXFileReference; explicitFileType = undefined; fileEncoding = 9; includeInIndex = 0; lastKnownFileType = wrapper.framework; name = CoreMotion.framework; path = System/Library/Frameworks/CoreMotion.framework; sourceTree = SDKROOT; };
		75A275A20C9C41DFA1ADE0EC /* AFURLRequestSerialization.m */ = {isa = PBXFileReference; explicitFileType = undefined; fileEncoding = 4; includeInIndex = 0; lastKnownFileType = sourcecode.c.objc; name = AFURLRequestSerialization.m; path = "cordova-plugin-advanced-http/AFURLRequestSerialization.m"; sourceTree = "<group>"; };
		797BC2E6573E4FA6AECDB5E9 /* Diagnostic_Location.m */ = {isa = PBXFileReference; explicitFileType = undefined; fileEncoding = 4; includeInIndex = 0; lastKnownFileType = sourcecode.c.objc; name = Diagnostic_Location.m; path = cordova.plugins.diagnostic/Diagnostic_Location.m; sourceTree = "<group>"; };
		7A4F1B9D2C22469FABBEE37E /* Diagnostic.m */ = {isa = PBXFileReference; explicitFileType = undefined; fileEncoding = 4; includeInIndex = 0; lastKnownFileType = sourcecode.c.objc; name = Diagnostic.m; path = cordova.plugins.diagnostic/Diagnostic.m; sourceTree = "<group>"; };
		7F91EB7752F04D0D862EA122 /* JJzip.m */ = {isa = PBXFileReference; explicitFileType = undefined; fileEncoding = 4; includeInIndex = 0; lastKnownFileType = sourcecode.c.objc; name = JJzip.m; path = com.jjdltc.cordova.plugin.zip/JJzip.m; sourceTree = "<group>"; };
		8231B8BF6BA9408DA6A16467 /* UIImage+CropScaleOrientation.m */ = {isa = PBXFileReference; explicitFileType = undefined; fileEncoding = 4; includeInIndex = 0; lastKnownFileType = sourcecode.c.objc; name = "UIImage+CropScaleOrientation.m"; path = "cordova-plugin-camera/UIImage+CropScaleOrientation.m"; sourceTree = "<group>"; };
		835E791EA102454B8CC7C345 /* CDVFileTransfer.h */ = {isa = PBXFileReference; explicitFileType = undefined; fileEncoding = 4; includeInIndex = 0; lastKnownFileType = sourcecode.c.h; name = CDVFileTransfer.h; path = "cordova-plugin-file-transfer/CDVFileTransfer.h"; sourceTree = "<group>"; };
		87F3B8AAA05F4DB499A50483 /* CDVFile.m */ = {isa = PBXFileReference; explicitFileType = undefined; fileEncoding = 4; includeInIndex = 0; lastKnownFileType = sourcecode.c.objc; name = CDVFile.m; path = "cordova-plugin-file/CDVFile.m"; sourceTree = "<group>"; };
		8D1107310486CEB800E47090 /* MathCityMap-Info.plist */ = {isa = PBXFileReference; fileEncoding = 4; lastKnownFileType = text.plist.xml; name = "MathCityMap-Info.plist"; path = "MathCityMap/MathCityMap-Info.plist"; plistStructureDefinitionIdentifier = "com.apple.xcode.plist.structure-definition.iphone.info-plist"; sourceTree = SOURCE_ROOT; };
		91CB652A74E749638F506B4D /* APPNotificationOptions.h */ = {isa = PBXFileReference; explicitFileType = undefined; fileEncoding = 4; includeInIndex = 0; lastKnownFileType = sourcecode.c.h; name = APPNotificationOptions.h; path = "cordova-plugin-local-notification/APPNotificationOptions.h"; sourceTree = "<group>"; };
		92AA17EB2C7249BF93C6B608 /* CordovaHttpPlugin.h */ = {isa = PBXFileReference; explicitFileType = undefined; fileEncoding = 4; includeInIndex = 0; lastKnownFileType = sourcecode.c.h; name = CordovaHttpPlugin.h; path = "cordova-plugin-advanced-http/CordovaHttpPlugin.h"; sourceTree = "<group>"; };
		95C23CA120224E1AB3C26510 /* PhotoViewer.m */ = {isa = PBXFileReference; explicitFileType = undefined; fileEncoding = 4; includeInIndex = 0; lastKnownFileType = sourcecode.c.objc; name = PhotoViewer.m; path = "com-sarriaroman-photoviewer/PhotoViewer.m"; sourceTree = "<group>"; };
		9680CAEDFBAB432ABAA634B8 /* Diagnostic_Microphone.h */ = {isa = PBXFileReference; explicitFileType = undefined; fileEncoding = 4; includeInIndex = 0; lastKnownFileType = sourcecode.c.h; name = Diagnostic_Microphone.h; path = cordova.plugins.diagnostic/Diagnostic_Microphone.h; sourceTree = "<group>"; };
		98C92D17A201406A87276E43 /* UNUserNotificationCenter+APPLocalNotification.m */ = {isa = PBXFileReference; explicitFileType = undefined; fileEncoding = 4; includeInIndex = 0; lastKnownFileType = sourcecode.c.objc; name = "UNUserNotificationCenter+APPLocalNotification.m"; path = "cordova-plugin-local-notification/UNUserNotificationCenter+APPLocalNotification.m"; sourceTree = "<group>"; };
		98F301F27D354624A0E7E489 /* CDVExif.h */ = {isa = PBXFileReference; explicitFileType = undefined; fileEncoding = 4; includeInIndex = 0; lastKnownFileType = sourcecode.c.h; name = CDVExif.h; path = "cordova-plugin-camera/CDVExif.h"; sourceTree = "<group>"; };
		992A844FB03447219BD002D7 /* CDVInAppBrowserNavigationController.h */ = {isa = PBXFileReference; explicitFileType = undefined; fileEncoding = 4; includeInIndex = 0; lastKnownFileType = sourcecode.c.h; name = CDVInAppBrowserNavigationController.h; path = "cordova-plugin-inappbrowser/CDVInAppBrowserNavigationController.h"; sourceTree = "<group>"; };
		995D4E0E004944C2B7E73339 /* Diagnostic_Bluetooth.h */ = {isa = PBXFileReference; explicitFileType = undefined; fileEncoding = 4; includeInIndex = 0; lastKnownFileType = sourcecode.c.h; name = Diagnostic_Bluetooth.h; path = cordova.plugins.diagnostic/Diagnostic_Bluetooth.h; sourceTree = "<group>"; };
		99C0A2FC22054BA4B0970BC1 /* CoreBluetooth.framework */ = {isa = PBXFileReference; explicitFileType = undefined; fileEncoding = 9; includeInIndex = 0; lastKnownFileType = wrapper.framework; name = CoreBluetooth.framework; path = System/Library/Frameworks/CoreBluetooth.framework; sourceTree = SDKROOT; };
		9D2C6D48ACFD433C9501947D /* CoreLocation.framework */ = {isa = PBXFileReference; explicitFileType = undefined; fileEncoding = 9; includeInIndex = 0; lastKnownFileType = wrapper.framework; name = CoreLocation.framework; path = System/Library/Frameworks/CoreLocation.framework; sourceTree = SDKROOT; };
		9EFC57B39F504D05AFE4B204 /* JJzip.h */ = {isa = PBXFileReference; explicitFileType = undefined; fileEncoding = 4; includeInIndex = 0; lastKnownFileType = sourcecode.c.h; name = JJzip.h; path = com.jjdltc.cordova.plugin.zip/JJzip.h; sourceTree = "<group>"; };
		A1314109C583415E81C4AED1 /* TextResponseSerializer.m */ = {isa = PBXFileReference; explicitFileType = undefined; fileEncoding = 4; includeInIndex = 0; lastKnownFileType = sourcecode.c.objc; name = TextResponseSerializer.m; path = "cordova-plugin-advanced-http/TextResponseSerializer.m"; sourceTree = "<group>"; };
		A35392ED61E147D9A628728B /* CDVSpinnerDialog.m */ = {isa = PBXFileReference; explicitFileType = undefined; fileEncoding = 4; includeInIndex = 0; lastKnownFileType = sourcecode.c.objc; name = CDVSpinnerDialog.m; path = "cordova-plugin-native-spinner/CDVSpinnerDialog.m"; sourceTree = "<group>"; };
		A46A601941534D2FA381D02F /* APPNotificationContent.m */ = {isa = PBXFileReference; explicitFileType = undefined; fileEncoding = 4; includeInIndex = 0; lastKnownFileType = sourcecode.c.objc; name = APPNotificationContent.m; path = "cordova-plugin-local-notification/APPNotificationContent.m"; sourceTree = "<group>"; };
		A547D09F1C984A0B800DF2E2 /* AFHTTPSessionManager.m */ = {isa = PBXFileReference; explicitFileType = undefined; fileEncoding = 4; includeInIndex = 0; lastKnownFileType = sourcecode.c.objc; name = AFHTTPSessionManager.m; path = "cordova-plugin-advanced-http/AFHTTPSessionManager.m"; sourceTree = "<group>"; };
		A680F6C3679C43DF8AFDF69E /* RequestLocationAccuracy.h */ = {isa = PBXFileReference; explicitFileType = undefined; fileEncoding = 4; includeInIndex = 0; lastKnownFileType = sourcecode.c.h; name = RequestLocationAccuracy.h; path = "cordova-plugin-request-location-accuracy/RequestLocationAccuracy.h"; sourceTree = "<group>"; };
		A924EB24110E46FAB34453B2 /* Diagnostic_Camera.h */ = {isa = PBXFileReference; explicitFileType = undefined; fileEncoding = 4; includeInIndex = 0; lastKnownFileType = sourcecode.c.h; name = Diagnostic_Camera.h; path = cordova.plugins.diagnostic/Diagnostic_Camera.h; sourceTree = "<group>"; };
		AA15349DBD624EADB0D07012 /* AppVersion.m */ = {isa = PBXFileReference; explicitFileType = undefined; fileEncoding = 4; includeInIndex = 0; lastKnownFileType = sourcecode.c.objc; name = AppVersion.m; path = "cordova-plugin-app-version/AppVersion.m"; sourceTree = "<group>"; };
		AC3BD73E253248359821688C /* Diagnostic_Location.h */ = {isa = PBXFileReference; explicitFileType = undefined; fileEncoding = 4; includeInIndex = 0; lastKnownFileType = sourcecode.c.h; name = Diagnostic_Location.h; path = cordova.plugins.diagnostic/Diagnostic_Location.h; sourceTree = "<group>"; };
		ACA9F350662D47F190E0FCD2 /* APPLocalNotification.h */ = {isa = PBXFileReference; explicitFileType = undefined; fileEncoding = 4; includeInIndex = 0; lastKnownFileType = sourcecode.c.h; name = APPLocalNotification.h; path = "cordova-plugin-local-notification/APPLocalNotification.h"; sourceTree = "<group>"; };
		AD750119CD6B4B4793A35320 /* AVFoundation.framework */ = {isa = PBXFileReference; explicitFileType = undefined; fileEncoding = 9; includeInIndex = 0; lastKnownFileType = wrapper.framework; name = AVFoundation.framework; path = System/Library/Frameworks/AVFoundation.framework; sourceTree = SDKROOT; };
		ADCEAB0C8B7A4BD4860AFEFC /* Contacts.framework */ = {isa = PBXFileReference; explicitFileType = undefined; fileEncoding = 9; includeInIndex = 0; lastKnownFileType = wrapper.framework; name = Contacts.framework; path = System/Library/Frameworks/Contacts.framework; sourceTree = SDKROOT; };
		B163980708D74F9B9A674848 /* CDVCamera.m */ = {isa = PBXFileReference; explicitFileType = undefined; fileEncoding = 4; includeInIndex = 0; lastKnownFileType = sourcecode.c.objc; name = CDVCamera.m; path = "cordova-plugin-camera/CDVCamera.m"; sourceTree = "<group>"; };
		B317713B8CD848F6B3F5106F /* UNNotificationRequest+APPLocalNotification.m */ = {isa = PBXFileReference; explicitFileType = undefined; fileEncoding = 4; includeInIndex = 0; lastKnownFileType = sourcecode.c.objc; name = "UNNotificationRequest+APPLocalNotification.m"; path = "cordova-plugin-local-notification/UNNotificationRequest+APPLocalNotification.m"; sourceTree = "<group>"; };
		B43247E60AA04A7E85747075 /* CDVDevice.h */ = {isa = PBXFileReference; explicitFileType = undefined; fileEncoding = 4; includeInIndex = 0; lastKnownFileType = sourcecode.c.h; name = CDVDevice.h; path = "cordova-plugin-device/CDVDevice.h"; sourceTree = "<group>"; };
		B68BB4B20A5F443E9CE3D7CB /* AppVersion.h */ = {isa = PBXFileReference; explicitFileType = undefined; fileEncoding = 4; includeInIndex = 0; lastKnownFileType = sourcecode.c.h; name = AppVersion.h; path = "cordova-plugin-app-version/AppVersion.h"; sourceTree = "<group>"; };
		B759017DCD124C95A5A1C04D /* TextResponseSerializer.h */ = {isa = PBXFileReference; explicitFileType = undefined; fileEncoding = 4; includeInIndex = 0; lastKnownFileType = sourcecode.c.h; name = TextResponseSerializer.h; path = "cordova-plugin-advanced-http/TextResponseSerializer.h"; sourceTree = "<group>"; };
		B8026B68BB1C4378BE834958 /* CDVIonicKeyboard.h */ = {isa = PBXFileReference; explicitFileType = undefined; fileEncoding = 4; includeInIndex = 0; lastKnownFileType = sourcecode.c.h; name = CDVIonicKeyboard.h; path = "cordova-plugin-ionic-keyboard/CDVIonicKeyboard.h"; sourceTree = "<group>"; };
		BC7EA3CD51CC4EBC947C4E5D /* APPNotificationOptions.m */ = {isa = PBXFileReference; explicitFileType = undefined; fileEncoding = 4; includeInIndex = 0; lastKnownFileType = sourcecode.c.objc; name = APPNotificationOptions.m; path = "cordova-plugin-local-notification/APPNotificationOptions.m"; sourceTree = "<group>"; };
		BC85C5BE84E64CEA96E73D50 /* AFURLResponseSerialization.h */ = {isa = PBXFileReference; explicitFileType = undefined; fileEncoding = 4; includeInIndex = 0; lastKnownFileType = sourcecode.c.h; name = AFURLResponseSerialization.h; path = "cordova-plugin-advanced-http/AFURLResponseSerialization.h"; sourceTree = "<group>"; };
		BE2140B1C88542B8A58200E7 /* EventKit.framework */ = {isa = PBXFileReference; explicitFileType = undefined; fileEncoding = 9; includeInIndex = 0; lastKnownFileType = wrapper.framework; name = EventKit.framework; path = System/Library/Frameworks/EventKit.framework; sourceTree = SDKROOT; };
		C125FFC1E4E44944889118DE /* Diagnostic_Contacts.h */ = {isa = PBXFileReference; explicitFileType = undefined; fileEncoding = 4; includeInIndex = 0; lastKnownFileType = sourcecode.c.h; name = Diagnostic_Contacts.h; path = cordova.plugins.diagnostic/Diagnostic_Contacts.h; sourceTree = "<group>"; };
		C211F356E65C41FAAB8C4579 /* Diagnostic_Reminders.h */ = {isa = PBXFileReference; explicitFileType = undefined; fileEncoding = 4; includeInIndex = 0; lastKnownFileType = sourcecode.c.h; name = Diagnostic_Reminders.h; path = cordova.plugins.diagnostic/Diagnostic_Reminders.h; sourceTree = "<group>"; };
		C335C3A626B84F8D956BFB00 /* CordovaHttpPlugin.m */ = {isa = PBXFileReference; explicitFileType = undefined; fileEncoding = 4; includeInIndex = 0; lastKnownFileType = sourcecode.c.objc; name = CordovaHttpPlugin.m; path = "cordova-plugin-advanced-http/CordovaHttpPlugin.m"; sourceTree = "<group>"; };
		C5DF228F050F42D4A06B2865 /* CDVStatusBar.h */ = {isa = PBXFileReference; explicitFileType = undefined; fileEncoding = 4; includeInIndex = 0; lastKnownFileType = sourcecode.c.h; name = CDVStatusBar.h; path = "cordova-plugin-statusbar/CDVStatusBar.h"; sourceTree = "<group>"; };
		C9EC1CDA413C914D88E7EEB9 /* Pods-MathCityMap.debug.xcconfig */ = {isa = PBXFileReference; includeInIndex = 1; lastKnownFileType = text.xcconfig; name = "Pods-MathCityMap.debug.xcconfig"; path = "Target Support Files/Pods-MathCityMap/Pods-MathCityMap.debug.xcconfig"; sourceTree = "<group>"; };
		CAFF88B4869945EE91C0824C /* Security.framework */ = {isa = PBXFileReference; explicitFileType = undefined; fileEncoding = 9; includeInIndex = 0; lastKnownFileType = wrapper.framework; name = Security.framework; path = System/Library/Frameworks/Security.framework; sourceTree = SDKROOT; };
		CC0499C86BFF4203B171B8B3 /* SQLitePlugin.h */ = {isa = PBXFileReference; explicitFileType = undefined; fileEncoding = 4; includeInIndex = 0; lastKnownFileType = sourcecode.c.h; name = SQLitePlugin.h; path = "cordova-sqlite-storage/SQLitePlugin.h"; sourceTree = "<group>"; };
		CECE692B140147C9876BB795 /* APPLocalNotification.m */ = {isa = PBXFileReference; explicitFileType = undefined; fileEncoding = 4; includeInIndex = 0; lastKnownFileType = sourcecode.c.objc; name = APPLocalNotification.m; path = "cordova-plugin-local-notification/APPLocalNotification.m"; sourceTree = "<group>"; };
		D2738844BBB543D1A5C1C227 /* CDVWKProcessPoolFactory.h */ = {isa = PBXFileReference; explicitFileType = undefined; fileEncoding = 4; includeInIndex = 0; lastKnownFileType = sourcecode.c.h; name = CDVWKProcessPoolFactory.h; path = "cordova-plugin-ionic-webview/CDVWKProcessPoolFactory.h"; sourceTree = "<group>"; };
		D36EF84D3FD5D03164358DA3 /* Pods-MathCityMap.release.xcconfig */ = {isa = PBXFileReference; includeInIndex = 1; lastKnownFileType = text.xcconfig; name = "Pods-MathCityMap.release.xcconfig"; path = "Target Support Files/Pods-MathCityMap/Pods-MathCityMap.release.xcconfig"; sourceTree = "<group>"; };
		D5984160003F4F4FB34D67C6 /* CDVInAppBrowserNavigationController.m */ = {isa = PBXFileReference; explicitFileType = undefined; fileEncoding = 4; includeInIndex = 0; lastKnownFileType = sourcecode.c.objc; name = CDVInAppBrowserNavigationController.m; path = "cordova-plugin-inappbrowser/CDVInAppBrowserNavigationController.m"; sourceTree = "<group>"; };
		D85AE1AB37F246BCA281273D /* CDVReachability.m */ = {isa = PBXFileReference; explicitFileType = undefined; fileEncoding = 4; includeInIndex = 0; lastKnownFileType = sourcecode.c.objc; name = CDVReachability.m; path = "cordova-plugin-network-information/CDVReachability.m"; sourceTree = "<group>"; };
		DC431126463A4F73B530A661 /* sqlite3.c */ = {isa = PBXFileReference; explicitFileType = undefined; fileEncoding = 9; includeInIndex = 0; lastKnownFileType = unknown; name = sqlite3.c; path = "cordova-sqlite-storage/sqlite3.c"; sourceTree = "<group>"; };
		E12F03E9DC12452492F1D7C1 /* SQLitePlugin.m */ = {isa = PBXFileReference; explicitFileType = undefined; fileEncoding = 4; includeInIndex = 0; lastKnownFileType = sourcecode.c.objc; name = SQLitePlugin.m; path = "cordova-sqlite-storage/SQLitePlugin.m"; sourceTree = "<group>"; };
		E13B3541549A484DA83D0909 /* Diagnostic_Reminders.m */ = {isa = PBXFileReference; explicitFileType = undefined; fileEncoding = 4; includeInIndex = 0; lastKnownFileType = sourcecode.c.objc; name = Diagnostic_Reminders.m; path = cordova.plugins.diagnostic/Diagnostic_Reminders.m; sourceTree = "<group>"; };
		E434393B5B2841BBA6A3141A /* Diagnostic_Motion.m */ = {isa = PBXFileReference; explicitFileType = undefined; fileEncoding = 4; includeInIndex = 0; lastKnownFileType = sourcecode.c.objc; name = Diagnostic_Motion.m; path = cordova.plugins.diagnostic/Diagnostic_Motion.m; sourceTree = "<group>"; };
		E48D91ED9D6A4C4791D00B9C /* AFURLResponseSerialization.m */ = {isa = PBXFileReference; explicitFileType = undefined; fileEncoding = 4; includeInIndex = 0; lastKnownFileType = sourcecode.c.objc; name = AFURLResponseSerialization.m; path = "cordova-plugin-advanced-http/AFURLResponseSerialization.m"; sourceTree = "<group>"; };
		E577200B060A4C5884352ACB /* CDVConnection.m */ = {isa = PBXFileReference; explicitFileType = undefined; fileEncoding = 4; includeInIndex = 0; lastKnownFileType = sourcecode.c.objc; name = CDVConnection.m; path = "cordova-plugin-network-information/CDVConnection.m"; sourceTree = "<group>"; };
		E6EFF2D08AA2475AA4A4EF0C /* Diagnostic_Wifi.h */ = {isa = PBXFileReference; explicitFileType = undefined; fileEncoding = 4; includeInIndex = 0; lastKnownFileType = sourcecode.c.h; name = Diagnostic_Wifi.h; path = cordova.plugins.diagnostic/Diagnostic_Wifi.h; sourceTree = "<group>"; };
		E80DCCFEBEBC47B694EA12EC /* Diagnostic_Calendar.h */ = {isa = PBXFileReference; explicitFileType = undefined; fileEncoding = 4; includeInIndex = 0; lastKnownFileType = sourcecode.c.h; name = Diagnostic_Calendar.h; path = cordova.plugins.diagnostic/Diagnostic_Calendar.h; sourceTree = "<group>"; };
		E9EEF0B143BE4EA8A9099BE0 /* CDVWKWebViewEngine.h */ = {isa = PBXFileReference; explicitFileType = undefined; fileEncoding = 4; includeInIndex = 0; lastKnownFileType = sourcecode.c.h; name = CDVWKWebViewEngine.h; path = "cordova-plugin-ionic-webview/CDVWKWebViewEngine.h"; sourceTree = "<group>"; };
		EAAB5E6B69334F35A96E86E3 /* CDVAssetLibraryFilesystem.m */ = {isa = PBXFileReference; explicitFileType = undefined; fileEncoding = 4; includeInIndex = 0; lastKnownFileType = sourcecode.c.objc; name = CDVAssetLibraryFilesystem.m; path = "cordova-plugin-file/CDVAssetLibraryFilesystem.m"; sourceTree = "<group>"; };
		EB87FDF31871DA8E0020F90C /* www */ = {isa = PBXFileReference; lastKnownFileType = folder; name = www; path = ../../www; sourceTree = "<group>"; };
		EB87FDF41871DAF40020F90C /* config.xml */ = {isa = PBXFileReference; lastKnownFileType = text.xml; name = config.xml; path = ../../config.xml; sourceTree = "<group>"; };
		ED33DF2A687741AEAF9F8254 /* Bridging-Header.h */ = {isa = PBXFileReference; fileEncoding = 4; lastKnownFileType = sourcecode.c.h; path = "Bridging-Header.h"; sourceTree = "<group>"; };
		EE7B29ACA6DF431690C43179 /* CDVSound.h */ = {isa = PBXFileReference; explicitFileType = undefined; fileEncoding = 4; includeInIndex = 0; lastKnownFileType = sourcecode.c.h; name = CDVSound.h; path = "cordova-plugin-media/CDVSound.h"; sourceTree = "<group>"; };
		EF69084A8E6F467AAF3CB6E8 /* Diagnostic_Wifi.m */ = {isa = PBXFileReference; explicitFileType = undefined; fileEncoding = 4; includeInIndex = 0; lastKnownFileType = sourcecode.c.objc; name = Diagnostic_Wifi.m; path = cordova.plugins.diagnostic/Diagnostic_Wifi.m; sourceTree = "<group>"; };
		F0020F6BF83047C8B3B29454 /* CDVSplashScreen.h */ = {isa = PBXFileReference; explicitFileType = undefined; fileEncoding = 4; includeInIndex = 0; lastKnownFileType = sourcecode.c.h; name = CDVSplashScreen.h; path = "cordova-plugin-splashscreen/CDVSplashScreen.h"; sourceTree = "<group>"; };
		F2D7029FAF9D42F2AEB214E2 /* CDVIonicKeyboard.m */ = {isa = PBXFileReference; explicitFileType = undefined; fileEncoding = 4; includeInIndex = 0; lastKnownFileType = sourcecode.c.objc; name = CDVIonicKeyboard.m; path = "cordova-plugin-ionic-keyboard/CDVIonicKeyboard.m"; sourceTree = "<group>"; };
		F3F01A5C545E4043A40C521D /* Diagnostic_Camera.m */ = {isa = PBXFileReference; explicitFileType = undefined; fileEncoding = 4; includeInIndex = 0; lastKnownFileType = sourcecode.c.objc; name = Diagnostic_Camera.m; path = cordova.plugins.diagnostic/Diagnostic_Camera.m; sourceTree = "<group>"; };
		F49C55F6A47F4D14BC941B2F /* CDVWKProcessPoolFactory.m */ = {isa = PBXFileReference; explicitFileType = undefined; fileEncoding = 4; includeInIndex = 0; lastKnownFileType = sourcecode.c.objc; name = CDVWKProcessPoolFactory.m; path = "cordova-plugin-ionic-webview/CDVWKProcessPoolFactory.m"; sourceTree = "<group>"; };
		F5825CA2D4014CB3B954CD56 /* CDVOrientation.m */ = {isa = PBXFileReference; explicitFileType = undefined; fileEncoding = 4; includeInIndex = 0; lastKnownFileType = sourcecode.c.objc; name = CDVOrientation.m; path = "cordova-plugin-screen-orientation/CDVOrientation.m"; sourceTree = "<group>"; };
		F7734E35AF5A48D09E8612C1 /* UserNotifications.framework */ = {isa = PBXFileReference; explicitFileType = undefined; fileEncoding = 9; includeInIndex = 0; lastKnownFileType = wrapper.framework; name = UserNotifications.framework; path = System/Library/Frameworks/UserNotifications.framework; sourceTree = SDKROOT; };
		F840E1F0165FE0F500CFE078 /* config.xml */ = {isa = PBXFileReference; lastKnownFileType = text.xml; name = config.xml; path = MathCityMap/config.xml; sourceTree = "<group>"; };
		F88BACD3B43943F987235637 /* Diagnostic.h */ = {isa = PBXFileReference; explicitFileType = undefined; fileEncoding = 4; includeInIndex = 0; lastKnownFileType = sourcecode.c.h; name = Diagnostic.h; path = cordova.plugins.diagnostic/Diagnostic.h; sourceTree = "<group>"; };
		FA9DF1BD862545C88F5E5AA7 /* CDVLocation.m */ = {isa = PBXFileReference; explicitFileType = undefined; fileEncoding = 4; includeInIndex = 0; lastKnownFileType = sourcecode.c.objc; name = CDVLocation.m; path = "cordova-plugin-geolocation/CDVLocation.m"; sourceTree = "<group>"; };
		FB64BCFF7B8E46978000EC5C /* CDVJpegHeaderWriter.h */ = {isa = PBXFileReference; explicitFileType = undefined; fileEncoding = 4; includeInIndex = 0; lastKnownFileType = sourcecode.c.h; name = CDVJpegHeaderWriter.h; path = "cordova-plugin-camera/CDVJpegHeaderWriter.h"; sourceTree = "<group>"; };
		FCF944C9EC624E148AA9E109 /* CDVWKWebViewUIDelegate.h */ = {isa = PBXFileReference; explicitFileType = undefined; fileEncoding = 4; includeInIndex = 0; lastKnownFileType = sourcecode.c.h; name = CDVWKWebViewUIDelegate.h; path = "cordova-plugin-ionic-webview/CDVWKWebViewUIDelegate.h"; sourceTree = "<group>"; };
/* End PBXFileReference section */

/* Begin PBXFrameworksBuildPhase section */
		1D60588F0D05DD3D006BFB54 /* Frameworks */ = {
			isa = PBXFrameworksBuildPhase;
			buildActionMask = 2147483647;
			files = (
				301BF552109A68D80062928A /* libCordova.a in Frameworks */,
				46313810ED424F3DB4D31E1B /* libz.tbd in Frameworks */,
				20F5B2DA3C17F325FE342FAD /* libPods-MathCityMap.a in Frameworks */,
				9851014B7FDD4518AB25D272 /* Security.framework in Frameworks */,
				A9FA657DBABD40CD9C773475 /* SystemConfiguration.framework in Frameworks */,
				7030A105DE7C47B388EA9328 /* ImageIO.framework in Frameworks */,
				00CA5C501BA147FCB7563892 /* CoreLocation.framework in Frameworks */,
				56B2E10B3E16463995944CC3 /* AVFoundation.framework in Frameworks */,
				F6BB84469C3A46C0B5FE1BBA /* WebKit.framework in Frameworks */,
				EBFF1AA0F5E54AFCB3095097 /* UserNotifications.framework in Frameworks */,
				B1B6E313CF9D4E44AD3F27AC /* CoreTelephony.framework in Frameworks */,
				41E9C31127FF49BDABAC645F /* CoreBluetooth.framework in Frameworks */,
				F36C4037A39B4C8F94B3560D /* Photos.framework in Frameworks */,
				5E3728483E8F488ABD77502E /* Contacts.framework in Frameworks */,
				84CC56825D354177A75AE259 /* AddressBook.framework in Frameworks */,
				E374AB3D6C6F48AA989822AA /* EventKit.framework in Frameworks */,
				31F236EC5C374FF58E779E32 /* CoreMotion.framework in Frameworks */,
			);
			runOnlyForDeploymentPostprocessing = 0;
		};
/* End PBXFrameworksBuildPhase section */

/* Begin PBXGroup section */
		080E96DDFE201D6D7F000001 /* Classes */ = {
			isa = PBXGroup;
			children = (
				302D95EE14D2391D003F00A1 /* MainViewController.h */,
				302D95EF14D2391D003F00A1 /* MainViewController.m */,
				302D95F014D2391D003F00A1 /* MainViewController.xib */,
				1D3623240D0F684500981E51 /* AppDelegate.h */,
				1D3623250D0F684500981E51 /* AppDelegate.m */,
			);
			name = Classes;
			path = MathCityMap/Classes;
			sourceTree = SOURCE_ROOT;
		};
		19C28FACFE9D520D11CA2CBB /* Products */ = {
			isa = PBXGroup;
			children = (
				1D6058910D05DD3D006BFB54 /* MathCityMap.app */,
			);
			name = Products;
			sourceTree = "<group>";
		};
		2946EFF0D270E786DCC9CA81 /* Pods */ = {
			isa = PBXGroup;
			children = (
				C9EC1CDA413C914D88E7EEB9 /* Pods-MathCityMap.debug.xcconfig */,
				D36EF84D3FD5D03164358DA3 /* Pods-MathCityMap.release.xcconfig */,
			);
			path = Pods;
			sourceTree = "<group>";
		};
		29B97314FDCFA39411CA2CEA /* CustomTemplate */ = {
			isa = PBXGroup;
			children = (
				EB87FDF41871DAF40020F90C /* config.xml */,
				EB87FDF31871DA8E0020F90C /* www */,
				EB87FDF11871DA420020F90C /* Staging */,
				301BF52D109A57CC0062928A /* CordovaLib.xcodeproj */,
				080E96DDFE201D6D7F000001 /* Classes */,
				307C750510C5A3420062BCA9 /* Plugins */,
				29B97315FDCFA39411CA2CEA /* Other Sources */,
				29B97317FDCFA39411CA2CEA /* Resources */,
				29B97323FDCFA39411CA2CEA /* Frameworks */,
				19C28FACFE9D520D11CA2CBB /* Products */,
				2946EFF0D270E786DCC9CA81 /* Pods */,
			);
			name = CustomTemplate;
			sourceTree = "<group>";
		};
		29B97315FDCFA39411CA2CEA /* Other Sources */ = {
			isa = PBXGroup;
			children = (
				32CA4F630368D1EE00C91783 /* MathCityMap-Prefix.pch */,
				29B97316FDCFA39411CA2CEA /* main.m */,
				ED33DF2A687741AEAF9F8254 /* Bridging-Header.h */,
			);
			name = "Other Sources";
			path = MathCityMap;
			sourceTree = "<group>";
		};
		29B97317FDCFA39411CA2CEA /* Resources */ = {
			isa = PBXGroup;
			children = (
				0207DA571B56EA530066E2B4 /* Images.xcassets */,
				3047A50E1AB8057F00498E2A /* config */,
				8D1107310486CEB800E47090 /* MathCityMap-Info.plist */,
				6AFF5BF81D6E424B00AB3073 /* CDVLaunchScreen.storyboard */,
			);
			name = Resources;
			path = MathCityMap/Resources;
			sourceTree = "<group>";
		};
		29B97323FDCFA39411CA2CEA /* Frameworks */ = {
			isa = PBXGroup;
			children = (
				10278625C14F46769A3E3DDA /* libz.tbd */,
				533FD236728DC77210CBB33B /* libPods-MathCityMap.a */,
				CAFF88B4869945EE91C0824C /* Security.framework */,
				0B3A95C732B84FFCBDDECAA9 /* SystemConfiguration.framework */,
				539BACF05F7D49E0A1A8EE6B /* ImageIO.framework */,
				9D2C6D48ACFD433C9501947D /* CoreLocation.framework */,
				AD750119CD6B4B4793A35320 /* AVFoundation.framework */,
				59591D78715542B6AA626F6D /* WebKit.framework */,
				F7734E35AF5A48D09E8612C1 /* UserNotifications.framework */,
				278ECAA0F66E4FF09458E4A1 /* CoreTelephony.framework */,
				99C0A2FC22054BA4B0970BC1 /* CoreBluetooth.framework */,
				19F30993C1BC4211854D9904 /* Photos.framework */,
				ADCEAB0C8B7A4BD4860AFEFC /* Contacts.framework */,
				4660645CAC2D4DD0B0048209 /* AddressBook.framework */,
				BE2140B1C88542B8A58200E7 /* EventKit.framework */,
				72B7E0C5F4444B8199500353 /* CoreMotion.framework */,
			);
			name = Frameworks;
			sourceTree = "<group>";
		};
		301BF52E109A57CC0062928A /* Products */ = {
			isa = PBXGroup;
			children = (
				301BF535109A57CC0062928A /* libCordova.a */,
				907D8124214C687600058A10 /* Cordova.framework */,
			);
			name = Products;
			sourceTree = "<group>";
		};
		3047A50E1AB8057F00498E2A /* config */ = {
			isa = PBXGroup;
			children = (
				3047A50F1AB8059700498E2A /* build-debug.xcconfig */,
				3047A5101AB8059700498E2A /* build-release.xcconfig */,
				3047A5111AB8059700498E2A /* build.xcconfig */,
			);
			name = config;
			sourceTree = "<group>";
		};
		307C750510C5A3420062BCA9 /* Plugins */ = {
			isa = PBXGroup;
			children = (
				95C23CA120224E1AB3C26510 /* PhotoViewer.m */,
				9EFC57B39F504D05AFE4B204 /* JJzip.h */,
				7F91EB7752F04D0D862EA122 /* JJzip.m */,
				87F3B8AAA05F4DB499A50483 /* CDVFile.m */,
				2A1EEFE524CD4EFE8B86FD16 /* CDVLocalFilesystem.m */,
				EAAB5E6B69334F35A96E86E3 /* CDVAssetLibraryFilesystem.m */,
				095B24479A7F4B9A93877411 /* CDVFile.h */,
				501AE4D6B8CC4D618B47C124 /* CDVLocalFilesystem.h */,
				67CD8F27EB2244D48C8B56B6 /* CDVAssetLibraryFilesystem.h */,
				C335C3A626B84F8D956BFB00 /* CordovaHttpPlugin.m */,
				A1314109C583415E81C4AED1 /* TextResponseSerializer.m */,
				A547D09F1C984A0B800DF2E2 /* AFHTTPSessionManager.m */,
				2AE83BD7D4ED44599C57A693 /* AFNetworkReachabilityManager.m */,
				08C872C4FBFC4FDBB9669A6E /* AFSecurityPolicy.m */,
				75A275A20C9C41DFA1ADE0EC /* AFURLRequestSerialization.m */,
				E48D91ED9D6A4C4791D00B9C /* AFURLResponseSerialization.m */,
				2B26B2352600462DB502AA8C /* AFURLSessionManager.m */,
				92AA17EB2C7249BF93C6B608 /* CordovaHttpPlugin.h */,
				B759017DCD124C95A5A1C04D /* TextResponseSerializer.h */,
				389CC575056D4371BBA95208 /* AFHTTPSessionManager.h */,
				35B2D75BCCA34DC88A9379B8 /* AFNetworking.h */,
				433DBA2C76D2456D9A457B2F /* AFNetworkReachabilityManager.h */,
				4F853964DE7F44549AF6EFB3 /* AFSecurityPolicy.h */,
				438403CC3B1E4912934B7005 /* AFURLRequestSerialization.h */,
				BC85C5BE84E64CEA96E73D50 /* AFURLResponseSerialization.h */,
				51FBE1968ACF417F977EB952 /* AFURLSessionManager.h */,
				AA15349DBD624EADB0D07012 /* AppVersion.m */,
				B68BB4B20A5F443E9CE3D7CB /* AppVersion.h */,
				0B9EDE3EEC8E430EB45C3982 /* APPBadge.m */,
				1A879BC801EC429097820C1B /* APPBadge.h */,
				8231B8BF6BA9408DA6A16467 /* UIImage+CropScaleOrientation.m */,
				B163980708D74F9B9A674848 /* CDVCamera.m */,
				547291E610AC4F788F9F464D /* CDVJpegHeaderWriter.m */,
				5321B512A0EF4C3AAD8502FA /* UIImage+CropScaleOrientation.h */,
				242C8FFCF7764AD68A5D60CF /* CDVCamera.h */,
				FB64BCFF7B8E46978000EC5C /* CDVJpegHeaderWriter.h */,
				98F301F27D354624A0E7E489 /* CDVExif.h */,
				3B44E832EB7648DA9B84E516 /* CDVDevice.m */,
				B43247E60AA04A7E85747075 /* CDVDevice.h */,
				16481D10D3524847B8D8716C /* CDVFileTransfer.m */,
				835E791EA102454B8CC7C345 /* CDVFileTransfer.h */,
				FA9DF1BD862545C88F5E5AA7 /* CDVLocation.m */,
				28498038009E4D3D9C0085E0 /* CDVLocation.h */,
				0A631ADFDE8D4875BF3526D8 /* CDVGlobalization.m */,
				0510B986DD5340689D90C3CB /* CDVGlobalization.h */,
				F2D7029FAF9D42F2AEB214E2 /* CDVIonicKeyboard.m */,
				B8026B68BB1C4378BE834958 /* CDVIonicKeyboard.h */,
				68D3C56540A545BA9BD8079C /* CDVWKWebViewEngine.m */,
				5F2A81431CE345439FFEC6AE /* CDVWKWebViewUIDelegate.m */,
				F49C55F6A47F4D14BC941B2F /* CDVWKProcessPoolFactory.m */,
				4B2F4CF28EAF4B01AB219D15 /* IONAssetHandler.m */,
				E9EEF0B143BE4EA8A9099BE0 /* CDVWKWebViewEngine.h */,
				FCF944C9EC624E148AA9E109 /* CDVWKWebViewUIDelegate.h */,
				D2738844BBB543D1A5C1C227 /* CDVWKProcessPoolFactory.h */,
				5ABFA688D9234C26ADEDFFCC /* IONAssetHandler.h */,
				CECE692B140147C9876BB795 /* APPLocalNotification.m */,
				A46A601941534D2FA381D02F /* APPNotificationContent.m */,
				BC7EA3CD51CC4EBC947C4E5D /* APPNotificationOptions.m */,
				98C92D17A201406A87276E43 /* UNUserNotificationCenter+APPLocalNotification.m */,
				B317713B8CD848F6B3F5106F /* UNNotificationRequest+APPLocalNotification.m */,
				ACA9F350662D47F190E0FCD2 /* APPLocalNotification.h */,
				04E1293B92E240118AD2A539 /* APPNotificationContent.h */,
				91CB652A74E749638F506B4D /* APPNotificationOptions.h */,
				1472CE7B76F447ACA2F86DE8 /* UNUserNotificationCenter+APPLocalNotification.h */,
				6FCA90A6B97C4B54895F2A26 /* UNNotificationRequest+APPLocalNotification.h */,
				222E07AAE8F74797939014DD /* CDVSound.m */,
				EE7B29ACA6DF431690C43179 /* CDVSound.h */,
				A35392ED61E147D9A628728B /* CDVSpinnerDialog.m */,
				1EE4D5C98DB44DE6AC73AC0F /* CDVSpinnerDialog.h */,
				E577200B060A4C5884352ACB /* CDVConnection.m */,
				D85AE1AB37F246BCA281273D /* CDVReachability.m */,
				3838E8831BA04340BB0FAB85 /* CDVConnection.h */,
				25DBD80C28D847A9AD26B386 /* CDVReachability.h */,
				5CF741A3190C401CA5478785 /* RequestLocationAccuracy.m */,
				A680F6C3679C43DF8AFDF69E /* RequestLocationAccuracy.h */,
				F5825CA2D4014CB3B954CD56 /* CDVOrientation.m */,
				13A99F38B7DC458CBB9DFFE3 /* CDVOrientation.h */,
				0145A3A0CA2E41AA8527F428 /* CDVSplashScreen.m */,
				3F52019BEF8C45ABB65074DC /* CDVViewController+SplashScreen.m */,
				F0020F6BF83047C8B3B29454 /* CDVSplashScreen.h */,
				5FC545C2105344C8AA346F4F /* CDVViewController+SplashScreen.h */,
				556FEC53BA6145D5811AB1B0 /* CDVStatusBar.m */,
				C5DF228F050F42D4A06B2865 /* CDVStatusBar.h */,
				E12F03E9DC12452492F1D7C1 /* SQLitePlugin.m */,
				4FBB85C4BD4B4886B5718618 /* CustomPSPDFThreadSafeMutableDictionary.m */,
				DC431126463A4F73B530A661 /* sqlite3.c */,
				CC0499C86BFF4203B171B8B3 /* SQLitePlugin.h */,
				2CD7DC023B80493CAE3B1325 /* sqlite3.h */,
				7A4F1B9D2C22469FABBEE37E /* Diagnostic.m */,
				797BC2E6573E4FA6AECDB5E9 /* Diagnostic_Location.m */,
				19F3B40EDE07431D93C26D4D /* Diagnostic_Bluetooth.m */,
				EF69084A8E6F467AAF3CB6E8 /* Diagnostic_Wifi.m */,
				F3F01A5C545E4043A40C521D /* Diagnostic_Camera.m */,
				0854D422A5E443109E1820E7 /* Diagnostic_Notifications.m */,
				57314D345A3D4114994FC257 /* Diagnostic_Microphone.m */,
				2103CBE1A209475FBCFBCA7C /* Diagnostic_Contacts.m */,
				36A765732F354D3DA22C4D4A /* Diagnostic_Calendar.m */,
				E13B3541549A484DA83D0909 /* Diagnostic_Reminders.m */,
				E434393B5B2841BBA6A3141A /* Diagnostic_Motion.m */,
				F88BACD3B43943F987235637 /* Diagnostic.h */,
				AC3BD73E253248359821688C /* Diagnostic_Location.h */,
				995D4E0E004944C2B7E73339 /* Diagnostic_Bluetooth.h */,
				E6EFF2D08AA2475AA4A4EF0C /* Diagnostic_Wifi.h */,
				A924EB24110E46FAB34453B2 /* Diagnostic_Camera.h */,
				491DE46029DC48BD8F9A0F54 /* Diagnostic_Notifications.h */,
				9680CAEDFBAB432ABAA634B8 /* Diagnostic_Microphone.h */,
				C125FFC1E4E44944889118DE /* Diagnostic_Contacts.h */,
				E80DCCFEBEBC47B694EA12EC /* Diagnostic_Calendar.h */,
				C211F356E65C41FAAB8C4579 /* Diagnostic_Reminders.h */,
				30FEFBD986A84BFCAADE8488 /* Diagnostic_Motion.h */,
				52B06B0A29BC43ABBC39EBAD /* CDVInAppBrowserOptions.m */,
				D5984160003F4F4FB34D67C6 /* CDVInAppBrowserNavigationController.m */,
				3F2C7C565B704272831CC0A6 /* CDVWKInAppBrowser.m */,
				699E8BAFBEB24DC59D5A5356 /* CDVWKInAppBrowserUIDelegate.m */,
				5FF4586F23894DF6B0981AAC /* CDVInAppBrowserOptions.h */,
				992A844FB03447219BD002D7 /* CDVInAppBrowserNavigationController.h */,
				08B74EAE13834956AB5F9C00 /* CDVWKInAppBrowser.h */,
				34F6262011F54272A059307F /* CDVWKInAppBrowserUIDelegate.h */,
			);
			name = Plugins;
			path = MathCityMap/Plugins;
			sourceTree = SOURCE_ROOT;
		};
		EB87FDF11871DA420020F90C /* Staging */ = {
			isa = PBXGroup;
			children = (
				F840E1F0165FE0F500CFE078 /* config.xml */,
				301BF56E109A69640062928A /* www */,
			);
			name = Staging;
			sourceTree = "<group>";
		};
/* End PBXGroup section */

/* Begin PBXNativeTarget section */
		1D6058900D05DD3D006BFB54 /* MathCityMap */ = {
			isa = PBXNativeTarget;
			buildConfigurationList = 1D6058960D05DD3E006BFB54 /* Build configuration list for PBXNativeTarget "MathCityMap" */;
			buildPhases = (
				9AB82E8020567DA50BB22B3F /* [CP] Check Pods Manifest.lock */,
				304B58A110DAC018002A0835 /* Copy www directory */,
				1D60588D0D05DD3D006BFB54 /* Resources */,
				1D60588E0D05DD3D006BFB54 /* Sources */,
				1D60588F0D05DD3D006BFB54 /* Frameworks */,
			);
			buildRules = (
			);
			dependencies = (
				301BF551109A68C00062928A /* PBXTargetDependency */,
			);
			name = MathCityMap;
			productName = MathCityMap;
			productReference = 1D6058910D05DD3D006BFB54 /* MathCityMap.app */;
			productType = "com.apple.product-type.application";
		};
/* End PBXNativeTarget section */

/* Begin PBXProject section */
		29B97313FDCFA39411CA2CEA /* Project object */ = {
			isa = PBXProject;
			attributes = {
				LastUpgradeCheck = 510;
				TargetAttributes = {
					1D6058900D05DD3D006BFB54 = {
						DevelopmentTeam = 52N63JF6C2;
						ProvisioningStyle = Manual;
					};
				};
			};
			buildConfigurationList = C01FCF4E08A954540054247B /* Build configuration list for PBXProject "MathCityMap" */;
			compatibilityVersion = "Xcode 3.2";
			developmentRegion = English;
			hasScannedForEncodings = 1;
			knownRegions = (
				English,
				en,
				Base,
			);
			mainGroup = 29B97314FDCFA39411CA2CEA /* CustomTemplate */;
			productRefGroup = 19C28FACFE9D520D11CA2CBB /* Products */;
			projectDirPath = "";
			projectReferences = (
				{
					ProductGroup = 301BF52E109A57CC0062928A /* Products */;
					ProjectRef = 301BF52D109A57CC0062928A /* CordovaLib.xcodeproj */;
				},
			);
			projectRoot = "";
			targets = (
				1D6058900D05DD3D006BFB54 /* MathCityMap */,
			);
		};
/* End PBXProject section */

/* Begin PBXReferenceProxy section */
		301BF535109A57CC0062928A /* libCordova.a */ = {
			isa = PBXReferenceProxy;
			fileType = archive.ar;
			path = libCordova.a;
			remoteRef = 301BF534109A57CC0062928A /* PBXContainerItemProxy */;
			sourceTree = BUILT_PRODUCTS_DIR;
		};
		907D8124214C687600058A10 /* Cordova.framework */ = {
			isa = PBXReferenceProxy;
			fileType = wrapper.framework;
			path = Cordova.framework;
			remoteRef = 907D8123214C687600058A10 /* PBXContainerItemProxy */;
			sourceTree = BUILT_PRODUCTS_DIR;
		};
/* End PBXReferenceProxy section */

/* Begin PBXResourcesBuildPhase section */
		1D60588D0D05DD3D006BFB54 /* Resources */ = {
			isa = PBXResourcesBuildPhase;
			buildActionMask = 2147483647;
			files = (
				302D95F214D2391D003F00A1 /* MainViewController.xib in Resources */,
				0207DA581B56EA530066E2B4 /* Images.xcassets in Resources */,
				6AFF5BF91D6E424B00AB3073 /* CDVLaunchScreen.storyboard in Resources */,
			);
			runOnlyForDeploymentPostprocessing = 0;
		};
/* End PBXResourcesBuildPhase section */

/* Begin PBXShellScriptBuildPhase section */
		304B58A110DAC018002A0835 /* Copy www directory */ = {
			isa = PBXShellScriptBuildPhase;
			buildActionMask = 2147483647;
			files = (
			);
			inputPaths = (
			);
			name = "Copy www directory";
			outputPaths = (
			);
			runOnlyForDeploymentPostprocessing = 0;
			shellPath = /bin/sh;
			shellScript = "\"$SRCROOT/MathCityMap/Scripts/copy-www-build-step.sh\"";
			showEnvVarsInLog = 0;
		};
		9AB82E8020567DA50BB22B3F /* [CP] Check Pods Manifest.lock */ = {
			isa = PBXShellScriptBuildPhase;
			buildActionMask = 2147483647;
			files = (
			);
			inputFileListPaths = (
			);
			inputPaths = (
				"${PODS_PODFILE_DIR_PATH}/Podfile.lock",
				"${PODS_ROOT}/Manifest.lock",
			);
			name = "[CP] Check Pods Manifest.lock";
			outputFileListPaths = (
			);
			outputPaths = (
				"$(DERIVED_FILE_DIR)/Pods-MathCityMap-checkManifestLockResult.txt",
			);
			runOnlyForDeploymentPostprocessing = 0;
			shellPath = /bin/sh;
			shellScript = "diff \"${PODS_PODFILE_DIR_PATH}/Podfile.lock\" \"${PODS_ROOT}/Manifest.lock\" > /dev/null\nif [ $? != 0 ] ; then\n    # print error to STDERR\n    echo \"error: The sandbox is not in sync with the Podfile.lock. Run 'pod install' or update your CocoaPods installation.\" >&2\n    exit 1\nfi\n# This output is used by Xcode 'outputs' to avoid re-running this script phase.\necho \"SUCCESS\" > \"${SCRIPT_OUTPUT_FILE_0}\"\n";
			showEnvVarsInLog = 0;
		};
/* End PBXShellScriptBuildPhase section */

/* Begin PBXSourcesBuildPhase section */
		1D60588E0D05DD3D006BFB54 /* Sources */ = {
			isa = PBXSourcesBuildPhase;
			buildActionMask = 2147483647;
			files = (
				1D60589B0D05DD56006BFB54 /* main.m in Sources */,
				1D3623260D0F684500981E51 /* AppDelegate.m in Sources */,
				302D95F114D2391D003F00A1 /* MainViewController.m in Sources */,
				F7854586D8CD4C1A85D5B96C /* PhotoViewer.m in Sources */,
				30B1DFD68A4A4ABEB20CBD1E /* JJzip.h in Sources */,
				56DF799E62594BBE83835D79 /* JJzip.m in Sources */,
				94DDBD875BDE4267A574DF9C /* CDVFile.m in Sources */,
				AE1FEB2BE28A4F53BB6EC956 /* CDVLocalFilesystem.m in Sources */,
				0C8CDE859BFF4C73AB9153A8 /* CDVAssetLibraryFilesystem.m in Sources */,
				9681C22C58CC4614802333EC /* CordovaHttpPlugin.m in Sources */,
				4CFFF24914FA4CFDAE0ABB0E /* TextResponseSerializer.m in Sources */,
				C4D3FBD346034C958EF3837C /* AFHTTPSessionManager.m in Sources */,
				F424F335C21E4146AE0CE3FA /* AFNetworkReachabilityManager.m in Sources */,
				3EB3EA9864884253BF46A296 /* AFSecurityPolicy.m in Sources */,
				0913277EB5DE4F13B53AF147 /* AFURLRequestSerialization.m in Sources */,
				4994A2CF3E88487780951D02 /* AFURLResponseSerialization.m in Sources */,
				0D27B741313A44B3A856CE9D /* AFURLSessionManager.m in Sources */,
				687B254EB5FB4A39A77055CF /* AppVersion.m in Sources */,
				A0108BA7A40C4324B2FA6E40 /* APPBadge.m in Sources */,
				B8A6499709414914ACF41C33 /* UIImage+CropScaleOrientation.m in Sources */,
				BEB8447D433A446EAC4C4C67 /* CDVCamera.m in Sources */,
				B99C432FCBB341EB981BA547 /* CDVJpegHeaderWriter.m in Sources */,
				E44935ADC482408EAE2DDEEE /* CDVDevice.m in Sources */,
				10BA3310F9B448B895869BE4 /* CDVFileTransfer.m in Sources */,
				AA539F65859E447F8D4A7915 /* CDVLocation.m in Sources */,
				213E1DAA333E45A2AAFE4AD6 /* CDVGlobalization.m in Sources */,
				B371EBCA090B4619AD278894 /* CDVIonicKeyboard.m in Sources */,
				E2A4A838AD6B4EC188741A27 /* CDVWKWebViewEngine.m in Sources */,
				1FEE41E924934A88B69F01F5 /* CDVWKWebViewUIDelegate.m in Sources */,
				153C754B31864EABA3024BB5 /* CDVWKProcessPoolFactory.m in Sources */,
				985A8784A148460AA50B9317 /* IONAssetHandler.m in Sources */,
				A69C3652BA134A1E909F9997 /* APPLocalNotification.m in Sources */,
				CA5161E66DED493CB6C89DCE /* APPNotificationContent.m in Sources */,
				3829B74B44314F62ACA7EA30 /* APPNotificationOptions.m in Sources */,
				B3E91AE519594418BF302DCA /* UNUserNotificationCenter+APPLocalNotification.m in Sources */,
				01F8A1A90E8043FAB544A33B /* UNNotificationRequest+APPLocalNotification.m in Sources */,
				A457F1260A484BD6A356E2DA /* CDVSound.m in Sources */,
				34D5412D52764927AE9ADB9A /* CDVSpinnerDialog.m in Sources */,
				E9CF77884FFB4CEA87485ECD /* CDVConnection.m in Sources */,
				77BEBE7A707F4011AA11552D /* CDVReachability.m in Sources */,
				700986A0772740DCBEE36859 /* RequestLocationAccuracy.m in Sources */,
				7426A17E0C4A45F29B5B117E /* CDVOrientation.m in Sources */,
				07E99364178740A2A217E95D /* CDVSplashScreen.m in Sources */,
				7E7FE5EE325A45A79D9FDE59 /* CDVViewController+SplashScreen.m in Sources */,
				01352B161F9744BA8B49CF0D /* CDVStatusBar.m in Sources */,
				7098A253E9EC4330AEC7AAF3 /* SQLitePlugin.m in Sources */,
				694C74E1EF264A948AE662CA /* CustomPSPDFThreadSafeMutableDictionary.m in Sources */,
				7E0E71CEF5A84BA9A7FF80C0 /* sqlite3.c in Sources */,
				B575048505B14215BC424470 /* Diagnostic.m in Sources */,
				14A0EBABBA0F48E6904FE006 /* Diagnostic_Location.m in Sources */,
				9B17F3732F444D738F879571 /* Diagnostic_Bluetooth.m in Sources */,
				EB8670C6ECAF4613A9571A35 /* Diagnostic_Wifi.m in Sources */,
				7ED47108C8FA47EC9AB6C395 /* Diagnostic_Camera.m in Sources */,
				87C1CC79DD0447E7AC26804E /* Diagnostic_Notifications.m in Sources */,
				5C7CA62B217D4D50BAA3E17D /* Diagnostic_Microphone.m in Sources */,
				FE573F50C97247F790EB6EB8 /* Diagnostic_Contacts.m in Sources */,
				0BFA52060B1B4D88A7D289D2 /* Diagnostic_Calendar.m in Sources */,
				6106CC2D3A20487182B22F77 /* Diagnostic_Reminders.m in Sources */,
				D29AE02EC77B4524B8681CB5 /* Diagnostic_Motion.m in Sources */,
				769FE36398834FDC8D555EDC /* CDVInAppBrowserOptions.m in Sources */,
				E25514474B7B4270A3C7F9E9 /* CDVInAppBrowserNavigationController.m in Sources */,
				96E53E61004C4B68A1B56BBF /* CDVWKInAppBrowser.m in Sources */,
				EDA419DD7AEE44EBA610FBC5 /* CDVWKInAppBrowserUIDelegate.m in Sources */,
			);
			runOnlyForDeploymentPostprocessing = 0;
		};
/* End PBXSourcesBuildPhase section */

/* Begin PBXTargetDependency section */
		301BF551109A68C00062928A /* PBXTargetDependency */ = {
			isa = PBXTargetDependency;
			name = CordovaLib;
			targetProxy = 301BF550109A68C00062928A /* PBXContainerItemProxy */;
		};
/* End PBXTargetDependency section */

/* Begin XCBuildConfiguration section */
		1D6058940D05DD3E006BFB54 /* Debug */ = {
			isa = XCBuildConfiguration;
			baseConfigurationReference = 3047A50F1AB8059700498E2A /* build-debug.xcconfig */;
			buildSettings = {
				ALWAYS_SEARCH_USER_PATHS = NO;
				ASSETCATALOG_COMPILER_APPICON_NAME = AppIcon;
				ASSETCATALOG_COMPILER_LAUNCHIMAGE_NAME = LaunchImage;
				CLANG_ENABLE_MODULES = YES;
				CLANG_ENABLE_OBJC_ARC = YES;
				CODE_SIGN_STYLE = Manual;
				COPY_PHASE_STRIP = NO;
				DEVELOPMENT_TEAM = 52N63JF6C2;
				GCC_DYNAMIC_NO_PIC = NO;
				GCC_OPTIMIZATION_LEVEL = 0;
				GCC_PRECOMPILE_PREFIX_HEADER = YES;
				GCC_PREFIX_HEADER = "MathCityMap/MathCityMap-Prefix.pch";
				GCC_THUMB_SUPPORT = NO;
				GCC_VERSION = "";
				INFOPLIST_FILE = "MathCityMap/MathCityMap-Info.plist";
				IPHONEOS_DEPLOYMENT_TARGET = 11.0;
				LD_RUNPATH_SEARCH_PATHS = "@executable_path/Frameworks";
				PRODUCT_BUNDLE_IDENTIFIER = de.autentek.mathcitymap;
				PRODUCT_NAME = "$(TARGET_NAME)";
				PROVISIONING_PROFILE_SPECIFIER = "Development Wildcard";
				TARGETED_DEVICE_FAMILY = "1,2";
				WK_WEB_VIEW_ONLY = 1;
			};
			name = Debug;
		};
		1D6058950D05DD3E006BFB54 /* Release */ = {
			isa = XCBuildConfiguration;
			baseConfigurationReference = 3047A5101AB8059700498E2A /* build-release.xcconfig */;
			buildSettings = {
				ALWAYS_SEARCH_USER_PATHS = NO;
				ASSETCATALOG_COMPILER_APPICON_NAME = AppIcon;
				ASSETCATALOG_COMPILER_LAUNCHIMAGE_NAME = LaunchImage;
				CLANG_ENABLE_MODULES = YES;
				CLANG_ENABLE_OBJC_ARC = YES;
				CODE_SIGN_STYLE = Manual;
				COPY_PHASE_STRIP = YES;
				DEVELOPMENT_TEAM = 52N63JF6C2;
				GCC_PRECOMPILE_PREFIX_HEADER = YES;
				GCC_PREFIX_HEADER = "MathCityMap/MathCityMap-Prefix.pch";
				GCC_THUMB_SUPPORT = NO;
				GCC_VERSION = "";
				INFOPLIST_FILE = "MathCityMap/MathCityMap-Info.plist";
				IPHONEOS_DEPLOYMENT_TARGET = 11.0;
				LD_RUNPATH_SEARCH_PATHS = "@executable_path/Frameworks";
				PRODUCT_BUNDLE_IDENTIFIER = de.autentek.mathcitymap;
				PRODUCT_NAME = "$(TARGET_NAME)";
				PROVISIONING_PROFILE_SPECIFIER = "MathCityMap Hybrid Profile";
				TARGETED_DEVICE_FAMILY = "1,2";
				WK_WEB_VIEW_ONLY = 1;
			};
			name = Release;
		};
		C01FCF4F08A954540054247B /* Debug */ = {
			isa = XCBuildConfiguration;
			baseConfigurationReference = 3047A5111AB8059700498E2A /* build.xcconfig */;
			buildSettings = {
				CLANG_ENABLE_MODULES = YES;
				CLANG_ENABLE_OBJC_ARC = YES;
				CLANG_WARN_BLOCK_CAPTURE_AUTORELEASING = YES;
				CLANG_WARN_BOOL_CONVERSION = YES;
				CLANG_WARN_COMMA = YES;
				CLANG_WARN_CONSTANT_CONVERSION = YES;
				CLANG_WARN_DEPRECATED_OBJC_IMPLEMENTATIONS = YES;
				CLANG_WARN_EMPTY_BODY = YES;
				CLANG_WARN_ENUM_CONVERSION = YES;
				CLANG_WARN_INFINITE_RECURSION = YES;
				CLANG_WARN_INT_CONVERSION = YES;
				CLANG_WARN_NON_LITERAL_NULL_CONVERSION = YES;
				CLANG_WARN_OBJC_IMPLICIT_RETAIN_SELF = YES;
				CLANG_WARN_OBJC_LITERAL_CONVERSION = YES;
				CLANG_WARN_RANGE_LOOP_ANALYSIS = YES;
				CLANG_WARN_STRICT_PROTOTYPES = YES;
				CLANG_WARN_SUSPICIOUS_MOVE = YES;
				CLANG_WARN_UNREACHABLE_CODE = YES;
				CLANG_WARN__DUPLICATE_METHOD_MATCH = YES;
				ENABLE_STRICT_OBJC_MSGSEND = YES;
				ENABLE_TESTABILITY = YES;
				GCC_C_LANGUAGE_STANDARD = c99;
				GCC_NO_COMMON_BLOCKS = YES;
				GCC_THUMB_SUPPORT = NO;
				GCC_VERSION = "";
				GCC_WARN_64_TO_32_BIT_CONVERSION = YES;
				GCC_WARN_ABOUT_RETURN_TYPE = YES;
				GCC_WARN_UNDECLARED_SELECTOR = YES;
				GCC_WARN_UNINITIALIZED_AUTOS = YES;
				GCC_WARN_UNUSED_FUNCTION = YES;
				GCC_WARN_UNUSED_VARIABLE = YES;
				IPHONEOS_DEPLOYMENT_TARGET = 11.0;
				ONLY_ACTIVE_ARCH = YES;
				PRODUCT_BUNDLE_IDENTIFIER = de.autentek.mathcitymap;
				SDKROOT = iphoneos;
				SKIP_INSTALL = NO;
				WK_WEB_VIEW_ONLY = 1;
			};
			name = Debug;
		};
		C01FCF5008A954540054247B /* Release */ = {
			isa = XCBuildConfiguration;
			baseConfigurationReference = 3047A5111AB8059700498E2A /* build.xcconfig */;
			buildSettings = {
				CLANG_ENABLE_MODULES = YES;
				CLANG_ENABLE_OBJC_ARC = YES;
				CLANG_WARN_BLOCK_CAPTURE_AUTORELEASING = YES;
				CLANG_WARN_BOOL_CONVERSION = YES;
				CLANG_WARN_COMMA = YES;
				CLANG_WARN_CONSTANT_CONVERSION = YES;
				CLANG_WARN_DEPRECATED_OBJC_IMPLEMENTATIONS = YES;
				CLANG_WARN_EMPTY_BODY = YES;
				CLANG_WARN_ENUM_CONVERSION = YES;
				CLANG_WARN_INFINITE_RECURSION = YES;
				CLANG_WARN_INT_CONVERSION = YES;
				CLANG_WARN_NON_LITERAL_NULL_CONVERSION = YES;
				CLANG_WARN_OBJC_IMPLICIT_RETAIN_SELF = YES;
				CLANG_WARN_OBJC_LITERAL_CONVERSION = YES;
				CLANG_WARN_RANGE_LOOP_ANALYSIS = YES;
				CLANG_WARN_STRICT_PROTOTYPES = YES;
				CLANG_WARN_SUSPICIOUS_MOVE = YES;
				CLANG_WARN_UNREACHABLE_CODE = YES;
				CLANG_WARN__DUPLICATE_METHOD_MATCH = YES;
				ENABLE_STRICT_OBJC_MSGSEND = YES;
				GCC_C_LANGUAGE_STANDARD = c99;
				GCC_NO_COMMON_BLOCKS = YES;
				GCC_THUMB_SUPPORT = NO;
				GCC_VERSION = "";
				GCC_WARN_64_TO_32_BIT_CONVERSION = YES;
				GCC_WARN_ABOUT_RETURN_TYPE = YES;
				GCC_WARN_UNDECLARED_SELECTOR = YES;
				GCC_WARN_UNINITIALIZED_AUTOS = YES;
				GCC_WARN_UNUSED_FUNCTION = YES;
				GCC_WARN_UNUSED_VARIABLE = YES;
				IPHONEOS_DEPLOYMENT_TARGET = 11.0;
				PRODUCT_BUNDLE_IDENTIFIER = de.autentek.mathcitymap;
				SDKROOT = iphoneos;
				SKIP_INSTALL = NO;
				WK_WEB_VIEW_ONLY = 1;
			};
			name = Release;
		};
/* End XCBuildConfiguration section */

/* Begin XCConfigurationList section */
		1D6058960D05DD3E006BFB54 /* Build configuration list for PBXNativeTarget "MathCityMap" */ = {
			isa = XCConfigurationList;
			buildConfigurations = (
				1D6058940D05DD3E006BFB54 /* Debug */,
				1D6058950D05DD3E006BFB54 /* Release */,
			);
			defaultConfigurationIsVisible = 0;
			defaultConfigurationName = Release;
		};
		C01FCF4E08A954540054247B /* Build configuration list for PBXProject "MathCityMap" */ = {
			isa = XCConfigurationList;
			buildConfigurations = (
				C01FCF4F08A954540054247B /* Debug */,
				C01FCF5008A954540054247B /* Release */,
			);
			defaultConfigurationIsVisible = 0;
			defaultConfigurationName = Release;
		};
/* End XCConfigurationList section */
	};
	rootObject = 29B97313FDCFA39411CA2CEA /* Project object */;
}
