// !$*UTF8*$!
{
	archiveVersion = 1;
	classes = {
	};
	objectVersion = 46;
	objects = {
/* Begin PBXBuildFile section */
		0207DA581B56EA530066E2B4 /* Images.xcassets in Resources */ = {isa = PBXBuildFile; fileRef = 0207DA571B56EA530066E2B4 /* Images.xcassets */; };
		0420B1FD0B364D43B023E008 /* AFURLResponseSerialization.m in Sources */ = {isa = PBXBuildFile; fileRef = 19B7AE722D8343F08D528339 /* AFURLResponseSerialization.m */; };
		06315AD35D48459AA026CEE8 /* Contacts.framework in Frameworks */ = {isa = PBXBuildFile; fileRef = 989833743EA649CA9F715371 /* Contacts.framework */; };
		0A7643B75D474A0D9236263A /* APPNotificationContent.m in Sources */ = {isa = PBXBuildFile; fileRef = 1EE5DBA6FA6044DF9F971273 /* APPNotificationContent.m */; };
		0FD7ED7070EC4079939F209C /* libz.tbd in Frameworks */ = {isa = PBXBuildFile; fileRef = BFE29710AD324663B466913A /* libz.tbd */; };
		0FEBF078C4FD44EDA0DC53C1 /* Crashlytics.framework in Frameworks */ = {isa = PBXBuildFile; fileRef = 02AD114C481947F99FD78464 /* Crashlytics.framework */; };
		11B5255D72424EF0B318A62B /* TemperatureAndTint.m in Sources */ = {isa = PBXBuildFile; fileRef = F6DFD776093746CF9C45ADA5 /* TemperatureAndTint.m */; };
		17286575872B402CA505BFEF /* UIImage+CropScaleOrientation.m in Sources */ = {isa = PBXBuildFile; fileRef = 1133317F991A4170BB3BD4B6 /* UIImage+CropScaleOrientation.m */; };
		1BC45F9C7C744DB49DE17B1B /* CDVLocalFilesystem.m in Sources */ = {isa = PBXBuildFile; fileRef = 2B00CA8D04414F4A979BAFA6 /* CDVLocalFilesystem.m */; };
		1C7D12DE45244E418110B647 /* AFURLSessionManager.m in Sources */ = {isa = PBXBuildFile; fileRef = 9E5C2848A9DD46AAB1919CED /* AFURLSessionManager.m */; };
		1D3623260D0F684500981E51 /* AppDelegate.m in Sources */ = {isa = PBXBuildFile; fileRef = 1D3623250D0F684500981E51 /* AppDelegate.m */; };
		1D60589B0D05DD56006BFB54 /* main.m in Sources */ = {isa = PBXBuildFile; fileRef = 29B97316FDCFA39411CA2CEA /* main.m */; };
		1DFFC6A8009C4327A29A21BF /* CDVInAppBrowser.m in Sources */ = {isa = PBXBuildFile; fileRef = 11E6A8256C63453CBA7F070D /* CDVInAppBrowser.m */; };
		2838FFF67DDA4725A4A5F5D8 /* ImageIO.framework in Frameworks */ = {isa = PBXBuildFile; fileRef = 26B8568056DF40CF9A0B28B4 /* ImageIO.framework */; settings = {ATTRIBUTES = (Weak, ); }; };
		29DC11FAFCAD495D85291E7B /* AppVersion.m in Sources */ = {isa = PBXBuildFile; fileRef = 97933A900F5A4D47874466BF /* AppVersion.m */; };
		2EEAD0B1EF1D454DAAA4EE6C /* CDVInAppBrowserOptions.m in Sources */ = {isa = PBXBuildFile; fileRef = B36F4CC6E19D46B48F0E733B /* CDVInAppBrowserOptions.m */; };
		301BF552109A68D80062928A /* libCordova.a in Frameworks */ = {isa = PBXBuildFile; fileRef = 301BF535109A57CC0062928A /* libCordova.a */; };
		302D95F114D2391D003F00A1 /* MainViewController.m in Sources */ = {isa = PBXBuildFile; fileRef = 302D95EF14D2391D003F00A1 /* MainViewController.m */; };
		302D95F214D2391D003F00A1 /* MainViewController.xib in Resources */ = {isa = PBXBuildFile; fileRef = 302D95F014D2391D003F00A1 /* MainViewController.xib */; };
		34A504CB02244C3982BCF28D /* AddressBook.framework in Frameworks */ = {isa = PBXBuildFile; fileRef = F014571478F5400F85A565F6 /* AddressBook.framework */; };
		3C5513C1E39045B58A99EAA7 /* CDVAssetLibraryFilesystem.m in Sources */ = {isa = PBXBuildFile; fileRef = AC98ADE78BED4BE98EFED35A /* CDVAssetLibraryFilesystem.m */; };
		448BA471927C4B129295BA5B /* AFNetworkReachabilityManager.m in Sources */ = {isa = PBXBuildFile; fileRef = 25A08EC2FF324B4BA019A146 /* AFNetworkReachabilityManager.m */; };
		45AB95B0B333418ABF389AA5 /* Security.framework in Frameworks */ = {isa = PBXBuildFile; fileRef = AF5567CF77164850BE7DB1C1 /* Security.framework */; settings = {ATTRIBUTES = (Weak, ); }; };
		490D304D3DB9418CAED102C7 /* CDVUIInAppBrowser.m in Sources */ = {isa = PBXBuildFile; fileRef = 44908E27C97C49C181B7BD83 /* CDVUIInAppBrowser.m */; };
		49F5AC1F5073419A984A39F3 /* sqlite3.c in Sources */ = {isa = PBXBuildFile; fileRef = 71A80E49162D4C66978CE703 /* sqlite3.c */; settings = {COMPILER_FLAGS = "-DSQLITE_THREADSAFE=1 -DSQLITE_DEFAULT_MEMSTATUS=0 -DSQLITE_OMIT_DECLTYPE -DSQLITE_OMIT_DEPRECATED -DSQLITE_OMIT_PROGRESS_CALLBACK -DSQLITE_OMIT_SHARED_CACHE -DSQLITE_TEMP_STORE=2 -DSQLITE_OMIT_LOAD_EXTENSION -DSQLITE_ENABLE_FTS3 -DSQLITE_ENABLE_FTS3_PARENTHESIS -DSQLITE_ENABLE_FTS4 -DSQLITE_ENABLE_RTREE -DSQLITE_DEFAULT_PAGE_SIZE=1024 -DSQLITE_DEFAULT_CACHE_SIZE=2000"; }; };
		4F7FC4D6E36F4057BD4CFF62 /* CDVCamera.m in Sources */ = {isa = PBXBuildFile; fileRef = 3A1642EB06984127B23E963B /* CDVCamera.m */; };
		50BA7007FBF2413AA5253633 /* TextResponseSerializer.m in Sources */ = {isa = PBXBuildFile; fileRef = 31E319139497467CB95384CE /* TextResponseSerializer.m */; };
		513018E01C114332AB8BC638 /* PhotoViewer.m in Sources */ = {isa = PBXBuildFile; fileRef = A5E5AFBFD8634723B4A090F8 /* PhotoViewer.m */; };
		5181BB1D55914EB2A5538141 /* CoreLocation.framework in Frameworks */ = {isa = PBXBuildFile; fileRef = D23DA0B93AF3425D84E68D27 /* CoreLocation.framework */; };
		58966D2AF5AA45EF975FB866 /* CordovaHttpPlugin.m in Sources */ = {isa = PBXBuildFile; fileRef = CE6D54D4A8A44853B89BAAE1 /* CordovaHttpPlugin.m */; };
		6206FE8C7AC64EA5B4D666F7 /* APPBadge.m in Sources */ = {isa = PBXBuildFile; fileRef = 0027BB018AE54DE5A9F2B046 /* APPBadge.m */; };
		62A0DF893827435F96544207 /* UserNotifications.framework in Frameworks */ = {isa = PBXBuildFile; fileRef = E46BC1065C28472FB0FF8560 /* UserNotifications.framework */; };
		671F8F5FC6724671AF7F9399 /* UNNotificationRequest+APPLocalNotification.m in Sources */ = {isa = PBXBuildFile; fileRef = DE1B8C6CE55544F1BFC02509 /* UNNotificationRequest+APPLocalNotification.m */; };
		6748FC54DE6641F0B94C4728 /* CDVSplashScreen.m in Sources */ = {isa = PBXBuildFile; fileRef = 0D04F40EFFD642E696A86365 /* CDVSplashScreen.m */; };
		6AFF5BF91D6E424B00AB3073 /* CDVLaunchScreen.storyboard in Resources */ = {isa = PBXBuildFile; fileRef = 6AFF5BF81D6E424B00AB3073 /* CDVLaunchScreen.storyboard */; };
		6C595C73715741C99618AF38 /* Diagnostic.m in Sources */ = {isa = PBXBuildFile; fileRef = C6B549ADD66640B8817CB0E9 /* Diagnostic.m */; };
		6C8B577916FE4EA3A64BA0F9 /* Photos.framework in Frameworks */ = {isa = PBXBuildFile; fileRef = 031B00288FD34828A5E0A512 /* Photos.framework */; };
		6F36293E29F24886868E4169 /* CoreMotion.framework in Frameworks */ = {isa = PBXBuildFile; fileRef = C6DD329C646B4264922B84AC /* CoreMotion.framework */; };
		708E76A0876B4905A5F84B73 /* UNUserNotificationCenter+APPLocalNotification.m in Sources */ = {isa = PBXBuildFile; fileRef = 8D3F7BD0849E46D7BC5BA506 /* UNUserNotificationCenter+APPLocalNotification.m */; };
		709546ABC3164480A0364B85 /* APPNotificationOptions.m in Sources */ = {isa = PBXBuildFile; fileRef = E4B3BD1266794628A13E9AA0 /* APPNotificationOptions.m */; };
		75E028C357DF4250BA16CF3B /* SystemConfiguration.framework in Frameworks */ = {isa = PBXBuildFile; fileRef = 17DDE1CF07E34D05B9FA9D7D /* SystemConfiguration.framework */; };
		78B357FD3A0145C2B2FC1702 /* CDVLocation.m in Sources */ = {isa = PBXBuildFile; fileRef = B12117863BB84107A27EA04D /* CDVLocation.m */; };
		78D2CE06F006468C8767226C /* CDVViewController+SplashScreen.m in Sources */ = {isa = PBXBuildFile; fileRef = 861F635B01C84E4682169BEC /* CDVViewController+SplashScreen.m */; };
		79F6D323446F4D88A27C5140 /* AFHTTPSessionManager.m in Sources */ = {isa = PBXBuildFile; fileRef = 03E72B891215467C95887D25 /* AFHTTPSessionManager.m */; };
		7D7C7F6B67524699B3D76322 /* FabricPlugin.m in Sources */ = {isa = PBXBuildFile; fileRef = DEAEB6160E6D4167B080427D /* FabricPlugin.m */; };
		805DECFA15074C89B8AB510E /* CDVJpegHeaderWriter.m in Sources */ = {isa = PBXBuildFile; fileRef = AEAD49CDDC814F27B3A13FAD /* CDVJpegHeaderWriter.m */; };
		8124AE7FB2664C75805CDE52 /* CDVGlobalization.m in Sources */ = {isa = PBXBuildFile; fileRef = 73E502CDE748482586B65A03 /* CDVGlobalization.m */; };
		863444002429438AA587EEE2 /* libz.dylib in Frameworks */ = {isa = PBXBuildFile; fileRef = DDE9280712CD434A8C8C4890 /* libz.dylib */; };
		8AEDE5D3D47345A3A0CA81A2 /* CDVWKInAppBrowser.m in Sources */ = {isa = PBXBuildFile; fileRef = E2308DB385F9455B81FC4CD5 /* CDVWKInAppBrowser.m */; };
		8C323862001C4CA0B566BA39 /* AFSecurityPolicy.m in Sources */ = {isa = PBXBuildFile; fileRef = 2B485BDAF19A41E78E319C10 /* AFSecurityPolicy.m */; };
		92174B8BFA924858A1BC826B /* AFURLRequestSerialization.m in Sources */ = {isa = PBXBuildFile; fileRef = F58521E879554B74955C5892 /* AFURLRequestSerialization.m */; };
		9B8DBEFA0A684CB795746D5E /* CoreBluetooth.framework in Frameworks */ = {isa = PBXBuildFile; fileRef = 99E0A9A30328443C8B0B2BF9 /* CoreBluetooth.framework */; };
		9FB94DF783F44C5389701689 /* CoreImage.framework in Frameworks */ = {isa = PBXBuildFile; fileRef = 88E84B6894B3488F8386829A /* CoreImage.framework */; };
		A16AFCFE39854388BB4F2AB0 /* libc++.dylib in Frameworks */ = {isa = PBXBuildFile; fileRef = 94BCC2612E7A43C381C1EFA9 /* libc++.dylib */; };
		A1CC64EBDF6C4C03A270D7AE /* GLKit.framework in Frameworks */ = {isa = PBXBuildFile; fileRef = F767640FF7B4479A9B6485BF /* GLKit.framework */; };
		A31956B453044541B08CFCD0 /* RequestLocationAccuracy.m in Sources */ = {isa = PBXBuildFile; fileRef = 5877FBF2EFFA4A23BE0E3FD0 /* RequestLocationAccuracy.m */; };
		A94AFDDB923C4CF190383888 /* CameraSessionManager.m in Sources */ = {isa = PBXBuildFile; fileRef = 69769AFDEC7442A49A667907 /* CameraSessionManager.m */; };
		B079DC46F35542E8812AC642 /* OpenGLES.framework in Frameworks */ = {isa = PBXBuildFile; fileRef = 7A37733E672D4B07AF6CC6F9 /* OpenGLES.framework */; };
		B6439648BD91423592028D1B /* CameraPreview.m in Sources */ = {isa = PBXBuildFile; fileRef = 87E62F27D0F64CC88B88FAFD /* CameraPreview.m */; };
		B96EA74B27BC4E3C8B231EB6 /* CDVStatusBar.m in Sources */ = {isa = PBXBuildFile; fileRef = 885B5AAF729548FBBB040966 /* CDVStatusBar.m */; };
		C0B41B073FD14B4998797EA7 /* CDVFile.m in Sources */ = {isa = PBXBuildFile; fileRef = BCA4ED208BCF4F12AC9C16B6 /* CDVFile.m */; };
		C285894E03414123AA330B72 /* EventKit.framework in Frameworks */ = {isa = PBXBuildFile; fileRef = 2EF9679633194CF2B36DDF54 /* EventKit.framework */; };
		C55746AA01374CDA94E1AFC9 /* CDVReachability.m in Sources */ = {isa = PBXBuildFile; fileRef = 74A0227684934FF68D97D6A2 /* CDVReachability.m */; };
		C87ACF5BA772452585AC5D6E /* CDVInAppBrowserNavigationController.m in Sources */ = {isa = PBXBuildFile; fileRef = F6D02E2B24F8460583589C3B /* CDVInAppBrowserNavigationController.m */; };
		CC6877E2F8214FA9BF78B77A /* CDVWKInAppBrowserUIDelegate.m in Sources */ = {isa = PBXBuildFile; fileRef = 775716E2FA0A408B9FC1677C /* CDVWKInAppBrowserUIDelegate.m */; };
		D0BB9226391C4BCAB92F31DD /* Fabric.framework in Frameworks */ = {isa = PBXBuildFile; fileRef = 2555F54CA7EB4217B39D5462 /* Fabric.framework */; };
		D386350B0E944CCD81A2ABC5 /* SQLitePlugin.m in Sources */ = {isa = PBXBuildFile; fileRef = C9EB3C10567A450AB1CF83B6 /* SQLitePlugin.m */; };
		DF8DBAED3C7044BE8920DA95 /* APPLocalNotification.m in Sources */ = {isa = PBXBuildFile; fileRef = EBEAE6B7E6E04673A03558F8 /* APPLocalNotification.m */; };
		DFF242AAE7AC4BC2858DA391 /* CoreVideo.framework in Frameworks */ = {isa = PBXBuildFile; fileRef = ADC832DA9EF5496BB7A7E8D5 /* CoreVideo.framework */; };
		E20C8188F84D44B5A230FA13 /* AVFoundation.framework in Frameworks */ = {isa = PBXBuildFile; fileRef = 9132363898D74075A5DF1F36 /* AVFoundation.framework */; };
		E4B16971607843988CF7BA21 /* CoreTelephony.framework in Frameworks */ = {isa = PBXBuildFile; fileRef = 046CA25472234C48BA6FF0EE /* CoreTelephony.framework */; };
		E674629B9524433FBE74915C /* CameraRenderController.m in Sources */ = {isa = PBXBuildFile; fileRef = D002E08345884F96A2605492 /* CameraRenderController.m */; };
		E757A5C4A4F9439B9C1935DA /* QuartzCore.framework in Frameworks */ = {isa = PBXBuildFile; fileRef = A47A1EEA8408477FAF36B972 /* QuartzCore.framework */; };
		E8FC85E36C314E1EB20FA40D /* CDVSpinnerDialog.m in Sources */ = {isa = PBXBuildFile; fileRef = 012EDB4010A84B7AA0A79A33 /* CDVSpinnerDialog.m */; };
		EC4883EDF4404C8B9CCDC696 /* CDVConnection.m in Sources */ = {isa = PBXBuildFile; fileRef = FA18982D31054F5FBBFAE75D /* CDVConnection.m */; };
		F151968F31F6443985117788 /* CDVFileTransfer.m in Sources */ = {isa = PBXBuildFile; fileRef = 0D24D3AB38C44C8986FA5050 /* CDVFileTransfer.m */; };
		F33FD37E5A19492DACC40592 /* CDVDevice.m in Sources */ = {isa = PBXBuildFile; fileRef = 6E35165D084B4742BF3D317E /* CDVDevice.m */; };
/* End PBXBuildFile section */

/* Begin PBXContainerItemProxy section */
		1EF62D0E2367509500E77CB0 /* PBXContainerItemProxy */ = {
			isa = PBXContainerItemProxy;
			containerPortal = 301BF52D109A57CC0062928A /* CordovaLib/CordovaLib.xcodeproj */;
			proxyType = 2;
			remoteGlobalIDString = C0C01EB21E3911D50056E6CB;
			remoteInfo = Cordova;
		};
		301BF534109A57CC0062928A /* PBXContainerItemProxy */ = {
			isa = PBXContainerItemProxy;
			containerPortal = 301BF52D109A57CC0062928A /* CordovaLib/CordovaLib.xcodeproj */;
			proxyType = 2;
			remoteGlobalIDString = D2AAC07E0554694100DB518D;
			remoteInfo = CordovaLib;
		};
		301BF550109A68C00062928A /* PBXContainerItemProxy */ = {
			isa = PBXContainerItemProxy;
			containerPortal = 301BF52D109A57CC0062928A /* CordovaLib/CordovaLib.xcodeproj */;
			proxyType = 1;
			remoteGlobalIDString = D2AAC07D0554694100DB518D;
			remoteInfo = CordovaLib;
		};
/* End PBXContainerItemProxy section */

/* Begin PBXFileReference section */
		0027BB018AE54DE5A9F2B046 /* APPBadge.m */ = {isa = PBXFileReference; explicitFileType = undefined; fileEncoding = 4; includeInIndex = 0; lastKnownFileType = sourcecode.c.objc; name = APPBadge.m; path = "cordova-plugin-badge/APPBadge.m"; sourceTree = "<group>"; };
		012EDB4010A84B7AA0A79A33 /* CDVSpinnerDialog.m */ = {isa = PBXFileReference; explicitFileType = undefined; fileEncoding = 4; includeInIndex = 0; lastKnownFileType = sourcecode.c.objc; name = CDVSpinnerDialog.m; path = "cordova-plugin-native-spinner/CDVSpinnerDialog.m"; sourceTree = "<group>"; };
		0207DA571B56EA530066E2B4 /* Images.xcassets */ = {isa = PBXFileReference; lastKnownFileType = folder.assetcatalog; name = Images.xcassets; path = MathCityMap/Images.xcassets; sourceTree = SOURCE_ROOT; };
		02AD114C481947F99FD78464 /* Crashlytics.framework */ = {isa = PBXFileReference; explicitFileType = undefined; fileEncoding = 9; includeInIndex = 0; lastKnownFileType = wrapper.framework; name = Crashlytics.framework; path = "MathCityMap/Plugins/cordova-fabric-plugin/Crashlytics.framework"; sourceTree = "<group>"; };
		031B00288FD34828A5E0A512 /* Photos.framework */ = {isa = PBXFileReference; explicitFileType = undefined; fileEncoding = 9; includeInIndex = 0; lastKnownFileType = wrapper.framework; name = Photos.framework; path = System/Library/Frameworks/Photos.framework; sourceTree = SDKROOT; };
		03E72B891215467C95887D25 /* AFHTTPSessionManager.m */ = {isa = PBXFileReference; explicitFileType = undefined; fileEncoding = 4; includeInIndex = 0; lastKnownFileType = sourcecode.c.objc; name = AFHTTPSessionManager.m; path = "cordova-plugin-advanced-http/AFHTTPSessionManager.m"; sourceTree = "<group>"; };
		046CA25472234C48BA6FF0EE /* CoreTelephony.framework */ = {isa = PBXFileReference; explicitFileType = undefined; fileEncoding = 9; includeInIndex = 0; lastKnownFileType = wrapper.framework; name = CoreTelephony.framework; path = System/Library/Frameworks/CoreTelephony.framework; sourceTree = SDKROOT; };
		0D04F40EFFD642E696A86365 /* CDVSplashScreen.m */ = {isa = PBXFileReference; explicitFileType = undefined; fileEncoding = 4; includeInIndex = 0; lastKnownFileType = sourcecode.c.objc; name = CDVSplashScreen.m; path = "cordova-plugin-splashscreen/CDVSplashScreen.m"; sourceTree = "<group>"; };
		0D24D3AB38C44C8986FA5050 /* CDVFileTransfer.m */ = {isa = PBXFileReference; explicitFileType = undefined; fileEncoding = 4; includeInIndex = 0; lastKnownFileType = sourcecode.c.objc; name = CDVFileTransfer.m; path = "cordova-plugin-file-transfer/CDVFileTransfer.m"; sourceTree = "<group>"; };
		11177D24BB7440E0B71B7593 /* CDVAssetLibraryFilesystem.h */ = {isa = PBXFileReference; explicitFileType = undefined; fileEncoding = 4; includeInIndex = 0; lastKnownFileType = sourcecode.c.h; name = CDVAssetLibraryFilesystem.h; path = "cordova-plugin-file/CDVAssetLibraryFilesystem.h"; sourceTree = "<group>"; };
		1133317F991A4170BB3BD4B6 /* UIImage+CropScaleOrientation.m */ = {isa = PBXFileReference; explicitFileType = undefined; fileEncoding = 4; includeInIndex = 0; lastKnownFileType = sourcecode.c.objc; name = "UIImage+CropScaleOrientation.m"; path = "cordova-plugin-camera/UIImage+CropScaleOrientation.m"; sourceTree = "<group>"; };
		11E6A8256C63453CBA7F070D /* CDVInAppBrowser.m */ = {isa = PBXFileReference; explicitFileType = undefined; fileEncoding = 4; includeInIndex = 0; lastKnownFileType = sourcecode.c.objc; name = CDVInAppBrowser.m; path = "cordova-plugin-inappbrowser/CDVInAppBrowser.m"; sourceTree = "<group>"; };
		17DDE1CF07E34D05B9FA9D7D /* SystemConfiguration.framework */ = {isa = PBXFileReference; explicitFileType = undefined; fileEncoding = 9; includeInIndex = 0; lastKnownFileType = wrapper.framework; name = SystemConfiguration.framework; path = System/Library/Frameworks/SystemConfiguration.framework; sourceTree = SDKROOT; };
		19B7AE722D8343F08D528339 /* AFURLResponseSerialization.m */ = {isa = PBXFileReference; explicitFileType = undefined; fileEncoding = 4; includeInIndex = 0; lastKnownFileType = sourcecode.c.objc; name = AFURLResponseSerialization.m; path = "cordova-plugin-advanced-http/AFURLResponseSerialization.m"; sourceTree = "<group>"; };
		1B8E8458984246D68C7D20E6 /* CDVInAppBrowser.h */ = {isa = PBXFileReference; explicitFileType = undefined; fileEncoding = 4; includeInIndex = 0; lastKnownFileType = sourcecode.c.h; name = CDVInAppBrowser.h; path = "cordova-plugin-inappbrowser/CDVInAppBrowser.h"; sourceTree = "<group>"; };
		1D3623240D0F684500981E51 /* AppDelegate.h */ = {isa = PBXFileReference; fileEncoding = 4; lastKnownFileType = sourcecode.c.h; path = AppDelegate.h; sourceTree = "<group>"; };
		1D3623250D0F684500981E51 /* AppDelegate.m */ = {isa = PBXFileReference; fileEncoding = 4; lastKnownFileType = sourcecode.c.objc; path = AppDelegate.m; sourceTree = "<group>"; };
		1D6058910D05DD3D006BFB54 /* MathCityMap.app */ = {isa = PBXFileReference; explicitFileType = wrapper.application; includeInIndex = 0; path = MathCityMap.app; sourceTree = BUILT_PRODUCTS_DIR; };
		1EE5DBA6FA6044DF9F971273 /* APPNotificationContent.m */ = {isa = PBXFileReference; explicitFileType = undefined; fileEncoding = 4; includeInIndex = 0; lastKnownFileType = sourcecode.c.objc; name = APPNotificationContent.m; path = "cordova-plugin-local-notification/APPNotificationContent.m"; sourceTree = "<group>"; };
		2555F54CA7EB4217B39D5462 /* Fabric.framework */ = {isa = PBXFileReference; explicitFileType = undefined; fileEncoding = 9; includeInIndex = 0; lastKnownFileType = wrapper.framework; name = Fabric.framework; path = "MathCityMap/Plugins/cordova-fabric-plugin/Fabric.framework"; sourceTree = "<group>"; };
		25A08EC2FF324B4BA019A146 /* AFNetworkReachabilityManager.m */ = {isa = PBXFileReference; explicitFileType = undefined; fileEncoding = 4; includeInIndex = 0; lastKnownFileType = sourcecode.c.objc; name = AFNetworkReachabilityManager.m; path = "cordova-plugin-advanced-http/AFNetworkReachabilityManager.m"; sourceTree = "<group>"; };
		26B8568056DF40CF9A0B28B4 /* ImageIO.framework */ = {isa = PBXFileReference; explicitFileType = undefined; fileEncoding = 9; includeInIndex = 0; lastKnownFileType = wrapper.framework; name = ImageIO.framework; path = System/Library/Frameworks/ImageIO.framework; sourceTree = SDKROOT; };
		26BD8498041E4D4B84F4C0E6 /* AFSecurityPolicy.h */ = {isa = PBXFileReference; explicitFileType = undefined; fileEncoding = 4; includeInIndex = 0; lastKnownFileType = sourcecode.c.h; name = AFSecurityPolicy.h; path = "cordova-plugin-advanced-http/AFSecurityPolicy.h"; sourceTree = "<group>"; };
		27454484883B4FC28CB4BB0D /* APPNotificationOptions.h */ = {isa = PBXFileReference; explicitFileType = undefined; fileEncoding = 4; includeInIndex = 0; lastKnownFileType = sourcecode.c.h; name = APPNotificationOptions.h; path = "cordova-plugin-local-notification/APPNotificationOptions.h"; sourceTree = "<group>"; };
		27D29C6232804EFD99104D44 /* CDVInAppBrowserOptions.h */ = {isa = PBXFileReference; explicitFileType = undefined; fileEncoding = 4; includeInIndex = 0; lastKnownFileType = sourcecode.c.h; name = CDVInAppBrowserOptions.h; path = "cordova-plugin-inappbrowser/CDVInAppBrowserOptions.h"; sourceTree = "<group>"; };
		29B97316FDCFA39411CA2CEA /* main.m */ = {isa = PBXFileReference; fileEncoding = 4; lastKnownFileType = sourcecode.c.objc; path = main.m; sourceTree = "<group>"; };
		2B00CA8D04414F4A979BAFA6 /* CDVLocalFilesystem.m */ = {isa = PBXFileReference; explicitFileType = undefined; fileEncoding = 4; includeInIndex = 0; lastKnownFileType = sourcecode.c.objc; name = CDVLocalFilesystem.m; path = "cordova-plugin-file/CDVLocalFilesystem.m"; sourceTree = "<group>"; };
		2B485BDAF19A41E78E319C10 /* AFSecurityPolicy.m */ = {isa = PBXFileReference; explicitFileType = undefined; fileEncoding = 4; includeInIndex = 0; lastKnownFileType = sourcecode.c.objc; name = AFSecurityPolicy.m; path = "cordova-plugin-advanced-http/AFSecurityPolicy.m"; sourceTree = "<group>"; };
		2B8B04DD36FF46239F38E880 /* AFNetworkReachabilityManager.h */ = {isa = PBXFileReference; explicitFileType = undefined; fileEncoding = 4; includeInIndex = 0; lastKnownFileType = sourcecode.c.h; name = AFNetworkReachabilityManager.h; path = "cordova-plugin-advanced-http/AFNetworkReachabilityManager.h"; sourceTree = "<group>"; };
		2DF78947C24F45318D4E60F6 /* RequestLocationAccuracy.h */ = {isa = PBXFileReference; explicitFileType = undefined; fileEncoding = 4; includeInIndex = 0; lastKnownFileType = sourcecode.c.h; name = RequestLocationAccuracy.h; path = "cordova-plugin-request-location-accuracy/RequestLocationAccuracy.h"; sourceTree = "<group>"; };
		2EF9679633194CF2B36DDF54 /* EventKit.framework */ = {isa = PBXFileReference; explicitFileType = undefined; fileEncoding = 9; includeInIndex = 0; lastKnownFileType = wrapper.framework; name = EventKit.framework; path = System/Library/Frameworks/EventKit.framework; sourceTree = SDKROOT; };
		301BF52D109A57CC0062928A /* CordovaLib/CordovaLib.xcodeproj */ = {isa = PBXFileReference; lastKnownFileType = "wrapper.pb-project"; path = CordovaLib/CordovaLib.xcodeproj; sourceTree = "<group>"; };
		301BF56E109A69640062928A /* www */ = {isa = PBXFileReference; lastKnownFileType = folder; path = www; sourceTree = SOURCE_ROOT; };
		302D95EE14D2391D003F00A1 /* MainViewController.h */ = {isa = PBXFileReference; fileEncoding = 4; lastKnownFileType = sourcecode.c.h; path = MainViewController.h; sourceTree = "<group>"; };
		302D95EF14D2391D003F00A1 /* MainViewController.m */ = {isa = PBXFileReference; fileEncoding = 4; lastKnownFileType = sourcecode.c.objc; path = MainViewController.m; sourceTree = "<group>"; };
		302D95F014D2391D003F00A1 /* MainViewController.xib */ = {isa = PBXFileReference; fileEncoding = 4; lastKnownFileType = file.xib; path = MainViewController.xib; sourceTree = "<group>"; };
		3047A50F1AB8059700498E2A /* build-debug.xcconfig */ = {isa = PBXFileReference; fileEncoding = 4; lastKnownFileType = text.xcconfig; name = "build-debug.xcconfig"; path = "cordova/build-debug.xcconfig"; sourceTree = SOURCE_ROOT; };
		3047A5101AB8059700498E2A /* build-release.xcconfig */ = {isa = PBXFileReference; fileEncoding = 4; lastKnownFileType = text.xcconfig; name = "build-release.xcconfig"; path = "cordova/build-release.xcconfig"; sourceTree = SOURCE_ROOT; };
		3047A5111AB8059700498E2A /* build.xcconfig */ = {isa = PBXFileReference; fileEncoding = 4; lastKnownFileType = text.xcconfig; name = build.xcconfig; path = cordova/build.xcconfig; sourceTree = SOURCE_ROOT; };
		31E319139497467CB95384CE /* TextResponseSerializer.m */ = {isa = PBXFileReference; explicitFileType = undefined; fileEncoding = 4; includeInIndex = 0; lastKnownFileType = sourcecode.c.objc; name = TextResponseSerializer.m; path = "cordova-plugin-advanced-http/TextResponseSerializer.m"; sourceTree = "<group>"; };
		32CA4F630368D1EE00C91783 /* MathCityMap-Prefix.pch */ = {isa = PBXFileReference; fileEncoding = 4; lastKnownFileType = sourcecode.c.h; path = "MathCityMap-Prefix.pch"; sourceTree = "<group>"; };
		3749C04C8BDC4CBDA7C7098D /* CDVGlobalization.h */ = {isa = PBXFileReference; explicitFileType = undefined; fileEncoding = 4; includeInIndex = 0; lastKnownFileType = sourcecode.c.h; name = CDVGlobalization.h; path = "cordova-plugin-globalization/CDVGlobalization.h"; sourceTree = "<group>"; };
		3A1642EB06984127B23E963B /* CDVCamera.m */ = {isa = PBXFileReference; explicitFileType = undefined; fileEncoding = 4; includeInIndex = 0; lastKnownFileType = sourcecode.c.objc; name = CDVCamera.m; path = "cordova-plugin-camera/CDVCamera.m"; sourceTree = "<group>"; };
		3B7270344CF346D4BD7AECD6 /* CDVCamera.h */ = {isa = PBXFileReference; explicitFileType = undefined; fileEncoding = 4; includeInIndex = 0; lastKnownFileType = sourcecode.c.h; name = CDVCamera.h; path = "cordova-plugin-camera/CDVCamera.h"; sourceTree = "<group>"; };
		3D3CF4DE576C48D2BE144504 /* CDVWKInAppBrowserUIDelegate.h */ = {isa = PBXFileReference; explicitFileType = undefined; fileEncoding = 4; includeInIndex = 0; lastKnownFileType = sourcecode.c.h; name = CDVWKInAppBrowserUIDelegate.h; path = "cordova-plugin-inappbrowser/CDVWKInAppBrowserUIDelegate.h"; sourceTree = "<group>"; };
		41ED10AC63A7454A9B68FC9B /* CDVInAppBrowserNavigationController.h */ = {isa = PBXFileReference; explicitFileType = undefined; fileEncoding = 4; includeInIndex = 0; lastKnownFileType = sourcecode.c.h; name = CDVInAppBrowserNavigationController.h; path = "cordova-plugin-inappbrowser/CDVInAppBrowserNavigationController.h"; sourceTree = "<group>"; };
		44908E27C97C49C181B7BD83 /* CDVUIInAppBrowser.m */ = {isa = PBXFileReference; explicitFileType = undefined; fileEncoding = 4; includeInIndex = 0; lastKnownFileType = sourcecode.c.objc; name = CDVUIInAppBrowser.m; path = "cordova-plugin-inappbrowser/CDVUIInAppBrowser.m"; sourceTree = "<group>"; };
		50E974E60CC145F494ED0F44 /* CDVLocation.h */ = {isa = PBXFileReference; explicitFileType = undefined; fileEncoding = 4; includeInIndex = 0; lastKnownFileType = sourcecode.c.h; name = CDVLocation.h; path = "cordova-plugin-geolocation/CDVLocation.h"; sourceTree = "<group>"; };
		5877FBF2EFFA4A23BE0E3FD0 /* RequestLocationAccuracy.m */ = {isa = PBXFileReference; explicitFileType = undefined; fileEncoding = 4; includeInIndex = 0; lastKnownFileType = sourcecode.c.objc; name = RequestLocationAccuracy.m; path = "cordova-plugin-request-location-accuracy/RequestLocationAccuracy.m"; sourceTree = "<group>"; };
		5E70F8E87B6F4594BAA0BC17 /* CordovaHttpPlugin.h */ = {isa = PBXFileReference; explicitFileType = undefined; fileEncoding = 4; includeInIndex = 0; lastKnownFileType = sourcecode.c.h; name = CordovaHttpPlugin.h; path = "cordova-plugin-advanced-http/CordovaHttpPlugin.h"; sourceTree = "<group>"; };
		608AEB7894D745A79029F2FC /* CDVDevice.h */ = {isa = PBXFileReference; explicitFileType = undefined; fileEncoding = 4; includeInIndex = 0; lastKnownFileType = sourcecode.c.h; name = CDVDevice.h; path = "cordova-plugin-device/CDVDevice.h"; sourceTree = "<group>"; };
		67DCC61CC2914057AD5FA9C1 /* CameraRenderController.h */ = {isa = PBXFileReference; explicitFileType = undefined; fileEncoding = 4; includeInIndex = 0; lastKnownFileType = sourcecode.c.h; name = CameraRenderController.h; path = "cordova-plugin-camera-preview/CameraRenderController.h"; sourceTree = "<group>"; };
		69769AFDEC7442A49A667907 /* CameraSessionManager.m */ = {isa = PBXFileReference; explicitFileType = undefined; fileEncoding = 4; includeInIndex = 0; lastKnownFileType = sourcecode.c.objc; name = CameraSessionManager.m; path = "cordova-plugin-camera-preview/CameraSessionManager.m"; sourceTree = "<group>"; };
		6AFF5BF81D6E424B00AB3073 /* CDVLaunchScreen.storyboard */ = {isa = PBXFileReference; fileEncoding = 4; lastKnownFileType = file.storyboard; name = CDVLaunchScreen.storyboard; path = MathCityMap/CDVLaunchScreen.storyboard; sourceTree = SOURCE_ROOT; };
		6E35165D084B4742BF3D317E /* CDVDevice.m */ = {isa = PBXFileReference; explicitFileType = undefined; fileEncoding = 4; includeInIndex = 0; lastKnownFileType = sourcecode.c.objc; name = CDVDevice.m; path = "cordova-plugin-device/CDVDevice.m"; sourceTree = "<group>"; };
		6E39E28BA1E843F6BA903E17 /* CDVConnection.h */ = {isa = PBXFileReference; explicitFileType = undefined; fileEncoding = 4; includeInIndex = 0; lastKnownFileType = sourcecode.c.h; name = CDVConnection.h; path = "cordova-plugin-network-information/CDVConnection.h"; sourceTree = "<group>"; };
		708611EB58004184828401D3 /* CDVSpinnerDialog.h */ = {isa = PBXFileReference; explicitFileType = undefined; fileEncoding = 4; includeInIndex = 0; lastKnownFileType = sourcecode.c.h; name = CDVSpinnerDialog.h; path = "cordova-plugin-native-spinner/CDVSpinnerDialog.h"; sourceTree = "<group>"; };
		71A80E49162D4C66978CE703 /* sqlite3.c */ = {isa = PBXFileReference; explicitFileType = undefined; fileEncoding = 9; includeInIndex = 0; lastKnownFileType = unknown; name = sqlite3.c; path = "cordova-sqlite-storage/sqlite3.c"; sourceTree = "<group>"; };
		73E502CDE748482586B65A03 /* CDVGlobalization.m */ = {isa = PBXFileReference; explicitFileType = undefined; fileEncoding = 4; includeInIndex = 0; lastKnownFileType = sourcecode.c.objc; name = CDVGlobalization.m; path = "cordova-plugin-globalization/CDVGlobalization.m"; sourceTree = "<group>"; };
		74A0227684934FF68D97D6A2 /* CDVReachability.m */ = {isa = PBXFileReference; explicitFileType = undefined; fileEncoding = 4; includeInIndex = 0; lastKnownFileType = sourcecode.c.objc; name = CDVReachability.m; path = "cordova-plugin-network-information/CDVReachability.m"; sourceTree = "<group>"; };
		775716E2FA0A408B9FC1677C /* CDVWKInAppBrowserUIDelegate.m */ = {isa = PBXFileReference; explicitFileType = undefined; fileEncoding = 4; includeInIndex = 0; lastKnownFileType = sourcecode.c.objc; name = CDVWKInAppBrowserUIDelegate.m; path = "cordova-plugin-inappbrowser/CDVWKInAppBrowserUIDelegate.m"; sourceTree = "<group>"; };
		77C5940CDE5F48D5BA5100C4 /* AFURLResponseSerialization.h */ = {isa = PBXFileReference; explicitFileType = undefined; fileEncoding = 4; includeInIndex = 0; lastKnownFileType = sourcecode.c.h; name = AFURLResponseSerialization.h; path = "cordova-plugin-advanced-http/AFURLResponseSerialization.h"; sourceTree = "<group>"; };
		79834BF79A914D158B085572 /* APPBadge.h */ = {isa = PBXFileReference; explicitFileType = undefined; fileEncoding = 4; includeInIndex = 0; lastKnownFileType = sourcecode.c.h; name = APPBadge.h; path = "cordova-plugin-badge/APPBadge.h"; sourceTree = "<group>"; };
		7A37733E672D4B07AF6CC6F9 /* OpenGLES.framework */ = {isa = PBXFileReference; explicitFileType = undefined; fileEncoding = 9; includeInIndex = 0; lastKnownFileType = wrapper.framework; name = OpenGLES.framework; path = System/Library/Frameworks/OpenGLES.framework; sourceTree = SDKROOT; };
		8279ABBF92B9498A8257CBAC /* sqlite3.h */ = {isa = PBXFileReference; explicitFileType = undefined; fileEncoding = 4; includeInIndex = 0; lastKnownFileType = sourcecode.c.h; name = sqlite3.h; path = "cordova-sqlite-storage/sqlite3.h"; sourceTree = "<group>"; };
		861F635B01C84E4682169BEC /* CDVViewController+SplashScreen.m */ = {isa = PBXFileReference; explicitFileType = undefined; fileEncoding = 4; includeInIndex = 0; lastKnownFileType = sourcecode.c.objc; name = "CDVViewController+SplashScreen.m"; path = "cordova-plugin-splashscreen/CDVViewController+SplashScreen.m"; sourceTree = "<group>"; };
		87E62F27D0F64CC88B88FAFD /* CameraPreview.m */ = {isa = PBXFileReference; explicitFileType = undefined; fileEncoding = 4; includeInIndex = 0; lastKnownFileType = sourcecode.c.objc; name = CameraPreview.m; path = "cordova-plugin-camera-preview/CameraPreview.m"; sourceTree = "<group>"; };
		885B5AAF729548FBBB040966 /* CDVStatusBar.m */ = {isa = PBXFileReference; explicitFileType = undefined; fileEncoding = 4; includeInIndex = 0; lastKnownFileType = sourcecode.c.objc; name = CDVStatusBar.m; path = "cordova-plugin-statusbar/CDVStatusBar.m"; sourceTree = "<group>"; };
		88E84B6894B3488F8386829A /* CoreImage.framework */ = {isa = PBXFileReference; explicitFileType = undefined; fileEncoding = 9; includeInIndex = 0; lastKnownFileType = wrapper.framework; name = CoreImage.framework; path = System/Library/Frameworks/CoreImage.framework; sourceTree = SDKROOT; };
		8A84FE3C36E44AD5B6871EE0 /* TextResponseSerializer.h */ = {isa = PBXFileReference; explicitFileType = undefined; fileEncoding = 4; includeInIndex = 0; lastKnownFileType = sourcecode.c.h; name = TextResponseSerializer.h; path = "cordova-plugin-advanced-http/TextResponseSerializer.h"; sourceTree = "<group>"; };
		8BF841506CAE46FF832F80B3 /* AppVersion.h */ = {isa = PBXFileReference; explicitFileType = undefined; fileEncoding = 4; includeInIndex = 0; lastKnownFileType = sourcecode.c.h; name = AppVersion.h; path = "cordova-plugin-app-version/AppVersion.h"; sourceTree = "<group>"; };
		8D1107310486CEB800E47090 /* MathCityMap-Info.plist */ = {isa = PBXFileReference; fileEncoding = 4; lastKnownFileType = text.plist.xml; name = "MathCityMap-Info.plist"; path = "MathCityMap/MathCityMap-Info.plist"; plistStructureDefinitionIdentifier = "com.apple.xcode.plist.structure-definition.iphone.info-plist"; sourceTree = SOURCE_ROOT; };
		8D3F7BD0849E46D7BC5BA506 /* UNUserNotificationCenter+APPLocalNotification.m */ = {isa = PBXFileReference; explicitFileType = undefined; fileEncoding = 4; includeInIndex = 0; lastKnownFileType = sourcecode.c.objc; name = "UNUserNotificationCenter+APPLocalNotification.m"; path = "cordova-plugin-local-notification/UNUserNotificationCenter+APPLocalNotification.m"; sourceTree = "<group>"; };
		9132363898D74075A5DF1F36 /* AVFoundation.framework */ = {isa = PBXFileReference; explicitFileType = undefined; fileEncoding = 9; includeInIndex = 0; lastKnownFileType = wrapper.framework; name = AVFoundation.framework; path = System/Library/Frameworks/AVFoundation.framework; sourceTree = SDKROOT; };
		94BCC2612E7A43C381C1EFA9 /* libc++.dylib */ = {isa = PBXFileReference; explicitFileType = undefined; fileEncoding = 9; includeInIndex = 0; lastKnownFileType = "compiled.mach-o.dylib"; name = "libc++.dylib"; path = "usr/lib/libc++.dylib"; sourceTree = SDKROOT; };
		97933A900F5A4D47874466BF /* AppVersion.m */ = {isa = PBXFileReference; explicitFileType = undefined; fileEncoding = 4; includeInIndex = 0; lastKnownFileType = sourcecode.c.objc; name = AppVersion.m; path = "cordova-plugin-app-version/AppVersion.m"; sourceTree = "<group>"; };
		989833743EA649CA9F715371 /* Contacts.framework */ = {isa = PBXFileReference; explicitFileType = undefined; fileEncoding = 9; includeInIndex = 0; lastKnownFileType = wrapper.framework; name = Contacts.framework; path = System/Library/Frameworks/Contacts.framework; sourceTree = SDKROOT; };
		99E0A9A30328443C8B0B2BF9 /* CoreBluetooth.framework */ = {isa = PBXFileReference; explicitFileType = undefined; fileEncoding = 9; includeInIndex = 0; lastKnownFileType = wrapper.framework; name = CoreBluetooth.framework; path = System/Library/Frameworks/CoreBluetooth.framework; sourceTree = SDKROOT; };
		9E5C2848A9DD46AAB1919CED /* AFURLSessionManager.m */ = {isa = PBXFileReference; explicitFileType = undefined; fileEncoding = 4; includeInIndex = 0; lastKnownFileType = sourcecode.c.objc; name = AFURLSessionManager.m; path = "cordova-plugin-advanced-http/AFURLSessionManager.m"; sourceTree = "<group>"; };
		A47A1EEA8408477FAF36B972 /* QuartzCore.framework */ = {isa = PBXFileReference; explicitFileType = undefined; fileEncoding = 9; includeInIndex = 0; lastKnownFileType = wrapper.framework; name = QuartzCore.framework; path = System/Library/Frameworks/QuartzCore.framework; sourceTree = SDKROOT; };
		A5E5AFBFD8634723B4A090F8 /* PhotoViewer.m */ = {isa = PBXFileReference; explicitFileType = undefined; fileEncoding = 4; includeInIndex = 0; lastKnownFileType = sourcecode.c.objc; name = PhotoViewer.m; path = "com-sarriaroman-photoviewer/PhotoViewer.m"; sourceTree = "<group>"; };
		A6687B04925F4DD197DAFB4E /* AFNetworking.h */ = {isa = PBXFileReference; explicitFileType = undefined; fileEncoding = 4; includeInIndex = 0; lastKnownFileType = sourcecode.c.h; name = AFNetworking.h; path = "cordova-plugin-advanced-http/AFNetworking.h"; sourceTree = "<group>"; };
		AC98ADE78BED4BE98EFED35A /* CDVAssetLibraryFilesystem.m */ = {isa = PBXFileReference; explicitFileType = undefined; fileEncoding = 4; includeInIndex = 0; lastKnownFileType = sourcecode.c.objc; name = CDVAssetLibraryFilesystem.m; path = "cordova-plugin-file/CDVAssetLibraryFilesystem.m"; sourceTree = "<group>"; };
		ADC832DA9EF5496BB7A7E8D5 /* CoreVideo.framework */ = {isa = PBXFileReference; explicitFileType = undefined; fileEncoding = 9; includeInIndex = 0; lastKnownFileType = wrapper.framework; name = CoreVideo.framework; path = System/Library/Frameworks/CoreVideo.framework; sourceTree = SDKROOT; };
		AEAD49CDDC814F27B3A13FAD /* CDVJpegHeaderWriter.m */ = {isa = PBXFileReference; explicitFileType = undefined; fileEncoding = 4; includeInIndex = 0; lastKnownFileType = sourcecode.c.objc; name = CDVJpegHeaderWriter.m; path = "cordova-plugin-camera/CDVJpegHeaderWriter.m"; sourceTree = "<group>"; };
		AF5567CF77164850BE7DB1C1 /* Security.framework */ = {isa = PBXFileReference; explicitFileType = undefined; fileEncoding = 9; includeInIndex = 0; lastKnownFileType = wrapper.framework; name = Security.framework; path = System/Library/Frameworks/Security.framework; sourceTree = SDKROOT; };
		B12117863BB84107A27EA04D /* CDVLocation.m */ = {isa = PBXFileReference; explicitFileType = undefined; fileEncoding = 4; includeInIndex = 0; lastKnownFileType = sourcecode.c.objc; name = CDVLocation.m; path = "cordova-plugin-geolocation/CDVLocation.m"; sourceTree = "<group>"; };
		B36F4CC6E19D46B48F0E733B /* CDVInAppBrowserOptions.m */ = {isa = PBXFileReference; explicitFileType = undefined; fileEncoding = 4; includeInIndex = 0; lastKnownFileType = sourcecode.c.objc; name = CDVInAppBrowserOptions.m; path = "cordova-plugin-inappbrowser/CDVInAppBrowserOptions.m"; sourceTree = "<group>"; };
		BB5AF1362AED497591C6A97E /* UNUserNotificationCenter+APPLocalNotification.h */ = {isa = PBXFileReference; explicitFileType = undefined; fileEncoding = 4; includeInIndex = 0; lastKnownFileType = sourcecode.c.h; name = "UNUserNotificationCenter+APPLocalNotification.h"; path = "cordova-plugin-local-notification/UNUserNotificationCenter+APPLocalNotification.h"; sourceTree = "<group>"; };
		BC5B6A4208DA45ECBE574179 /* TemperatureAndTint.h */ = {isa = PBXFileReference; explicitFileType = undefined; fileEncoding = 4; includeInIndex = 0; lastKnownFileType = sourcecode.c.h; name = TemperatureAndTint.h; path = "cordova-plugin-camera-preview/TemperatureAndTint.h"; sourceTree = "<group>"; };
		BCA4ED208BCF4F12AC9C16B6 /* CDVFile.m */ = {isa = PBXFileReference; explicitFileType = undefined; fileEncoding = 4; includeInIndex = 0; lastKnownFileType = sourcecode.c.objc; name = CDVFile.m; path = "cordova-plugin-file/CDVFile.m"; sourceTree = "<group>"; };
		BDB20ED1A742489E84F0516C /* APPLocalNotification.h */ = {isa = PBXFileReference; explicitFileType = undefined; fileEncoding = 4; includeInIndex = 0; lastKnownFileType = sourcecode.c.h; name = APPLocalNotification.h; path = "cordova-plugin-local-notification/APPLocalNotification.h"; sourceTree = "<group>"; };
		BFE29710AD324663B466913A /* libz.tbd */ = {isa = PBXFileReference; explicitFileType = undefined; fileEncoding = 9; includeInIndex = 0; lastKnownFileType = "sourcecode.text-based-dylib-definition"; name = libz.tbd; path = usr/lib/libz.tbd; sourceTree = SDKROOT; };
		C136C18F667B4777A57CAAB9 /* CDVViewController+SplashScreen.h */ = {isa = PBXFileReference; explicitFileType = undefined; fileEncoding = 4; includeInIndex = 0; lastKnownFileType = sourcecode.c.h; name = "CDVViewController+SplashScreen.h"; path = "cordova-plugin-splashscreen/CDVViewController+SplashScreen.h"; sourceTree = "<group>"; };
		C2374235A1D44A16A994C511 /* CDVSplashScreen.h */ = {isa = PBXFileReference; explicitFileType = undefined; fileEncoding = 4; includeInIndex = 0; lastKnownFileType = sourcecode.c.h; name = CDVSplashScreen.h; path = "cordova-plugin-splashscreen/CDVSplashScreen.h"; sourceTree = "<group>"; };
		C2F0BF8D384842EAA5C2283A /* UIImage+CropScaleOrientation.h */ = {isa = PBXFileReference; explicitFileType = undefined; fileEncoding = 4; includeInIndex = 0; lastKnownFileType = sourcecode.c.h; name = "UIImage+CropScaleOrientation.h"; path = "cordova-plugin-camera/UIImage+CropScaleOrientation.h"; sourceTree = "<group>"; };
		C3D1440576914F03BE03DED4 /* UNNotificationRequest+APPLocalNotification.h */ = {isa = PBXFileReference; explicitFileType = undefined; fileEncoding = 4; includeInIndex = 0; lastKnownFileType = sourcecode.c.h; name = "UNNotificationRequest+APPLocalNotification.h"; path = "cordova-plugin-local-notification/UNNotificationRequest+APPLocalNotification.h"; sourceTree = "<group>"; };
		C6B549ADD66640B8817CB0E9 /* Diagnostic.m */ = {isa = PBXFileReference; explicitFileType = undefined; fileEncoding = 4; includeInIndex = 0; lastKnownFileType = sourcecode.c.objc; name = Diagnostic.m; path = cordova.plugins.diagnostic/Diagnostic.m; sourceTree = "<group>"; };
		C6DD329C646B4264922B84AC /* CoreMotion.framework */ = {isa = PBXFileReference; explicitFileType = undefined; fileEncoding = 9; includeInIndex = 0; lastKnownFileType = wrapper.framework; name = CoreMotion.framework; path = System/Library/Frameworks/CoreMotion.framework; sourceTree = SDKROOT; };
		C9EB3C10567A450AB1CF83B6 /* SQLitePlugin.m */ = {isa = PBXFileReference; explicitFileType = undefined; fileEncoding = 4; includeInIndex = 0; lastKnownFileType = sourcecode.c.objc; name = SQLitePlugin.m; path = "cordova-sqlite-storage/SQLitePlugin.m"; sourceTree = "<group>"; };
		CE6D54D4A8A44853B89BAAE1 /* CordovaHttpPlugin.m */ = {isa = PBXFileReference; explicitFileType = undefined; fileEncoding = 4; includeInIndex = 0; lastKnownFileType = sourcecode.c.objc; name = CordovaHttpPlugin.m; path = "cordova-plugin-advanced-http/CordovaHttpPlugin.m"; sourceTree = "<group>"; };
		D002E08345884F96A2605492 /* CameraRenderController.m */ = {isa = PBXFileReference; explicitFileType = undefined; fileEncoding = 4; includeInIndex = 0; lastKnownFileType = sourcecode.c.objc; name = CameraRenderController.m; path = "cordova-plugin-camera-preview/CameraRenderController.m"; sourceTree = "<group>"; };
		D2050DE9D6B64EEA9B8DACDB /* APPNotificationContent.h */ = {isa = PBXFileReference; explicitFileType = undefined; fileEncoding = 4; includeInIndex = 0; lastKnownFileType = sourcecode.c.h; name = APPNotificationContent.h; path = "cordova-plugin-local-notification/APPNotificationContent.h"; sourceTree = "<group>"; };
		D23DA0B93AF3425D84E68D27 /* CoreLocation.framework */ = {isa = PBXFileReference; explicitFileType = undefined; fileEncoding = 9; includeInIndex = 0; lastKnownFileType = wrapper.framework; name = CoreLocation.framework; path = System/Library/Frameworks/CoreLocation.framework; sourceTree = SDKROOT; };
		D765D0C15D284FFAAFF79D0D /* CDVUIInAppBrowser.h */ = {isa = PBXFileReference; explicitFileType = undefined; fileEncoding = 4; includeInIndex = 0; lastKnownFileType = sourcecode.c.h; name = CDVUIInAppBrowser.h; path = "cordova-plugin-inappbrowser/CDVUIInAppBrowser.h"; sourceTree = "<group>"; };
		D7BC88267AE14646B0C560FC /* CDVFile.h */ = {isa = PBXFileReference; explicitFileType = undefined; fileEncoding = 4; includeInIndex = 0; lastKnownFileType = sourcecode.c.h; name = CDVFile.h; path = "cordova-plugin-file/CDVFile.h"; sourceTree = "<group>"; };
		DDE9280712CD434A8C8C4890 /* libz.dylib */ = {isa = PBXFileReference; explicitFileType = undefined; fileEncoding = 9; includeInIndex = 0; lastKnownFileType = "compiled.mach-o.dylib"; name = libz.dylib; path = usr/lib/libz.dylib; sourceTree = SDKROOT; };
		DE1B8C6CE55544F1BFC02509 /* UNNotificationRequest+APPLocalNotification.m */ = {isa = PBXFileReference; explicitFileType = undefined; fileEncoding = 4; includeInIndex = 0; lastKnownFileType = sourcecode.c.objc; name = "UNNotificationRequest+APPLocalNotification.m"; path = "cordova-plugin-local-notification/UNNotificationRequest+APPLocalNotification.m"; sourceTree = "<group>"; };
		DEAEB6160E6D4167B080427D /* FabricPlugin.m */ = {isa = PBXFileReference; explicitFileType = undefined; fileEncoding = 4; includeInIndex = 0; lastKnownFileType = sourcecode.c.objc; name = FabricPlugin.m; path = "cordova-fabric-plugin/FabricPlugin.m"; sourceTree = "<group>"; };
		E10864AD8A7C4363A84286DB /* AFURLRequestSerialization.h */ = {isa = PBXFileReference; explicitFileType = undefined; fileEncoding = 4; includeInIndex = 0; lastKnownFileType = sourcecode.c.h; name = AFURLRequestSerialization.h; path = "cordova-plugin-advanced-http/AFURLRequestSerialization.h"; sourceTree = "<group>"; };
		E16E28B928444CE18F1AB080 /* CameraSessionManager.h */ = {isa = PBXFileReference; explicitFileType = undefined; fileEncoding = 4; includeInIndex = 0; lastKnownFileType = sourcecode.c.h; name = CameraSessionManager.h; path = "cordova-plugin-camera-preview/CameraSessionManager.h"; sourceTree = "<group>"; };
		E2308DB385F9455B81FC4CD5 /* CDVWKInAppBrowser.m */ = {isa = PBXFileReference; explicitFileType = undefined; fileEncoding = 4; includeInIndex = 0; lastKnownFileType = sourcecode.c.objc; name = CDVWKInAppBrowser.m; path = "cordova-plugin-inappbrowser/CDVWKInAppBrowser.m"; sourceTree = "<group>"; };
		E46BC1065C28472FB0FF8560 /* UserNotifications.framework */ = {isa = PBXFileReference; explicitFileType = undefined; fileEncoding = 9; includeInIndex = 0; lastKnownFileType = wrapper.framework; name = UserNotifications.framework; path = System/Library/Frameworks/UserNotifications.framework; sourceTree = SDKROOT; };
		E488BE9F0BF94C96835348F7 /* AFURLSessionManager.h */ = {isa = PBXFileReference; explicitFileType = undefined; fileEncoding = 4; includeInIndex = 0; lastKnownFileType = sourcecode.c.h; name = AFURLSessionManager.h; path = "cordova-plugin-advanced-http/AFURLSessionManager.h"; sourceTree = "<group>"; };
		E4B3BD1266794628A13E9AA0 /* APPNotificationOptions.m */ = {isa = PBXFileReference; explicitFileType = undefined; fileEncoding = 4; includeInIndex = 0; lastKnownFileType = sourcecode.c.objc; name = APPNotificationOptions.m; path = "cordova-plugin-local-notification/APPNotificationOptions.m"; sourceTree = "<group>"; };
		E4D4C6A4119C4DFB8BF539D0 /* CDVWKInAppBrowser.h */ = {isa = PBXFileReference; explicitFileType = undefined; fileEncoding = 4; includeInIndex = 0; lastKnownFileType = sourcecode.c.h; name = CDVWKInAppBrowser.h; path = "cordova-plugin-inappbrowser/CDVWKInAppBrowser.h"; sourceTree = "<group>"; };
		E9D0EB5B0B574E9A9D077A64 /* AFHTTPSessionManager.h */ = {isa = PBXFileReference; explicitFileType = undefined; fileEncoding = 4; includeInIndex = 0; lastKnownFileType = sourcecode.c.h; name = AFHTTPSessionManager.h; path = "cordova-plugin-advanced-http/AFHTTPSessionManager.h"; sourceTree = "<group>"; };
		EB07CCC150AE4102B506A5AF /* Diagnostic.h */ = {isa = PBXFileReference; explicitFileType = undefined; fileEncoding = 4; includeInIndex = 0; lastKnownFileType = sourcecode.c.h; name = Diagnostic.h; path = cordova.plugins.diagnostic/Diagnostic.h; sourceTree = "<group>"; };
		EB87FDF31871DA8E0020F90C /* www */ = {isa = PBXFileReference; lastKnownFileType = folder; name = www; path = ../../www; sourceTree = "<group>"; };
		EB87FDF41871DAF40020F90C /* config.xml */ = {isa = PBXFileReference; lastKnownFileType = text.xml; name = config.xml; path = ../../config.xml; sourceTree = "<group>"; };
		EBEAE6B7E6E04673A03558F8 /* APPLocalNotification.m */ = {isa = PBXFileReference; explicitFileType = undefined; fileEncoding = 4; includeInIndex = 0; lastKnownFileType = sourcecode.c.objc; name = APPLocalNotification.m; path = "cordova-plugin-local-notification/APPLocalNotification.m"; sourceTree = "<group>"; };
		ED33DF2A687741AEAF9F8254 /* Bridging-Header.h */ = {isa = PBXFileReference; fileEncoding = 4; lastKnownFileType = sourcecode.c.h; path = "Bridging-Header.h"; sourceTree = "<group>"; };
		ED919120A157469D80C71471 /* CDVExif.h */ = {isa = PBXFileReference; explicitFileType = undefined; fileEncoding = 4; includeInIndex = 0; lastKnownFileType = sourcecode.c.h; name = CDVExif.h; path = "cordova-plugin-camera/CDVExif.h"; sourceTree = "<group>"; };
		EF7128D9CD0642A78383A9C6 /* SQLitePlugin.h */ = {isa = PBXFileReference; explicitFileType = undefined; fileEncoding = 4; includeInIndex = 0; lastKnownFileType = sourcecode.c.h; name = SQLitePlugin.h; path = "cordova-sqlite-storage/SQLitePlugin.h"; sourceTree = "<group>"; };
		F014571478F5400F85A565F6 /* AddressBook.framework */ = {isa = PBXFileReference; explicitFileType = undefined; fileEncoding = 9; includeInIndex = 0; lastKnownFileType = wrapper.framework; name = AddressBook.framework; path = System/Library/Frameworks/AddressBook.framework; sourceTree = SDKROOT; };
		F12B495631DD4EAEB7A08486 /* CDVReachability.h */ = {isa = PBXFileReference; explicitFileType = undefined; fileEncoding = 4; includeInIndex = 0; lastKnownFileType = sourcecode.c.h; name = CDVReachability.h; path = "cordova-plugin-network-information/CDVReachability.h"; sourceTree = "<group>"; };
		F14A249B148E455B9F078899 /* CDVJpegHeaderWriter.h */ = {isa = PBXFileReference; explicitFileType = undefined; fileEncoding = 4; includeInIndex = 0; lastKnownFileType = sourcecode.c.h; name = CDVJpegHeaderWriter.h; path = "cordova-plugin-camera/CDVJpegHeaderWriter.h"; sourceTree = "<group>"; };
		F1937B2C20634246B2C0219B /* CDVLocalFilesystem.h */ = {isa = PBXFileReference; explicitFileType = undefined; fileEncoding = 4; includeInIndex = 0; lastKnownFileType = sourcecode.c.h; name = CDVLocalFilesystem.h; path = "cordova-plugin-file/CDVLocalFilesystem.h"; sourceTree = "<group>"; };
		F22A2500213745FDB9453A8E /* CDVFileTransfer.h */ = {isa = PBXFileReference; explicitFileType = undefined; fileEncoding = 4; includeInIndex = 0; lastKnownFileType = sourcecode.c.h; name = CDVFileTransfer.h; path = "cordova-plugin-file-transfer/CDVFileTransfer.h"; sourceTree = "<group>"; };
		F4D7860B6CDD481CAFAABE21 /* CDVStatusBar.h */ = {isa = PBXFileReference; explicitFileType = undefined; fileEncoding = 4; includeInIndex = 0; lastKnownFileType = sourcecode.c.h; name = CDVStatusBar.h; path = "cordova-plugin-statusbar/CDVStatusBar.h"; sourceTree = "<group>"; };
		F58521E879554B74955C5892 /* AFURLRequestSerialization.m */ = {isa = PBXFileReference; explicitFileType = undefined; fileEncoding = 4; includeInIndex = 0; lastKnownFileType = sourcecode.c.objc; name = AFURLRequestSerialization.m; path = "cordova-plugin-advanced-http/AFURLRequestSerialization.m"; sourceTree = "<group>"; };
		F6D02E2B24F8460583589C3B /* CDVInAppBrowserNavigationController.m */ = {isa = PBXFileReference; explicitFileType = undefined; fileEncoding = 4; includeInIndex = 0; lastKnownFileType = sourcecode.c.objc; name = CDVInAppBrowserNavigationController.m; path = "cordova-plugin-inappbrowser/CDVInAppBrowserNavigationController.m"; sourceTree = "<group>"; };
		F6DFD776093746CF9C45ADA5 /* TemperatureAndTint.m */ = {isa = PBXFileReference; explicitFileType = undefined; fileEncoding = 4; includeInIndex = 0; lastKnownFileType = sourcecode.c.objc; name = TemperatureAndTint.m; path = "cordova-plugin-camera-preview/TemperatureAndTint.m"; sourceTree = "<group>"; };
		F767640FF7B4479A9B6485BF /* GLKit.framework */ = {isa = PBXFileReference; explicitFileType = undefined; fileEncoding = 9; includeInIndex = 0; lastKnownFileType = wrapper.framework; name = GLKit.framework; path = System/Library/Frameworks/GLKit.framework; sourceTree = SDKROOT; };
		F840E1F0165FE0F500CFE078 /* config.xml */ = {isa = PBXFileReference; lastKnownFileType = text.xml; name = config.xml; path = MathCityMap/config.xml; sourceTree = "<group>"; };
		F89C5FB0C9F5499E8F5EBD7D /* CameraPreview.h */ = {isa = PBXFileReference; explicitFileType = undefined; fileEncoding = 4; includeInIndex = 0; lastKnownFileType = sourcecode.c.h; name = CameraPreview.h; path = "cordova-plugin-camera-preview/CameraPreview.h"; sourceTree = "<group>"; };
		FA18982D31054F5FBBFAE75D /* CDVConnection.m */ = {isa = PBXFileReference; explicitFileType = undefined; fileEncoding = 4; includeInIndex = 0; lastKnownFileType = sourcecode.c.objc; name = CDVConnection.m; path = "cordova-plugin-network-information/CDVConnection.m"; sourceTree = "<group>"; };
/* End PBXFileReference section */

/* Begin PBXFrameworksBuildPhase section */
		1D60588F0D05DD3D006BFB54 /* Frameworks */ = {
			isa = PBXFrameworksBuildPhase;
			buildActionMask = 2147483647;
			files = (
				301BF552109A68D80062928A /* libCordova.a in Frameworks */,
				863444002429438AA587EEE2 /* libz.dylib in Frameworks */,
				A16AFCFE39854388BB4F2AB0 /* libc++.dylib in Frameworks */,
				75E028C357DF4250BA16CF3B /* SystemConfiguration.framework in Frameworks */,
				45AB95B0B333418ABF389AA5 /* Security.framework in Frameworks */,
				D0BB9226391C4BCAB92F31DD /* Fabric.framework in Frameworks */,
				0FEBF078C4FD44EDA0DC53C1 /* Crashlytics.framework in Frameworks */,
				2838FFF67DDA4725A4A5F5D8 /* ImageIO.framework in Frameworks */,
				5181BB1D55914EB2A5538141 /* CoreLocation.framework in Frameworks */,
				E20C8188F84D44B5A230FA13 /* AVFoundation.framework in Frameworks */,
				9FB94DF783F44C5389701689 /* CoreImage.framework in Frameworks */,
				B079DC46F35542E8812AC642 /* OpenGLES.framework in Frameworks */,
				A1CC64EBDF6C4C03A270D7AE /* GLKit.framework in Frameworks */,
				DFF242AAE7AC4BC2858DA391 /* CoreVideo.framework in Frameworks */,
				E757A5C4A4F9439B9C1935DA /* QuartzCore.framework in Frameworks */,
				0FD7ED7070EC4079939F209C /* libz.tbd in Frameworks */,
				62A0DF893827435F96544207 /* UserNotifications.framework in Frameworks */,
				E4B16971607843988CF7BA21 /* CoreTelephony.framework in Frameworks */,
				9B8DBEFA0A684CB795746D5E /* CoreBluetooth.framework in Frameworks */,
				6F36293E29F24886868E4169 /* CoreMotion.framework in Frameworks */,
				6C8B577916FE4EA3A64BA0F9 /* Photos.framework in Frameworks */,
				34A504CB02244C3982BCF28D /* AddressBook.framework in Frameworks */,
				C285894E03414123AA330B72 /* EventKit.framework in Frameworks */,
				06315AD35D48459AA026CEE8 /* Contacts.framework in Frameworks */,
			);
			runOnlyForDeploymentPostprocessing = 0;
		};
/* End PBXFrameworksBuildPhase section */

/* Begin PBXGroup section */
		080E96DDFE201D6D7F000001 /* Classes */ = {
			isa = PBXGroup;
			children = (
				302D95EE14D2391D003F00A1 /* MainViewController.h */,
				302D95EF14D2391D003F00A1 /* MainViewController.m */,
				302D95F014D2391D003F00A1 /* MainViewController.xib */,
				1D3623240D0F684500981E51 /* AppDelegate.h */,
				1D3623250D0F684500981E51 /* AppDelegate.m */,
			);
			name = Classes;
			path = MathCityMap/Classes;
			sourceTree = SOURCE_ROOT;
		};
		19C28FACFE9D520D11CA2CBB /* Products */ = {
			isa = PBXGroup;
			children = (
				1D6058910D05DD3D006BFB54 /* MathCityMap.app */,
			);
			name = Products;
			sourceTree = "<group>";
		};
		29B97314FDCFA39411CA2CEA /* CustomTemplate */ = {
			isa = PBXGroup;
			children = (
				EB87FDF41871DAF40020F90C /* config.xml */,
				EB87FDF31871DA8E0020F90C /* www */,
				EB87FDF11871DA420020F90C /* Staging */,
				301BF52D109A57CC0062928A /* CordovaLib/CordovaLib.xcodeproj */,
				080E96DDFE201D6D7F000001 /* Classes */,
				307C750510C5A3420062BCA9 /* Plugins */,
				29B97315FDCFA39411CA2CEA /* Other Sources */,
				29B97317FDCFA39411CA2CEA /* Resources */,
				29B97323FDCFA39411CA2CEA /* Frameworks */,
				19C28FACFE9D520D11CA2CBB /* Products */,
			);
			name = CustomTemplate;
			sourceTree = "<group>";
		};
		29B97315FDCFA39411CA2CEA /* Other Sources */ = {
			isa = PBXGroup;
			children = (
				32CA4F630368D1EE00C91783 /* MathCityMap-Prefix.pch */,
				29B97316FDCFA39411CA2CEA /* main.m */,
				ED33DF2A687741AEAF9F8254 /* Bridging-Header.h */,
			);
			name = "Other Sources";
			path = MathCityMap;
			sourceTree = "<group>";
		};
		29B97317FDCFA39411CA2CEA /* Resources */ = {
			isa = PBXGroup;
			children = (
				0207DA571B56EA530066E2B4 /* Images.xcassets */,
				3047A50E1AB8057F00498E2A /* config */,
				8D1107310486CEB800E47090 /* MathCityMap-Info.plist */,
				6AFF5BF81D6E424B00AB3073 /* CDVLaunchScreen.storyboard */,
			);
			name = Resources;
			path = MathCityMap/Resources;
			sourceTree = "<group>";
		};
		29B97323FDCFA39411CA2CEA /* Frameworks */ = {
			isa = PBXGroup;
			children = (
				DDE9280712CD434A8C8C4890 /* libz.dylib */,
				94BCC2612E7A43C381C1EFA9 /* libc++.dylib */,
				17DDE1CF07E34D05B9FA9D7D /* SystemConfiguration.framework */,
				AF5567CF77164850BE7DB1C1 /* Security.framework */,
				2555F54CA7EB4217B39D5462 /* Fabric.framework */,
				02AD114C481947F99FD78464 /* Crashlytics.framework */,
				26B8568056DF40CF9A0B28B4 /* ImageIO.framework */,
				D23DA0B93AF3425D84E68D27 /* CoreLocation.framework */,
				9132363898D74075A5DF1F36 /* AVFoundation.framework */,
				88E84B6894B3488F8386829A /* CoreImage.framework */,
				7A37733E672D4B07AF6CC6F9 /* OpenGLES.framework */,
				F767640FF7B4479A9B6485BF /* GLKit.framework */,
				ADC832DA9EF5496BB7A7E8D5 /* CoreVideo.framework */,
				A47A1EEA8408477FAF36B972 /* QuartzCore.framework */,
				BFE29710AD324663B466913A /* libz.tbd */,
				E46BC1065C28472FB0FF8560 /* UserNotifications.framework */,
				046CA25472234C48BA6FF0EE /* CoreTelephony.framework */,
				99E0A9A30328443C8B0B2BF9 /* CoreBluetooth.framework */,
				C6DD329C646B4264922B84AC /* CoreMotion.framework */,
				031B00288FD34828A5E0A512 /* Photos.framework */,
				F014571478F5400F85A565F6 /* AddressBook.framework */,
				2EF9679633194CF2B36DDF54 /* EventKit.framework */,
				989833743EA649CA9F715371 /* Contacts.framework */,
			);
			name = Frameworks;
			sourceTree = "<group>";
		};
		301BF52E109A57CC0062928A /* Products */ = {
			isa = PBXGroup;
			children = (
				301BF535109A57CC0062928A /* libCordova.a */,
				1EF62D0F2367509500E77CB0 /* Cordova.framework */,
			);
			name = Products;
			sourceTree = "<group>";
		};
		3047A50E1AB8057F00498E2A /* config */ = {
			isa = PBXGroup;
			children = (
				3047A50F1AB8059700498E2A /* build-debug.xcconfig */,
				3047A5101AB8059700498E2A /* build-release.xcconfig */,
				3047A5111AB8059700498E2A /* build.xcconfig */,
			);
			name = config;
			sourceTree = "<group>";
		};
		307C750510C5A3420062BCA9 /* Plugins */ = {
			isa = PBXGroup;
			children = (
				A5E5AFBFD8634723B4A090F8 /* PhotoViewer.m */,
				DEAEB6160E6D4167B080427D /* FabricPlugin.m */,
				BCA4ED208BCF4F12AC9C16B6 /* CDVFile.m */,
				2B00CA8D04414F4A979BAFA6 /* CDVLocalFilesystem.m */,
				AC98ADE78BED4BE98EFED35A /* CDVAssetLibraryFilesystem.m */,
				D7BC88267AE14646B0C560FC /* CDVFile.h */,
				F1937B2C20634246B2C0219B /* CDVLocalFilesystem.h */,
				11177D24BB7440E0B71B7593 /* CDVAssetLibraryFilesystem.h */,
				CE6D54D4A8A44853B89BAAE1 /* CordovaHttpPlugin.m */,
				31E319139497467CB95384CE /* TextResponseSerializer.m */,
				03E72B891215467C95887D25 /* AFHTTPSessionManager.m */,
				25A08EC2FF324B4BA019A146 /* AFNetworkReachabilityManager.m */,
				2B485BDAF19A41E78E319C10 /* AFSecurityPolicy.m */,
				F58521E879554B74955C5892 /* AFURLRequestSerialization.m */,
				19B7AE722D8343F08D528339 /* AFURLResponseSerialization.m */,
				9E5C2848A9DD46AAB1919CED /* AFURLSessionManager.m */,
				5E70F8E87B6F4594BAA0BC17 /* CordovaHttpPlugin.h */,
				8A84FE3C36E44AD5B6871EE0 /* TextResponseSerializer.h */,
				E9D0EB5B0B574E9A9D077A64 /* AFHTTPSessionManager.h */,
				A6687B04925F4DD197DAFB4E /* AFNetworking.h */,
				2B8B04DD36FF46239F38E880 /* AFNetworkReachabilityManager.h */,
				26BD8498041E4D4B84F4C0E6 /* AFSecurityPolicy.h */,
				E10864AD8A7C4363A84286DB /* AFURLRequestSerialization.h */,
				77C5940CDE5F48D5BA5100C4 /* AFURLResponseSerialization.h */,
				E488BE9F0BF94C96835348F7 /* AFURLSessionManager.h */,
				97933A900F5A4D47874466BF /* AppVersion.m */,
				8BF841506CAE46FF832F80B3 /* AppVersion.h */,
				0027BB018AE54DE5A9F2B046 /* APPBadge.m */,
				79834BF79A914D158B085572 /* APPBadge.h */,
				1133317F991A4170BB3BD4B6 /* UIImage+CropScaleOrientation.m */,
				3A1642EB06984127B23E963B /* CDVCamera.m */,
				AEAD49CDDC814F27B3A13FAD /* CDVJpegHeaderWriter.m */,
				C2F0BF8D384842EAA5C2283A /* UIImage+CropScaleOrientation.h */,
				3B7270344CF346D4BD7AECD6 /* CDVCamera.h */,
				F14A249B148E455B9F078899 /* CDVJpegHeaderWriter.h */,
				ED919120A157469D80C71471 /* CDVExif.h */,
				87E62F27D0F64CC88B88FAFD /* CameraPreview.m */,
				F6DFD776093746CF9C45ADA5 /* TemperatureAndTint.m */,
				69769AFDEC7442A49A667907 /* CameraSessionManager.m */,
				D002E08345884F96A2605492 /* CameraRenderController.m */,
				F89C5FB0C9F5499E8F5EBD7D /* CameraPreview.h */,
				BC5B6A4208DA45ECBE574179 /* TemperatureAndTint.h */,
				E16E28B928444CE18F1AB080 /* CameraSessionManager.h */,
				67DCC61CC2914057AD5FA9C1 /* CameraRenderController.h */,
				6E35165D084B4742BF3D317E /* CDVDevice.m */,
				608AEB7894D745A79029F2FC /* CDVDevice.h */,
				0D24D3AB38C44C8986FA5050 /* CDVFileTransfer.m */,
				F22A2500213745FDB9453A8E /* CDVFileTransfer.h */,
				B12117863BB84107A27EA04D /* CDVLocation.m */,
				50E974E60CC145F494ED0F44 /* CDVLocation.h */,
				73E502CDE748482586B65A03 /* CDVGlobalization.m */,
				3749C04C8BDC4CBDA7C7098D /* CDVGlobalization.h */,
				11E6A8256C63453CBA7F070D /* CDVInAppBrowser.m */,
				B36F4CC6E19D46B48F0E733B /* CDVInAppBrowserOptions.m */,
				F6D02E2B24F8460583589C3B /* CDVInAppBrowserNavigationController.m */,
				44908E27C97C49C181B7BD83 /* CDVUIInAppBrowser.m */,
				E2308DB385F9455B81FC4CD5 /* CDVWKInAppBrowser.m */,
				775716E2FA0A408B9FC1677C /* CDVWKInAppBrowserUIDelegate.m */,
				1B8E8458984246D68C7D20E6 /* CDVInAppBrowser.h */,
				27D29C6232804EFD99104D44 /* CDVInAppBrowserOptions.h */,
				41ED10AC63A7454A9B68FC9B /* CDVInAppBrowserNavigationController.h */,
				D765D0C15D284FFAAFF79D0D /* CDVUIInAppBrowser.h */,
				E4D4C6A4119C4DFB8BF539D0 /* CDVWKInAppBrowser.h */,
				3D3CF4DE576C48D2BE144504 /* CDVWKInAppBrowserUIDelegate.h */,
				EBEAE6B7E6E04673A03558F8 /* APPLocalNotification.m */,
				1EE5DBA6FA6044DF9F971273 /* APPNotificationContent.m */,
				E4B3BD1266794628A13E9AA0 /* APPNotificationOptions.m */,
				8D3F7BD0849E46D7BC5BA506 /* UNUserNotificationCenter+APPLocalNotification.m */,
				DE1B8C6CE55544F1BFC02509 /* UNNotificationRequest+APPLocalNotification.m */,
				BDB20ED1A742489E84F0516C /* APPLocalNotification.h */,
				D2050DE9D6B64EEA9B8DACDB /* APPNotificationContent.h */,
				27454484883B4FC28CB4BB0D /* APPNotificationOptions.h */,
				BB5AF1362AED497591C6A97E /* UNUserNotificationCenter+APPLocalNotification.h */,
				C3D1440576914F03BE03DED4 /* UNNotificationRequest+APPLocalNotification.h */,
				012EDB4010A84B7AA0A79A33 /* CDVSpinnerDialog.m */,
				708611EB58004184828401D3 /* CDVSpinnerDialog.h */,
				FA18982D31054F5FBBFAE75D /* CDVConnection.m */,
				74A0227684934FF68D97D6A2 /* CDVReachability.m */,
				6E39E28BA1E843F6BA903E17 /* CDVConnection.h */,
				F12B495631DD4EAEB7A08486 /* CDVReachability.h */,
				5877FBF2EFFA4A23BE0E3FD0 /* RequestLocationAccuracy.m */,
				2DF78947C24F45318D4E60F6 /* RequestLocationAccuracy.h */,
				0D04F40EFFD642E696A86365 /* CDVSplashScreen.m */,
				861F635B01C84E4682169BEC /* CDVViewController+SplashScreen.m */,
				C2374235A1D44A16A994C511 /* CDVSplashScreen.h */,
				C136C18F667B4777A57CAAB9 /* CDVViewController+SplashScreen.h */,
				885B5AAF729548FBBB040966 /* CDVStatusBar.m */,
				F4D7860B6CDD481CAFAABE21 /* CDVStatusBar.h */,
				C9EB3C10567A450AB1CF83B6 /* SQLitePlugin.m */,
				71A80E49162D4C66978CE703 /* sqlite3.c */,
				EF7128D9CD0642A78383A9C6 /* SQLitePlugin.h */,
				8279ABBF92B9498A8257CBAC /* sqlite3.h */,
				C6B549ADD66640B8817CB0E9 /* Diagnostic.m */,
				EB07CCC150AE4102B506A5AF /* Diagnostic.h */,
			);
			name = Plugins;
			path = MathCityMap/Plugins;
			sourceTree = SOURCE_ROOT;
		};
		EB87FDF11871DA420020F90C /* Staging */ = {
			isa = PBXGroup;
			children = (
				F840E1F0165FE0F500CFE078 /* config.xml */,
				301BF56E109A69640062928A /* www */,
			);
			name = Staging;
			sourceTree = "<group>";
		};
/* End PBXGroup section */

/* Begin PBXNativeTarget section */
		1D6058900D05DD3D006BFB54 /* MathCityMap */ = {
			isa = PBXNativeTarget;
			buildConfigurationList = 1D6058960D05DD3E006BFB54 /* Build configuration list for PBXNativeTarget "MathCityMap" */;
			buildPhases = (
				304B58A110DAC018002A0835 /* Copy www directory */,
				1D60588D0D05DD3D006BFB54 /* Resources */,
				1D60588E0D05DD3D006BFB54 /* Sources */,
				1D60588F0D05DD3D006BFB54 /* Frameworks */,
			);
			buildRules = (
			);
			dependencies = (
				301BF551109A68C00062928A /* PBXTargetDependency */,
			);
			name = MathCityMap;
			productName = MathCityMap;
			productReference = 1D6058910D05DD3D006BFB54 /* MathCityMap.app */;
			productType = "com.apple.product-type.application";
		};
/* End PBXNativeTarget section */

/* Begin PBXProject section */
		29B97313FDCFA39411CA2CEA /* Project object */ = {
			isa = PBXProject;
			attributes = {
				LastUpgradeCheck = 510;
				TargetAttributes = {
					1D6058900D05DD3D006BFB54 = {
						DevelopmentTeam = 52N63JF6C2;
						ProvisioningStyle = Manual;
					};
				};
			};
			buildConfigurationList = C01FCF4E08A954540054247B /* Build configuration list for PBXProject "MathCityMap" */;
			compatibilityVersion = "Xcode 3.2";
			developmentRegion = English;
			hasScannedForEncodings = 1;
			knownRegions = (
				English,
				en,
				Base,
			);
			mainGroup = 29B97314FDCFA39411CA2CEA /* CustomTemplate */;
			projectDirPath = "";
			projectReferences = (
				{
					ProductGroup = 301BF52E109A57CC0062928A /* Products */;
					ProjectRef = 301BF52D109A57CC0062928A /* CordovaLib/CordovaLib.xcodeproj */;
				},
			);
			projectRoot = "";
			targets = (
				1D6058900D05DD3D006BFB54 /* MathCityMap */,
			);
		};
/* End PBXProject section */

/* Begin PBXReferenceProxy section */
		1EF62D0F2367509500E77CB0 /* Cordova.framework */ = {
			isa = PBXReferenceProxy;
			fileType = wrapper.framework;
			path = Cordova.framework;
			remoteRef = 1EF62D0E2367509500E77CB0 /* PBXContainerItemProxy */;
			sourceTree = BUILT_PRODUCTS_DIR;
		};
		301BF535109A57CC0062928A /* libCordova.a */ = {
			isa = PBXReferenceProxy;
			fileType = archive.ar;
			path = libCordova.a;
			remoteRef = 301BF534109A57CC0062928A /* PBXContainerItemProxy */;
			sourceTree = BUILT_PRODUCTS_DIR;
		};
/* End PBXReferenceProxy section */

/* Begin PBXResourcesBuildPhase section */
		1D60588D0D05DD3D006BFB54 /* Resources */ = {
			isa = PBXResourcesBuildPhase;
			buildActionMask = 2147483647;
			files = (
				302D95F214D2391D003F00A1 /* MainViewController.xib in Resources */,
				0207DA581B56EA530066E2B4 /* Images.xcassets in Resources */,
				6AFF5BF91D6E424B00AB3073 /* CDVLaunchScreen.storyboard in Resources */,
			);
			runOnlyForDeploymentPostprocessing = 0;
		};
/* End PBXResourcesBuildPhase section */

/* Begin PBXShellScriptBuildPhase section */
		304B58A110DAC018002A0835 /* Copy www directory */ = {
			isa = PBXShellScriptBuildPhase;
			buildActionMask = 2147483647;
			files = (
			);
			inputPaths = (
			);
			name = "Copy www directory";
			outputPaths = (
			);
			runOnlyForDeploymentPostprocessing = 0;
			shellPath = /bin/sh;
			shellScript = "NODEJS_PATH=/usr/local/bin; NVM_NODE_PATH=~/.nvm/versions/node/`nvm version 2>/dev/null`/bin; N_NODE_PATH=`find /usr/local/n/versions/node/* -maxdepth 0 -type d 2>/dev/null | tail -1`/bin; XCODE_NODE_PATH=`xcode-select --print-path`/usr/share/xcs/Node/bin; PATH=$NODEJS_PATH:$NVM_NODE_PATH:$N_NODE_PATH:$XCODE_NODE_PATH:$PATH && node cordova/lib/copy-www-build-step.js";
			showEnvVarsInLog = 0;
		};
/* End PBXShellScriptBuildPhase section */

/* Begin PBXSourcesBuildPhase section */
		1D60588E0D05DD3D006BFB54 /* Sources */ = {
			isa = PBXSourcesBuildPhase;
			buildActionMask = 2147483647;
			files = (
				1D60589B0D05DD56006BFB54 /* main.m in Sources */,
				1D3623260D0F684500981E51 /* AppDelegate.m in Sources */,
				302D95F114D2391D003F00A1 /* MainViewController.m in Sources */,
				513018E01C114332AB8BC638 /* PhotoViewer.m in Sources */,
				7D7C7F6B67524699B3D76322 /* FabricPlugin.m in Sources */,
				C0B41B073FD14B4998797EA7 /* CDVFile.m in Sources */,
				1BC45F9C7C744DB49DE17B1B /* CDVLocalFilesystem.m in Sources */,
				3C5513C1E39045B58A99EAA7 /* CDVAssetLibraryFilesystem.m in Sources */,
				58966D2AF5AA45EF975FB866 /* CordovaHttpPlugin.m in Sources */,
				50BA7007FBF2413AA5253633 /* TextResponseSerializer.m in Sources */,
				79F6D323446F4D88A27C5140 /* AFHTTPSessionManager.m in Sources */,
				448BA471927C4B129295BA5B /* AFNetworkReachabilityManager.m in Sources */,
				8C323862001C4CA0B566BA39 /* AFSecurityPolicy.m in Sources */,
				92174B8BFA924858A1BC826B /* AFURLRequestSerialization.m in Sources */,
				0420B1FD0B364D43B023E008 /* AFURLResponseSerialization.m in Sources */,
				1C7D12DE45244E418110B647 /* AFURLSessionManager.m in Sources */,
				29DC11FAFCAD495D85291E7B /* AppVersion.m in Sources */,
				6206FE8C7AC64EA5B4D666F7 /* APPBadge.m in Sources */,
				17286575872B402CA505BFEF /* UIImage+CropScaleOrientation.m in Sources */,
				4F7FC4D6E36F4057BD4CFF62 /* CDVCamera.m in Sources */,
				805DECFA15074C89B8AB510E /* CDVJpegHeaderWriter.m in Sources */,
				B6439648BD91423592028D1B /* CameraPreview.m in Sources */,
				11B5255D72424EF0B318A62B /* TemperatureAndTint.m in Sources */,
				A94AFDDB923C4CF190383888 /* CameraSessionManager.m in Sources */,
				E674629B9524433FBE74915C /* CameraRenderController.m in Sources */,
				F33FD37E5A19492DACC40592 /* CDVDevice.m in Sources */,
				F151968F31F6443985117788 /* CDVFileTransfer.m in Sources */,
				78B357FD3A0145C2B2FC1702 /* CDVLocation.m in Sources */,
				8124AE7FB2664C75805CDE52 /* CDVGlobalization.m in Sources */,
				1DFFC6A8009C4327A29A21BF /* CDVInAppBrowser.m in Sources */,
				2EEAD0B1EF1D454DAAA4EE6C /* CDVInAppBrowserOptions.m in Sources */,
				C87ACF5BA772452585AC5D6E /* CDVInAppBrowserNavigationController.m in Sources */,
				490D304D3DB9418CAED102C7 /* CDVUIInAppBrowser.m in Sources */,
				8AEDE5D3D47345A3A0CA81A2 /* CDVWKInAppBrowser.m in Sources */,
				CC6877E2F8214FA9BF78B77A /* CDVWKInAppBrowserUIDelegate.m in Sources */,
				DF8DBAED3C7044BE8920DA95 /* APPLocalNotification.m in Sources */,
				0A7643B75D474A0D9236263A /* APPNotificationContent.m in Sources */,
				709546ABC3164480A0364B85 /* APPNotificationOptions.m in Sources */,
				708E76A0876B4905A5F84B73 /* UNUserNotificationCenter+APPLocalNotification.m in Sources */,
				671F8F5FC6724671AF7F9399 /* UNNotificationRequest+APPLocalNotification.m in Sources */,
				E8FC85E36C314E1EB20FA40D /* CDVSpinnerDialog.m in Sources */,
				EC4883EDF4404C8B9CCDC696 /* CDVConnection.m in Sources */,
				C55746AA01374CDA94E1AFC9 /* CDVReachability.m in Sources */,
				A31956B453044541B08CFCD0 /* RequestLocationAccuracy.m in Sources */,
				6748FC54DE6641F0B94C4728 /* CDVSplashScreen.m in Sources */,
				78D2CE06F006468C8767226C /* CDVViewController+SplashScreen.m in Sources */,
				B96EA74B27BC4E3C8B231EB6 /* CDVStatusBar.m in Sources */,
				D386350B0E944CCD81A2ABC5 /* SQLitePlugin.m in Sources */,
				49F5AC1F5073419A984A39F3 /* sqlite3.c in Sources */,
				6C595C73715741C99618AF38 /* Diagnostic.m in Sources */,
			);
			runOnlyForDeploymentPostprocessing = 0;
		};
/* End PBXSourcesBuildPhase section */

/* Begin PBXTargetDependency section */
		301BF551109A68C00062928A /* PBXTargetDependency */ = {
			isa = PBXTargetDependency;
			name = CordovaLib;
			targetProxy = 301BF550109A68C00062928A /* PBXContainerItemProxy */;
		};
/* End PBXTargetDependency section */

/* Begin XCBuildConfiguration section */
		1D6058940D05DD3E006BFB54 /* Debug */ = {
			isa = XCBuildConfiguration;
			baseConfigurationReference = 3047A50F1AB8059700498E2A /* build-debug.xcconfig */;
			buildSettings = {
				ALWAYS_SEARCH_USER_PATHS = NO;
				ASSETCATALOG_COMPILER_APPICON_NAME = AppIcon;
				ASSETCATALOG_COMPILER_LAUNCHIMAGE_NAME = LaunchImage;
				CLANG_ENABLE_MODULES = YES;
				CLANG_ENABLE_OBJC_ARC = YES;
				CODE_SIGN_STYLE = Manual;
				COPY_PHASE_STRIP = NO;
				DEVELOPMENT_TEAM = 52N63JF6C2;
				ENABLE_BITCODE = NO;
				FRAMEWORK_SEARCH_PATHS = (
					"$(inherited)",
					"\"MathCityMap/Plugins/cordova-fabric-plugin\"",
					"\"MathCityMap/Plugins/cordova-fabric-plugin\"",
				);
				GCC_DYNAMIC_NO_PIC = NO;
				GCC_OPTIMIZATION_LEVEL = 0;
				GCC_PRECOMPILE_PREFIX_HEADER = YES;
				GCC_PREFIX_HEADER = "MathCityMap/MathCityMap-Prefix.pch";
				GCC_THUMB_SUPPORT = NO;
				GCC_VERSION = "";
				INFOPLIST_FILE = "MathCityMap/MathCityMap-Info.plist";
				IPHONEOS_DEPLOYMENT_TARGET = 10.2;
				LD_RUNPATH_SEARCH_PATHS = "@executable_path/Frameworks";
				LIBRARY_SEARCH_PATHS = (
					"$(inherited)",
				);
				PRODUCT_NAME = MathCityMap;
				PROVISIONING_PROFILE_SPECIFIER = "MathCityMap Development";
				SWIFT_OBJC_BRIDGING_HEADER = "MathCityMap/Plugins/cordova-plugin-iosrtc/cordova-plugin-iosrtc-Bridging-Header.h";
				SWIFT_VERSION = 4.2;
				TARGETED_DEVICE_FAMILY = "1,2";
			};
			name = Debug;
		};
		1D6058950D05DD3E006BFB54 /* Release */ = {
			isa = XCBuildConfiguration;
			baseConfigurationReference = 3047A5101AB8059700498E2A /* build-release.xcconfig */;
			buildSettings = {
				ALWAYS_SEARCH_USER_PATHS = NO;
				ASSETCATALOG_COMPILER_APPICON_NAME = AppIcon;
				ASSETCATALOG_COMPILER_LAUNCHIMAGE_NAME = LaunchImage;
				CLANG_ENABLE_MODULES = YES;
				CLANG_ENABLE_OBJC_ARC = YES;
				CODE_SIGN_STYLE = Manual;
				COPY_PHASE_STRIP = YES;
				DEVELOPMENT_TEAM = 52N63JF6C2;
				ENABLE_BITCODE = NO;
				FRAMEWORK_SEARCH_PATHS = (
					"$(inherited)",
					"\"MathCityMap/Plugins/cordova-fabric-plugin\"",
					"\"MathCityMap/Plugins/cordova-fabric-plugin\"",
				);
				GCC_PRECOMPILE_PREFIX_HEADER = YES;
				GCC_PREFIX_HEADER = "MathCityMap/MathCityMap-Prefix.pch";
				GCC_THUMB_SUPPORT = NO;
				GCC_VERSION = "";
				INFOPLIST_FILE = "MathCityMap/MathCityMap-Info.plist";
				IPHONEOS_DEPLOYMENT_TARGET = 10.2;
				LD_RUNPATH_SEARCH_PATHS = "@executable_path/Frameworks";
				LIBRARY_SEARCH_PATHS = (
					"$(inherited)",
				);
				PRODUCT_NAME = MathCityMap;
				PROVISIONING_PROFILE_SPECIFIER = "MathCityMap Hybrid Profile";
				SWIFT_OBJC_BRIDGING_HEADER = "MathCityMap/Plugins/cordova-plugin-iosrtc/cordova-plugin-iosrtc-Bridging-Header.h";
				SWIFT_VERSION = 4.2;
				TARGETED_DEVICE_FAMILY = "1,2";
			};
			name = Release;
		};
		C01FCF4F08A954540054247B /* Debug */ = {
			isa = XCBuildConfiguration;
			baseConfigurationReference = 3047A5111AB8059700498E2A /* build.xcconfig */;
			buildSettings = {
				CLANG_ENABLE_MODULES = YES;
				CLANG_ENABLE_OBJC_ARC = YES;
				CLANG_WARN_BOOL_CONVERSION = YES;
				CLANG_WARN_CONSTANT_CONVERSION = YES;
				CLANG_WARN_EMPTY_BODY = YES;
				CLANG_WARN_ENUM_CONVERSION = YES;
				CLANG_WARN_INT_CONVERSION = YES;
				CLANG_WARN__DUPLICATE_METHOD_MATCH = YES;
				ENABLE_BITCODE = NO;
				GCC_C_LANGUAGE_STANDARD = c99;
				GCC_THUMB_SUPPORT = NO;
				GCC_VERSION = "";
				GCC_WARN_ABOUT_RETURN_TYPE = YES;
				GCC_WARN_UNDECLARED_SELECTOR = YES;
				GCC_WARN_UNINITIALIZED_AUTOS = YES;
				GCC_WARN_UNUSED_FUNCTION = YES;
				GCC_WARN_UNUSED_VARIABLE = YES;
				IPHONEOS_DEPLOYMENT_TARGET = 10.2;
				LD_RUNPATH_SEARCH_PATHS = "@executable_path/Frameworks";
				ONLY_ACTIVE_ARCH = YES;
				SDKROOT = iphoneos;
				SKIP_INSTALL = NO;
				SWIFT_OBJC_BRIDGING_HEADER = "MathCityMap/Plugins/cordova-plugin-iosrtc/cordova-plugin-iosrtc-Bridging-Header.h";
				SWIFT_VERSION = 4.2;
			};
			name = Debug;
		};
		C01FCF5008A954540054247B /* Release */ = {
			isa = XCBuildConfiguration;
			baseConfigurationReference = 3047A5111AB8059700498E2A /* build.xcconfig */;
			buildSettings = {
				CLANG_ENABLE_MODULES = YES;
				CLANG_ENABLE_OBJC_ARC = YES;
				CLANG_WARN_BOOL_CONVERSION = YES;
				CLANG_WARN_CONSTANT_CONVERSION = YES;
				CLANG_WARN_EMPTY_BODY = YES;
				CLANG_WARN_ENUM_CONVERSION = YES;
				CLANG_WARN_INT_CONVERSION = YES;
				CLANG_WARN__DUPLICATE_METHOD_MATCH = YES;
				ENABLE_BITCODE = NO;
				GCC_C_LANGUAGE_STANDARD = c99;
				GCC_THUMB_SUPPORT = NO;
				GCC_VERSION = "";
				GCC_WARN_ABOUT_RETURN_TYPE = YES;
				GCC_WARN_UNDECLARED_SELECTOR = YES;
				GCC_WARN_UNINITIALIZED_AUTOS = YES;
				GCC_WARN_UNUSED_FUNCTION = YES;
				GCC_WARN_UNUSED_VARIABLE = YES;
				IPHONEOS_DEPLOYMENT_TARGET = 10.2;
				LD_RUNPATH_SEARCH_PATHS = "@executable_path/Frameworks";
				SDKROOT = iphoneos;
				SKIP_INSTALL = NO;
				SWIFT_OBJC_BRIDGING_HEADER = "MathCityMap/Plugins/cordova-plugin-iosrtc/cordova-plugin-iosrtc-Bridging-Header.h";
				SWIFT_VERSION = 4.2;
			};
			name = Release;
		};
/* End XCBuildConfiguration section */

/* Begin XCConfigurationList section */
		1D6058960D05DD3E006BFB54 /* Build configuration list for PBXNativeTarget "MathCityMap" */ = {
			isa = XCConfigurationList;
			buildConfigurations = (
				1D6058940D05DD3E006BFB54 /* Debug */,
				1D6058950D05DD3E006BFB54 /* Release */,
			);
			defaultConfigurationIsVisible = 0;
			defaultConfigurationName = Release;
		};
		C01FCF4E08A954540054247B /* Build configuration list for PBXProject "MathCityMap" */ = {
			isa = XCConfigurationList;
			buildConfigurations = (
				C01FCF4F08A954540054247B /* Debug */,
				C01FCF5008A954540054247B /* Release */,
			);
			defaultConfigurationIsVisible = 0;
			defaultConfigurationName = Release;
		};
/* End XCConfigurationList section */
	};
	rootObject = 29B97313FDCFA39411CA2CEA /* Project object */;
}
